// !$*UTF8*$!
{
	archiveVersion = 1;
	classes = {
	};
	objectVersion = 50;
	objects = {

/* Begin PBXBuildFile section */
		3C32B0FC23B147D4002FF795 /* Bushel.framework in Frameworks */ = {isa = PBXBuildFile; fileRef = 3C47424322F9FDF0006EEF85 /* Bushel.framework */; settings = {ATTRIBUTES = (Weak, ); }; };
		3C32B10623B147D6002FF795 /* BushelLanguage.framework in Frameworks */ = {isa = PBXBuildFile; fileRef = 3C6B75CB2305F1F90006C354 /* BushelLanguage.framework */; settings = {ATTRIBUTES = (Weak, ); }; };
		3C32B10823B147D7002FF795 /* BushelRT.framework in Frameworks */ = {isa = PBXBuildFile; fileRef = 3C47424A22FA0C87006EEF85 /* BushelRT.framework */; settings = {ATTRIBUTES = (Weak, ); }; };
		3C32B11123B15638002FF795 /* SwiftAutomation.framework in Frameworks */ = {isa = PBXBuildFile; fileRef = 3C32B11023B15638002FF795 /* SwiftAutomation.framework */; settings = {ATTRIBUTES = (Weak, ); }; };
		3C47423C22F9F85E006EEF85 /* main.swift in Sources */ = {isa = PBXBuildFile; fileRef = 3C47423B22F9F85E006EEF85 /* main.swift */; };
		3C47424722FA00F7006EEF85 /* ArgumentParsing.swift in Sources */ = {isa = PBXBuildFile; fileRef = 3C47424622FA00F7006EEF85 /* ArgumentParsing.swift */; };
		3C47424922FA02E8006EEF85 /* Output.swift in Sources */ = {isa = PBXBuildFile; fileRef = 3C47424822FA02E8006EEF85 /* Output.swift */; };
		3C47424D22FA26D3006EEF85 /* ToolInvocation.swift in Sources */ = {isa = PBXBuildFile; fileRef = 3C47424C22FA26D3006EEF85 /* ToolInvocation.swift */; };
		3C6B75CA2305E0260006C354 /* Versions.swift in Sources */ = {isa = PBXBuildFile; fileRef = 3C6B75C92305E0260006C354 /* Versions.swift */; };
		3C8CE03A23D4D34900882F76 /* StringExtensions.swift in Sources */ = {isa = PBXBuildFile; fileRef = 3C8CE03923D4D34900882F76 /* StringExtensions.swift */; };
/* End PBXBuildFile section */

/* Begin PBXContainerItemProxy section */
		3C1D25072306E33300D202FA /* PBXContainerItemProxy */ = {
			isa = PBXContainerItemProxy;
			containerPortal = 3C1D24F92306E33300D202FA /* Bushel.xcodeproj */;
			proxyType = 2;
			remoteGlobalIDString = 3C35A5BB22C81DE7002D4582;
			remoteInfo = Bushel;
		};
		3C1D25092306E33300D202FA /* PBXContainerItemProxy */ = {
			isa = PBXContainerItemProxy;
			containerPortal = 3C1D24F92306E33300D202FA /* Bushel.xcodeproj */;
			proxyType = 2;
			remoteGlobalIDString = 3C35A5C422C81DE7002D4582;
			remoteInfo = BushelTests;
		};
		3C1D250B2306E33300D202FA /* PBXContainerItemProxy */ = {
			isa = PBXContainerItemProxy;
			containerPortal = 3C1D24F92306E33300D202FA /* Bushel.xcodeproj */;
			proxyType = 2;
			remoteGlobalIDString = 3CCD8AAF22CC45040049C74F;
			remoteInfo = BushelRT;
		};
		3C1D250D2306E33300D202FA /* PBXContainerItemProxy */ = {
			isa = PBXContainerItemProxy;
			containerPortal = 3C1D24F92306E33300D202FA /* Bushel.xcodeproj */;
			proxyType = 2;
			remoteGlobalIDString = 3CCD8AB722CC45040049C74F;
			remoteInfo = BushelRTTests;
		};
		3C1D25152306E33300D202FA /* PBXContainerItemProxy */ = {
			isa = PBXContainerItemProxy;
			containerPortal = 3C1D24F92306E33300D202FA /* Bushel.xcodeproj */;
			proxyType = 2;
			remoteGlobalIDString = 3C6B756F2305AF3F0006C354;
			remoteInfo = BushelLanguage;
		};
		3C1D25172306E33300D202FA /* PBXContainerItemProxy */ = {
			isa = PBXContainerItemProxy;
			containerPortal = 3C1D24F92306E33300D202FA /* Bushel.xcodeproj */;
			proxyType = 2;
			remoteGlobalIDString = 3C6B75772305AF3F0006C354;
			remoteInfo = BushelLanguageTests;
		};
		3C1D25192306E33300D202FA /* PBXContainerItemProxy */ = {
			isa = PBXContainerItemProxy;
			containerPortal = 3C1D24F92306E33300D202FA /* Bushel.xcodeproj */;
			proxyType = 2;
			remoteGlobalIDString = 3C6B75982305B5980006C354;
			remoteInfo = BushelScriptEnglish;
		};
		3C1D251B2306E33300D202FA /* PBXContainerItemProxy */ = {
			isa = PBXContainerItemProxy;
			containerPortal = 3C1D24F92306E33300D202FA /* Bushel.xcodeproj */;
			proxyType = 2;
			remoteGlobalIDString = 3C6B75A02305B5990006C354;
			remoteInfo = BushelScriptEnglishTests;
		};
		3C1D251D2306E34000D202FA /* PBXContainerItemProxy */ = {
			isa = PBXContainerItemProxy;
			containerPortal = 3C1D24F92306E33300D202FA /* Bushel.xcodeproj */;
			proxyType = 1;
			remoteGlobalIDString = 3C6B75972305B5980006C354;
			remoteInfo = BushelScriptEnglish;
		};
		3CBF21C323FF9B0E00E3074A /* PBXContainerItemProxy */ = {
			isa = PBXContainerItemProxy;
			containerPortal = 3C1D24F92306E33300D202FA /* Bushel.xcodeproj */;
			proxyType = 2;
			remoteGlobalIDString = 3C94570223E8FBC200D59C2C;
			remoteInfo = BushelLanguageTestingTools;
		};
		3CBF21C523FF9B0E00E3074A /* PBXContainerItemProxy */ = {
			isa = PBXContainerItemProxy;
			containerPortal = 3C1D24F92306E33300D202FA /* Bushel.xcodeproj */;
			proxyType = 2;
			remoteGlobalIDString = 3CB328E523EDAD4C003BF646;
			remoteInfo = BushelGUIHost;
		};
/* End PBXContainerItemProxy section */

/* Begin PBXCopyFilesBuildPhase section */
		3C47423622F9F85E006EEF85 /* CopyFiles */ = {
			isa = PBXCopyFilesBuildPhase;
			buildActionMask = 2147483647;
			dstPath = /usr/share/man/man1/;
			dstSubfolderSpec = 0;
			files = (
			);
			runOnlyForDeploymentPostprocessing = 1;
		};
/* End PBXCopyFilesBuildPhase section */

/* Begin PBXFileReference section */
		3C10565623E0AC7E00877A5C /* bushelscript.entitlements */ = {isa = PBXFileReference; lastKnownFileType = text.plist.entitlements; path = bushelscript.entitlements; sourceTree = "<group>"; };
		3C1D24F92306E33300D202FA /* Bushel.xcodeproj */ = {isa = PBXFileReference; lastKnownFileType = "wrapper.pb-project"; name = Bushel.xcodeproj; path = ../Bushel.xcodeproj; sourceTree = "<group>"; };
		3C32B11023B15638002FF795 /* SwiftAutomation.framework */ = {isa = PBXFileReference; explicitFileType = wrapper.framework; path = SwiftAutomation.framework; sourceTree = BUILT_PRODUCTS_DIR; };
		3C47423822F9F85E006EEF85 /* bushelscript */ = {isa = PBXFileReference; explicitFileType = "compiled.mach-o.executable"; includeInIndex = 0; path = bushelscript; sourceTree = BUILT_PRODUCTS_DIR; };
		3C47423B22F9F85E006EEF85 /* main.swift */ = {isa = PBXFileReference; lastKnownFileType = sourcecode.swift; path = main.swift; sourceTree = "<group>"; };
		3C47424322F9FDF0006EEF85 /* Bushel.framework */ = {isa = PBXFileReference; explicitFileType = wrapper.framework; path = Bushel.framework; sourceTree = BUILT_PRODUCTS_DIR; };
		3C47424622FA00F7006EEF85 /* ArgumentParsing.swift */ = {isa = PBXFileReference; lastKnownFileType = sourcecode.swift; path = ArgumentParsing.swift; sourceTree = "<group>"; };
		3C47424822FA02E8006EEF85 /* Output.swift */ = {isa = PBXFileReference; lastKnownFileType = sourcecode.swift; path = Output.swift; sourceTree = "<group>"; };
		3C47424A22FA0C87006EEF85 /* BushelRT.framework */ = {isa = PBXFileReference; explicitFileType = wrapper.framework; path = BushelRT.framework; sourceTree = BUILT_PRODUCTS_DIR; };
		3C47424C22FA26D3006EEF85 /* ToolInvocation.swift */ = {isa = PBXFileReference; lastKnownFileType = sourcecode.swift; path = ToolInvocation.swift; sourceTree = "<group>"; };
		3C4897BB2400F858008EE9D1 /* Info.plist */ = {isa = PBXFileReference; lastKnownFileType = text.plist.xml; path = Info.plist; sourceTree = "<group>"; };
		3C6B75C22305D5960006C354 /* BushelScriptEnglish.framework */ = {isa = PBXFileReference; explicitFileType = wrapper.framework; path = BushelScriptEnglish.framework; sourceTree = BUILT_PRODUCTS_DIR; };
		3C6B75C92305E0260006C354 /* Versions.swift */ = {isa = PBXFileReference; lastKnownFileType = sourcecode.swift; path = Versions.swift; sourceTree = "<group>"; };
		3C6B75CB2305F1F90006C354 /* BushelLanguage.framework */ = {isa = PBXFileReference; explicitFileType = wrapper.framework; path = BushelLanguage.framework; sourceTree = BUILT_PRODUCTS_DIR; };
		3C8CE03923D4D34900882F76 /* StringExtensions.swift */ = {isa = PBXFileReference; lastKnownFileType = sourcecode.swift; path = StringExtensions.swift; sourceTree = "<group>"; };
/* End PBXFileReference section */

/* Begin PBXFrameworksBuildPhase section */
		3C47423522F9F85E006EEF85 /* Frameworks */ = {
			isa = PBXFrameworksBuildPhase;
			buildActionMask = 2147483647;
			files = (
				3C32B11123B15638002FF795 /* SwiftAutomation.framework in Frameworks */,
				3C32B10623B147D6002FF795 /* BushelLanguage.framework in Frameworks */,
				3C32B10823B147D7002FF795 /* BushelRT.framework in Frameworks */,
				3C32B0FC23B147D4002FF795 /* Bushel.framework in Frameworks */,
			);
			runOnlyForDeploymentPostprocessing = 0;
		};
/* End PBXFrameworksBuildPhase section */

/* Begin PBXGroup section */
		3C1D24FA2306E33300D202FA /* Products */ = {
			isa = PBXGroup;
			children = (
				3C1D25082306E33300D202FA /* Bushel.framework */,
				3C1D250A2306E33300D202FA /* BushelTests.xctest */,
				3C1D25162306E33300D202FA /* BushelLanguage.framework */,
				3C1D25182306E33300D202FA /* BushelLanguageTests.xctest */,
				3CBF21C423FF9B0E00E3074A /* BushelLanguageTestingTools.framework */,
				3C1D251A2306E33300D202FA /* bushelscript_en.bundle */,
				3C1D251C2306E33300D202FA /* bushelscript_en Tests.xctest */,
				3C1D250C2306E33300D202FA /* BushelRT.framework */,
				3C1D250E2306E33300D202FA /* BushelRTTests.xctest */,
				3CBF21C623FF9B0E00E3074A /* BushelGUIHost.app */,
			);
			name = Products;
			sourceTree = "<group>";
		};
		3C47422F22F9F85E006EEF85 = {
			isa = PBXGroup;
			children = (
				3C1D24F92306E33300D202FA /* Bushel.xcodeproj */,
				3C47423A22F9F85E006EEF85 /* bushelscript */,
				3C47423922F9F85E006EEF85 /* Products */,
				3C47424222F9FDF0006EEF85 /* Frameworks */,
			);
			sourceTree = "<group>";
		};
		3C47423922F9F85E006EEF85 /* Products */ = {
			isa = PBXGroup;
			children = (
				3C47423822F9F85E006EEF85 /* bushelscript */,
			);
			name = Products;
			sourceTree = "<group>";
		};
		3C47423A22F9F85E006EEF85 /* bushelscript */ = {
			isa = PBXGroup;
			children = (
				3C4897BB2400F858008EE9D1 /* Info.plist */,
				3C10565623E0AC7E00877A5C /* bushelscript.entitlements */,
				3C47423B22F9F85E006EEF85 /* main.swift */,
				3C47424622FA00F7006EEF85 /* ArgumentParsing.swift */,
				3C47424C22FA26D3006EEF85 /* ToolInvocation.swift */,
				3C47424822FA02E8006EEF85 /* Output.swift */,
				3C6B75C92305E0260006C354 /* Versions.swift */,
				3C8CE03923D4D34900882F76 /* StringExtensions.swift */,
			);
			path = bushelscript;
			sourceTree = "<group>";
		};
		3C47424222F9FDF0006EEF85 /* Frameworks */ = {
			isa = PBXGroup;
			children = (
				3C32B11023B15638002FF795 /* SwiftAutomation.framework */,
				3C47424A22FA0C87006EEF85 /* BushelRT.framework */,
				3C6B75CB2305F1F90006C354 /* BushelLanguage.framework */,
				3C6B75C22305D5960006C354 /* BushelScriptEnglish.framework */,
				3C47424322F9FDF0006EEF85 /* Bushel.framework */,
			);
			name = Frameworks;
			sourceTree = "<group>";
		};
/* End PBXGroup section */

/* Begin PBXNativeTarget section */
		3C47423722F9F85E006EEF85 /* bushelscript */ = {
			isa = PBXNativeTarget;
			buildConfigurationList = 3C47423F22F9F85E006EEF85 /* Build configuration list for PBXNativeTarget "bushelscript" */;
			buildPhases = (
				3C47423422F9F85E006EEF85 /* Sources */,
				3C47423522F9F85E006EEF85 /* Frameworks */,
				3C47423622F9F85E006EEF85 /* CopyFiles */,
			);
			buildRules = (
			);
			dependencies = (
				3C1D251E2306E34000D202FA /* PBXTargetDependency */,
			);
			name = bushelscript;
			productName = bushelscript;
			productReference = 3C47423822F9F85E006EEF85 /* bushelscript */;
			productType = "com.apple.product-type.tool";
		};
/* End PBXNativeTarget section */

/* Begin PBXProject section */
		3C47423022F9F85E006EEF85 /* Project object */ = {
			isa = PBXProject;
			attributes = {
				LastSwiftUpdateCheck = 1020;
				LastUpgradeCheck = 1200;
				ORGANIZATIONNAME = "Ian Gregory";
				TargetAttributes = {
					3C47423722F9F85E006EEF85 = {
						CreatedOnToolsVersion = 10.2.1;
					};
				};
			};
			buildConfigurationList = 3C47423322F9F85E006EEF85 /* Build configuration list for PBXProject "bushelscript" */;
			compatibilityVersion = "Xcode 9.3";
			developmentRegion = en;
			hasScannedForEncodings = 0;
			knownRegions = (
				en,
				Base,
			);
			mainGroup = 3C47422F22F9F85E006EEF85;
			productRefGroup = 3C47423922F9F85E006EEF85 /* Products */;
			projectDirPath = "";
			projectReferences = (
				{
					ProductGroup = 3C1D24FA2306E33300D202FA /* Products */;
					ProjectRef = 3C1D24F92306E33300D202FA /* Bushel.xcodeproj */;
				},
			);
			projectRoot = "";
			targets = (
				3C47423722F9F85E006EEF85 /* bushelscript */,
			);
		};
/* End PBXProject section */

/* Begin PBXReferenceProxy section */
		3C1D25082306E33300D202FA /* Bushel.framework */ = {
			isa = PBXReferenceProxy;
			fileType = wrapper.framework;
			path = Bushel.framework;
			remoteRef = 3C1D25072306E33300D202FA /* PBXContainerItemProxy */;
			sourceTree = BUILT_PRODUCTS_DIR;
		};
		3C1D250A2306E33300D202FA /* BushelTests.xctest */ = {
			isa = PBXReferenceProxy;
			fileType = wrapper.cfbundle;
			path = BushelTests.xctest;
			remoteRef = 3C1D25092306E33300D202FA /* PBXContainerItemProxy */;
			sourceTree = BUILT_PRODUCTS_DIR;
		};
		3C1D250C2306E33300D202FA /* BushelRT.framework */ = {
			isa = PBXReferenceProxy;
			fileType = wrapper.framework;
			path = BushelRT.framework;
			remoteRef = 3C1D250B2306E33300D202FA /* PBXContainerItemProxy */;
			sourceTree = BUILT_PRODUCTS_DIR;
		};
		3C1D250E2306E33300D202FA /* BushelRTTests.xctest */ = {
			isa = PBXReferenceProxy;
			fileType = wrapper.cfbundle;
			path = BushelRTTests.xctest;
			remoteRef = 3C1D250D2306E33300D202FA /* PBXContainerItemProxy */;
			sourceTree = BUILT_PRODUCTS_DIR;
		};
		3C1D25162306E33300D202FA /* BushelLanguage.framework */ = {
			isa = PBXReferenceProxy;
			fileType = wrapper.framework;
			path = BushelLanguage.framework;
			remoteRef = 3C1D25152306E33300D202FA /* PBXContainerItemProxy */;
			sourceTree = BUILT_PRODUCTS_DIR;
		};
		3C1D25182306E33300D202FA /* BushelLanguageTests.xctest */ = {
			isa = PBXReferenceProxy;
			fileType = wrapper.cfbundle;
			path = BushelLanguageTests.xctest;
			remoteRef = 3C1D25172306E33300D202FA /* PBXContainerItemProxy */;
			sourceTree = BUILT_PRODUCTS_DIR;
		};
		3C1D251A2306E33300D202FA /* bushelscript_en.bundle */ = {
			isa = PBXReferenceProxy;
			fileType = wrapper.cfbundle;
			path = bushelscript_en.bundle;
			remoteRef = 3C1D25192306E33300D202FA /* PBXContainerItemProxy */;
			sourceTree = BUILT_PRODUCTS_DIR;
		};
		3C1D251C2306E33300D202FA /* bushelscript_en Tests.xctest */ = {
			isa = PBXReferenceProxy;
			fileType = wrapper.cfbundle;
			path = "bushelscript_en Tests.xctest";
			remoteRef = 3C1D251B2306E33300D202FA /* PBXContainerItemProxy */;
			sourceTree = BUILT_PRODUCTS_DIR;
		};
		3CBF21C423FF9B0E00E3074A /* BushelLanguageTestingTools.framework */ = {
			isa = PBXReferenceProxy;
			fileType = wrapper.framework;
			path = BushelLanguageTestingTools.framework;
			remoteRef = 3CBF21C323FF9B0E00E3074A /* PBXContainerItemProxy */;
			sourceTree = BUILT_PRODUCTS_DIR;
		};
		3CBF21C623FF9B0E00E3074A /* BushelGUIHost.app */ = {
			isa = PBXReferenceProxy;
			fileType = wrapper.application;
			path = BushelGUIHost.app;
			remoteRef = 3CBF21C523FF9B0E00E3074A /* PBXContainerItemProxy */;
			sourceTree = BUILT_PRODUCTS_DIR;
		};
/* End PBXReferenceProxy section */

/* Begin PBXSourcesBuildPhase section */
		3C47423422F9F85E006EEF85 /* Sources */ = {
			isa = PBXSourcesBuildPhase;
			buildActionMask = 2147483647;
			files = (
				3C8CE03A23D4D34900882F76 /* StringExtensions.swift in Sources */,
				3C47424722FA00F7006EEF85 /* ArgumentParsing.swift in Sources */,
				3C47424922FA02E8006EEF85 /* Output.swift in Sources */,
				3C47423C22F9F85E006EEF85 /* main.swift in Sources */,
				3C6B75CA2305E0260006C354 /* Versions.swift in Sources */,
				3C47424D22FA26D3006EEF85 /* ToolInvocation.swift in Sources */,
			);
			runOnlyForDeploymentPostprocessing = 0;
		};
/* End PBXSourcesBuildPhase section */

/* Begin PBXTargetDependency section */
		3C1D251E2306E34000D202FA /* PBXTargetDependency */ = {
			isa = PBXTargetDependency;
			name = BushelScriptEnglish;
			targetProxy = 3C1D251D2306E34000D202FA /* PBXContainerItemProxy */;
		};
/* End PBXTargetDependency section */

/* Begin XCBuildConfiguration section */
		3C47423D22F9F85E006EEF85 /* Debug */ = {
			isa = XCBuildConfiguration;
			buildSettings = {
				ALWAYS_SEARCH_USER_PATHS = NO;
				CLANG_ANALYZER_NONNULL = YES;
				CLANG_ANALYZER_NUMBER_OBJECT_CONVERSION = YES_AGGRESSIVE;
				CLANG_CXX_LANGUAGE_STANDARD = "gnu++14";
				CLANG_CXX_LIBRARY = "libc++";
				CLANG_ENABLE_MODULES = YES;
				CLANG_ENABLE_OBJC_ARC = YES;
				CLANG_ENABLE_OBJC_WEAK = YES;
				CLANG_WARN_BLOCK_CAPTURE_AUTORELEASING = YES;
				CLANG_WARN_BOOL_CONVERSION = YES;
				CLANG_WARN_COMMA = YES;
				CLANG_WARN_CONSTANT_CONVERSION = YES;
				CLANG_WARN_DEPRECATED_OBJC_IMPLEMENTATIONS = YES;
				CLANG_WARN_DIRECT_OBJC_ISA_USAGE = YES_ERROR;
				CLANG_WARN_DOCUMENTATION_COMMENTS = YES;
				CLANG_WARN_EMPTY_BODY = YES;
				CLANG_WARN_ENUM_CONVERSION = YES;
				CLANG_WARN_INFINITE_RECURSION = YES;
				CLANG_WARN_INT_CONVERSION = YES;
				CLANG_WARN_NON_LITERAL_NULL_CONVERSION = YES;
				CLANG_WARN_OBJC_IMPLICIT_RETAIN_SELF = YES;
				CLANG_WARN_OBJC_LITERAL_CONVERSION = YES;
				CLANG_WARN_OBJC_ROOT_CLASS = YES_ERROR;
				CLANG_WARN_QUOTED_INCLUDE_IN_FRAMEWORK_HEADER = YES;
				CLANG_WARN_RANGE_LOOP_ANALYSIS = YES;
				CLANG_WARN_STRICT_PROTOTYPES = YES;
				CLANG_WARN_SUSPICIOUS_MOVE = YES;
				CLANG_WARN_UNGUARDED_AVAILABILITY = YES_AGGRESSIVE;
				CLANG_WARN_UNREACHABLE_CODE = YES;
				CLANG_WARN__DUPLICATE_METHOD_MATCH = YES;
				CODE_SIGN_IDENTITY = "-";
				COPY_PHASE_STRIP = NO;
				DEBUG_INFORMATION_FORMAT = dwarf;
				ENABLE_STRICT_OBJC_MSGSEND = YES;
				ENABLE_TESTABILITY = YES;
				GCC_C_LANGUAGE_STANDARD = gnu11;
				GCC_DYNAMIC_NO_PIC = NO;
				GCC_NO_COMMON_BLOCKS = YES;
				GCC_OPTIMIZATION_LEVEL = 0;
				GCC_PREPROCESSOR_DEFINITIONS = (
					"DEBUG=1",
					"$(inherited)",
				);
				GCC_WARN_64_TO_32_BIT_CONVERSION = YES;
				GCC_WARN_ABOUT_RETURN_TYPE = YES_ERROR;
				GCC_WARN_UNDECLARED_SELECTOR = YES;
				GCC_WARN_UNINITIALIZED_AUTOS = YES_AGGRESSIVE;
				GCC_WARN_UNUSED_FUNCTION = YES;
				GCC_WARN_UNUSED_VARIABLE = YES;
				MACOSX_DEPLOYMENT_TARGET = 10.15;
				MTL_ENABLE_DEBUG_INFO = INCLUDE_SOURCE;
				MTL_FAST_MATH = YES;
				ONLY_ACTIVE_ARCH = YES;
				SDKROOT = macosx;
				SWIFT_ACTIVE_COMPILATION_CONDITIONS = DEBUG;
				SWIFT_OPTIMIZATION_LEVEL = "-Onone";
			};
			name = Debug;
		};
		3C47423E22F9F85E006EEF85 /* Release */ = {
			isa = XCBuildConfiguration;
			buildSettings = {
				ALWAYS_SEARCH_USER_PATHS = NO;
				CLANG_ANALYZER_NONNULL = YES;
				CLANG_ANALYZER_NUMBER_OBJECT_CONVERSION = YES_AGGRESSIVE;
				CLANG_CXX_LANGUAGE_STANDARD = "gnu++14";
				CLANG_CXX_LIBRARY = "libc++";
				CLANG_ENABLE_MODULES = YES;
				CLANG_ENABLE_OBJC_ARC = YES;
				CLANG_ENABLE_OBJC_WEAK = YES;
				CLANG_WARN_BLOCK_CAPTURE_AUTORELEASING = YES;
				CLANG_WARN_BOOL_CONVERSION = YES;
				CLANG_WARN_COMMA = YES;
				CLANG_WARN_CONSTANT_CONVERSION = YES;
				CLANG_WARN_DEPRECATED_OBJC_IMPLEMENTATIONS = YES;
				CLANG_WARN_DIRECT_OBJC_ISA_USAGE = YES_ERROR;
				CLANG_WARN_DOCUMENTATION_COMMENTS = YES;
				CLANG_WARN_EMPTY_BODY = YES;
				CLANG_WARN_ENUM_CONVERSION = YES;
				CLANG_WARN_INFINITE_RECURSION = YES;
				CLANG_WARN_INT_CONVERSION = YES;
				CLANG_WARN_NON_LITERAL_NULL_CONVERSION = YES;
				CLANG_WARN_OBJC_IMPLICIT_RETAIN_SELF = YES;
				CLANG_WARN_OBJC_LITERAL_CONVERSION = YES;
				CLANG_WARN_OBJC_ROOT_CLASS = YES_ERROR;
				CLANG_WARN_QUOTED_INCLUDE_IN_FRAMEWORK_HEADER = YES;
				CLANG_WARN_RANGE_LOOP_ANALYSIS = YES;
				CLANG_WARN_STRICT_PROTOTYPES = YES;
				CLANG_WARN_SUSPICIOUS_MOVE = YES;
				CLANG_WARN_UNGUARDED_AVAILABILITY = YES_AGGRESSIVE;
				CLANG_WARN_UNREACHABLE_CODE = YES;
				CLANG_WARN__DUPLICATE_METHOD_MATCH = YES;
				CODE_SIGN_IDENTITY = "-";
				COPY_PHASE_STRIP = NO;
				DEBUG_INFORMATION_FORMAT = "dwarf-with-dsym";
				ENABLE_NS_ASSERTIONS = NO;
				ENABLE_STRICT_OBJC_MSGSEND = YES;
				GCC_C_LANGUAGE_STANDARD = gnu11;
				GCC_NO_COMMON_BLOCKS = YES;
				GCC_WARN_64_TO_32_BIT_CONVERSION = YES;
				GCC_WARN_ABOUT_RETURN_TYPE = YES_ERROR;
				GCC_WARN_UNDECLARED_SELECTOR = YES;
				GCC_WARN_UNINITIALIZED_AUTOS = YES_AGGRESSIVE;
				GCC_WARN_UNUSED_FUNCTION = YES;
				GCC_WARN_UNUSED_VARIABLE = YES;
				MACOSX_DEPLOYMENT_TARGET = 10.15;
				MTL_ENABLE_DEBUG_INFO = NO;
				MTL_FAST_MATH = YES;
				SDKROOT = macosx;
				SWIFT_COMPILATION_MODE = wholemodule;
				SWIFT_OPTIMIZATION_LEVEL = "-O";
			};
			name = Release;
		};
		3C47424022F9F85E006EEF85 /* Debug */ = {
			isa = XCBuildConfiguration;
			buildSettings = {
				CODE_SIGN_ENTITLEMENTS = bushelscript/bushelscript.entitlements;
				CODE_SIGN_IDENTITY = "-";
				CODE_SIGN_STYLE = Automatic;
				CREATE_INFOPLIST_SECTION_IN_BINARY = YES;
				CURRENT_PROJECT_VERSION = 3;
				ENABLE_HARDENED_RUNTIME = YES;
				INFOPLIST_FILE = "$(TARGET_NAME)/Info.plist";
				MARKETING_VERSION = 0.3.0;
				PRODUCT_BUNDLE_IDENTIFIER = com.justcheesy.BushelScript.tool;
				PRODUCT_NAME = "$(TARGET_NAME)";
				SWIFT_VERSION = 5.0;
			};
			name = Debug;
		};
		3C47424122F9F85E006EEF85 /* Release */ = {
			isa = XCBuildConfiguration;
			buildSettings = {
				CODE_SIGN_ENTITLEMENTS = bushelscript/bushelscript.entitlements;
				CODE_SIGN_IDENTITY = "-";
				CODE_SIGN_STYLE = Automatic;
				CREATE_INFOPLIST_SECTION_IN_BINARY = YES;
				CURRENT_PROJECT_VERSION = 3;
				ENABLE_HARDENED_RUNTIME = YES;
				INFOPLIST_FILE = "$(TARGET_NAME)/Info.plist";
				MARKETING_VERSION = 0.3.0;
				PRODUCT_BUNDLE_IDENTIFIER = com.justcheesy.BushelScript.tool;
				PRODUCT_NAME = "$(TARGET_NAME)";
				SWIFT_VERSION = 5.0;
			};
			name = Release;
		};
		3C4897A42400B96C008EE9D1 /* Profiling */ = {
			isa = XCBuildConfiguration;
			buildSettings = {
				ALWAYS_SEARCH_USER_PATHS = NO;
				CLANG_ANALYZER_NONNULL = YES;
				CLANG_ANALYZER_NUMBER_OBJECT_CONVERSION = YES_AGGRESSIVE;
				CLANG_CXX_LANGUAGE_STANDARD = "gnu++14";
				CLANG_CXX_LIBRARY = "libc++";
				CLANG_ENABLE_MODULES = YES;
				CLANG_ENABLE_OBJC_ARC = YES;
				CLANG_ENABLE_OBJC_WEAK = YES;
				CLANG_WARN_BLOCK_CAPTURE_AUTORELEASING = YES;
				CLANG_WARN_BOOL_CONVERSION = YES;
				CLANG_WARN_COMMA = YES;
				CLANG_WARN_CONSTANT_CONVERSION = YES;
				CLANG_WARN_DEPRECATED_OBJC_IMPLEMENTATIONS = YES;
				CLANG_WARN_DIRECT_OBJC_ISA_USAGE = YES_ERROR;
				CLANG_WARN_DOCUMENTATION_COMMENTS = YES;
				CLANG_WARN_EMPTY_BODY = YES;
				CLANG_WARN_ENUM_CONVERSION = YES;
				CLANG_WARN_INFINITE_RECURSION = YES;
				CLANG_WARN_INT_CONVERSION = YES;
				CLANG_WARN_NON_LITERAL_NULL_CONVERSION = YES;
				CLANG_WARN_OBJC_IMPLICIT_RETAIN_SELF = YES;
				CLANG_WARN_OBJC_LITERAL_CONVERSION = YES;
				CLANG_WARN_OBJC_ROOT_CLASS = YES_ERROR;
				CLANG_WARN_QUOTED_INCLUDE_IN_FRAMEWORK_HEADER = YES;
				CLANG_WARN_RANGE_LOOP_ANALYSIS = YES;
				CLANG_WARN_STRICT_PROTOTYPES = YES;
				CLANG_WARN_SUSPICIOUS_MOVE = YES;
				CLANG_WARN_UNGUARDED_AVAILABILITY = YES_AGGRESSIVE;
				CLANG_WARN_UNREACHABLE_CODE = YES;
				CLANG_WARN__DUPLICATE_METHOD_MATCH = YES;
				CODE_SIGN_IDENTITY = "-";
				COPY_PHASE_STRIP = NO;
				DEBUG_INFORMATION_FORMAT = "dwarf-with-dsym";
				ENABLE_NS_ASSERTIONS = NO;
				ENABLE_STRICT_OBJC_MSGSEND = YES;
				GCC_C_LANGUAGE_STANDARD = gnu11;
				GCC_NO_COMMON_BLOCKS = YES;
				GCC_WARN_64_TO_32_BIT_CONVERSION = YES;
				GCC_WARN_ABOUT_RETURN_TYPE = YES_ERROR;
				GCC_WARN_UNDECLARED_SELECTOR = YES;
				GCC_WARN_UNINITIALIZED_AUTOS = YES_AGGRESSIVE;
				GCC_WARN_UNUSED_FUNCTION = YES;
				GCC_WARN_UNUSED_VARIABLE = YES;
				MACOSX_DEPLOYMENT_TARGET = 10.15;
				MTL_ENABLE_DEBUG_INFO = NO;
				MTL_FAST_MATH = YES;
				SDKROOT = macosx;
				SWIFT_COMPILATION_MODE = wholemodule;
				SWIFT_OPTIMIZATION_LEVEL = "-O";
			};
			name = Profiling;
		};
		3C4897A52400B96C008EE9D1 /* Profiling */ = {
			isa = XCBuildConfiguration;
			buildSettings = {
				CODE_SIGN_ENTITLEMENTS = bushelscript/bushelscript.entitlements;
				CODE_SIGN_IDENTITY = "-";
				CODE_SIGN_STYLE = Automatic;
				CREATE_INFOPLIST_SECTION_IN_BINARY = YES;
				CURRENT_PROJECT_VERSION = 3;
				ENABLE_HARDENED_RUNTIME = YES;
				INFOPLIST_FILE = "$(TARGET_NAME)/Info.plist";
				MARKETING_VERSION = 0.3.0;
				PRODUCT_BUNDLE_IDENTIFIER = com.justcheesy.BushelScript.tool;
				PRODUCT_NAME = "$(TARGET_NAME)";
				SWIFT_VERSION = 5.0;
			};
			name = Profiling;
		};
/* End XCBuildConfiguration section */

/* Begin XCConfigurationList section */
		3C47423322F9F85E006EEF85 /* Build configuration list for PBXProject "bushelscript" */ = {
			isa = XCConfigurationList;
			buildConfigurations = (
				3C47423D22F9F85E006EEF85 /* Debug */,
				3C47423E22F9F85E006EEF85 /* Release */,
				3C4897A42400B96C008EE9D1 /* Profiling */,
			);
			defaultConfigurationIsVisible = 0;
			defaultConfigurationName = Release;
		};
		3C47423F22F9F85E006EEF85 /* Build configuration list for PBXNativeTarget "bushelscript" */ = {
			isa = XCConfigurationList;
			buildConfigurations = (
				3C47424022F9F85E006EEF85 /* Debug */,
				3C47424122F9F85E006EEF85 /* Release */,
				3C4897A52400B96C008EE9D1 /* Profiling */,
			);
			defaultConfigurationIsVisible = 0;
			defaultConfigurationName = Release;
		};
/* End XCConfigurationList section */
	};
	rootObject = 3C47423022F9F85E006EEF85 /* Project object */;
}
