// !$*UTF8*$!
{
	archiveVersion = 1;
	classes = {
	};
	objectVersion = 52;
	objects = {

/* Begin PBXBuildFile section */
		3CC224872391BDE900448D25 /* SDEFinitely in Frameworks */ = {isa = PBXBuildFile; productRef = 3CC224862391BDE900448D25 /* SDEFinitely */; };
		4F0E39841BAB743800FF2A96 /* Foundation.framework in Frameworks */ = {isa = PBXBuildFile; fileRef = 4F63C4331B7CF1C4000D74EE /* Foundation.framework */; };
		4F4C1A0E1D910BDE004F9083 /* TypeExtensions.swift in Sources */ = {isa = PBXBuildFile; fileRef = 4F4C1A0D1D910BDE004F9083 /* TypeExtensions.swift */; };
		4F4C1A0F1D910E41004F9083 /* TypeExtensions.swift in Sources */ = {isa = PBXBuildFile; fileRef = 4F4C1A0D1D910BDE004F9083 /* TypeExtensions.swift */; };
		4FB7D8751D5EA60F00F0DB36 /* AppData.swift in Sources */ = {isa = PBXBuildFile; fileRef = 4F63C4401B86A335000D74EE /* AppData.swift */; };
		4FB7D8761D5EA60F00F0DB36 /* Specifier.swift in Sources */ = {isa = PBXBuildFile; fileRef = 4F63C42F1B7CF133000D74EE /* Specifier.swift */; };
		4FB7D8771D5EA60F00F0DB36 /* SpecifierExtensions.swift in Sources */ = {isa = PBXBuildFile; fileRef = 4F1D12401BA3042600875F74 /* SpecifierExtensions.swift */; };
		4FB7D8781D5EA60F00F0DB36 /* SpecifierFormatter.swift in Sources */ = {isa = PBXBuildFile; fileRef = 4FDD30FD1B932C29002BA20F /* SpecifierFormatter.swift */; };
		4FB7D8791D5EA60F00F0DB36 /* Symbol.swift in Sources */ = {isa = PBXBuildFile; fileRef = 4F63C4421B87AC88000D74EE /* Symbol.swift */; };
		4FB7D87A1D5EA60F00F0DB36 /* Errors.swift in Sources */ = {isa = PBXBuildFile; fileRef = 4F63C4441B8A4DFC000D74EE /* Errors.swift */; };
		4FB7D87B1D5EA60F00F0DB36 /* Support.swift in Sources */ = {isa = PBXBuildFile; fileRef = 4F63C4461B8A669C000D74EE /* Support.swift */; };
		4FB7D87C1D5EA60F00F0DB36 /* AEConstants.swift in Sources */ = {isa = PBXBuildFile; fileRef = 4F9AFB431D5B6C2600A71890 /* AEConstants.swift */; };
		4FB7D8801D5EA60F00F0DB36 /* AETEParser.swift in Sources */ = {isa = PBXBuildFile; fileRef = 4F0E394E1BA8D2F600FF2A96 /* AETEParser.swift */; };
		4FB7D8831D5EA60F00F0DB36 /* AppleEventFormatter.swift in Sources */ = {isa = PBXBuildFile; fileRef = 4F0E39951BADD58500FF2A96 /* AppleEventFormatter.swift */; };
		4FB7D8851D5EA60F00F0DB36 /* AEApplicationGlue.swift in Sources */ = {isa = PBXBuildFile; fileRef = 4F2645AB1BA4F27700256402 /* AEApplicationGlue.swift */; };
		4FCDD00720DBCF8600F7CC6F /* AEApplicationGlue.swift in Sources */ = {isa = PBXBuildFile; fileRef = 4F2645AB1BA4F27700256402 /* AEApplicationGlue.swift */; };
		4FCDD00820DBCF8600F7CC6F /* AppData.swift in Sources */ = {isa = PBXBuildFile; fileRef = 4F63C4401B86A335000D74EE /* AppData.swift */; };
		4FCDD00920DBCF8600F7CC6F /* Symbol.swift in Sources */ = {isa = PBXBuildFile; fileRef = 4F63C4421B87AC88000D74EE /* Symbol.swift */; };
		4FCDD00A20DBCF8600F7CC6F /* Specifier.swift in Sources */ = {isa = PBXBuildFile; fileRef = 4F63C42F1B7CF133000D74EE /* Specifier.swift */; };
		4FCDD00B20DBCF8600F7CC6F /* SpecifierExtensions.swift in Sources */ = {isa = PBXBuildFile; fileRef = 4F1D12401BA3042600875F74 /* SpecifierExtensions.swift */; };
		4FCDD00C20DBCF8600F7CC6F /* SpecifierFormatter.swift in Sources */ = {isa = PBXBuildFile; fileRef = 4FDD30FD1B932C29002BA20F /* SpecifierFormatter.swift */; };
		4FCDD00D20DBCF8600F7CC6F /* TypeExtensions.swift in Sources */ = {isa = PBXBuildFile; fileRef = 4F4C1A0D1D910BDE004F9083 /* TypeExtensions.swift */; };
		4FCDD00E20DBCF8600F7CC6F /* Support.swift in Sources */ = {isa = PBXBuildFile; fileRef = 4F63C4461B8A669C000D74EE /* Support.swift */; };
		4FCDD00F20DBCF8600F7CC6F /* Errors.swift in Sources */ = {isa = PBXBuildFile; fileRef = 4F63C4441B8A4DFC000D74EE /* Errors.swift */; };
		4FCDD01020DBCF8600F7CC6F /* AEConstants.swift in Sources */ = {isa = PBXBuildFile; fileRef = 4F9AFB431D5B6C2600A71890 /* AEConstants.swift */; };
		4FCDD01420DBCF8600F7CC6F /* AETEParser.swift in Sources */ = {isa = PBXBuildFile; fileRef = 4F0E394E1BA8D2F600FF2A96 /* AETEParser.swift */; };
		4FCDD01920DBCF8600F7CC6F /* AppleEventFormatter.swift in Sources */ = {isa = PBXBuildFile; fileRef = 4F0E39951BADD58500FF2A96 /* AppleEventFormatter.swift */; };
		4FFF5D281D899F0D008ED4F5 /* SwiftAutomation.h in Headers */ = {isa = PBXBuildFile; fileRef = 4FFF5D261D899F0D008ED4F5 /* SwiftAutomation.h */; settings = {ATTRIBUTES = (Public, ); }; };
		4FFF5D321D899F29008ED4F5 /* AppData.swift in Sources */ = {isa = PBXBuildFile; fileRef = 4F63C4401B86A335000D74EE /* AppData.swift */; };
		4FFF5D331D899F29008ED4F5 /* Specifier.swift in Sources */ = {isa = PBXBuildFile; fileRef = 4F63C42F1B7CF133000D74EE /* Specifier.swift */; };
		4FFF5D341D899F29008ED4F5 /* SpecifierExtensions.swift in Sources */ = {isa = PBXBuildFile; fileRef = 4F1D12401BA3042600875F74 /* SpecifierExtensions.swift */; };
		4FFF5D351D899F29008ED4F5 /* SpecifierFormatter.swift in Sources */ = {isa = PBXBuildFile; fileRef = 4FDD30FD1B932C29002BA20F /* SpecifierFormatter.swift */; };
		4FFF5D361D899F29008ED4F5 /* Symbol.swift in Sources */ = {isa = PBXBuildFile; fileRef = 4F63C4421B87AC88000D74EE /* Symbol.swift */; };
		4FFF5D371D899F29008ED4F5 /* Errors.swift in Sources */ = {isa = PBXBuildFile; fileRef = 4F63C4441B8A4DFC000D74EE /* Errors.swift */; };
		4FFF5D381D899F29008ED4F5 /* Support.swift in Sources */ = {isa = PBXBuildFile; fileRef = 4F63C4461B8A669C000D74EE /* Support.swift */; };
		4FFF5D391D899F29008ED4F5 /* AEConstants.swift in Sources */ = {isa = PBXBuildFile; fileRef = 4F9AFB431D5B6C2600A71890 /* AEConstants.swift */; };
		4FFF5D3D1D899F29008ED4F5 /* AETEParser.swift in Sources */ = {isa = PBXBuildFile; fileRef = 4F0E394E1BA8D2F600FF2A96 /* AETEParser.swift */; };
		4FFF5D401D899F29008ED4F5 /* AppleEventFormatter.swift in Sources */ = {isa = PBXBuildFile; fileRef = 4F0E39951BADD58500FF2A96 /* AppleEventFormatter.swift */; };
		4FFF5D421D899F29008ED4F5 /* AEApplicationGlue.swift in Sources */ = {isa = PBXBuildFile; fileRef = 4F2645AB1BA4F27700256402 /* AEApplicationGlue.swift */; };
/* End PBXBuildFile section */

/* Begin PBXContainerItemProxy section */
		4F4C1A241D943D52004F9083 /* PBXContainerItemProxy */ = {
			isa = PBXContainerItemProxy;
			containerPortal = 4F63C41C1B7CF06E000D74EE /* Project object */;
			proxyType = 1;
			remoteGlobalIDString = 4FFF5D231D899F0D008ED4F5;
			remoteInfo = SwiftAutomation;
		};
/* End PBXContainerItemProxy section */

/* Begin PBXCopyFilesBuildPhase section */
		4F0E39631BAA98A900FF2A96 /* CopyFiles */ = {
			isa = PBXCopyFilesBuildPhase;
			buildActionMask = 2147483647;
			dstPath = /usr/share/man/man1/;
			dstSubfolderSpec = 0;
			files = (
			);
			runOnlyForDeploymentPostprocessing = 1;
		};
		4F63093C1DFC19940089ADDB /* Copy Files */ = {
			isa = PBXCopyFilesBuildPhase;
			buildActionMask = 8;
			dstPath = doc;
			dstSubfolderSpec = 7;
			files = (
			);
			name = "Copy Files";
			runOnlyForDeploymentPostprocessing = 1;
		};
		4F9AFB341D5B58EB00A71890 /* CopyFiles */ = {
			isa = PBXCopyFilesBuildPhase;
			buildActionMask = 2147483647;
			dstPath = /usr/share/man/man1/;
			dstSubfolderSpec = 0;
			files = (
			);
			runOnlyForDeploymentPostprocessing = 1;
		};
/* End PBXCopyFilesBuildPhase section */

/* Begin PBXFileReference section */
		3C4897B82400D054008EE9D1 /* Installation.xcconfig */ = {isa = PBXFileReference; lastKnownFileType = text.xcconfig; path = Installation.xcconfig; sourceTree = "<group>"; };
		3C4897B92400D054008EE9D1 /* Installation-Debug.xcconfig */ = {isa = PBXFileReference; lastKnownFileType = text.xcconfig; path = "Installation-Debug.xcconfig"; sourceTree = "<group>"; };
		4F0E39001BA76CB600FF2A96 /* mkdoc */ = {isa = PBXFileReference; lastKnownFileType = text.script.python; path = mkdoc; sourceTree = "<group>"; };
		4F0E394A1BA8719400FF2A96 /* OSAKit.framework */ = {isa = PBXFileReference; lastKnownFileType = wrapper.framework; name = OSAKit.framework; path = System/Library/Frameworks/OSAKit.framework; sourceTree = SDKROOT; };
		4F0E394E1BA8D2F600FF2A96 /* AETEParser.swift */ = {isa = PBXFileReference; fileEncoding = 4; lastKnownFileType = sourcecode.swift; path = AETEParser.swift; sourceTree = "<group>"; };
		4F0E39651BAA98A900FF2A96 /* aeglue */ = {isa = PBXFileReference; explicitFileType = "compiled.mach-o.executable"; includeInIndex = 0; path = aeglue; sourceTree = BUILT_PRODUCTS_DIR; };
		4F0E39951BADD58500FF2A96 /* AppleEventFormatter.swift */ = {isa = PBXFileReference; fileEncoding = 4; lastKnownFileType = sourcecode.swift; path = AppleEventFormatter.swift; sourceTree = "<group>"; };
		4F1D12401BA3042600875F74 /* SpecifierExtensions.swift */ = {isa = PBXFileReference; fileEncoding = 4; lastKnownFileType = sourcecode.swift; path = SpecifierExtensions.swift; sourceTree = "<group>"; };
		4F2645AB1BA4F27700256402 /* AEApplicationGlue.swift */ = {isa = PBXFileReference; fileEncoding = 4; lastKnownFileType = sourcecode.swift; path = AEApplicationGlue.swift; sourceTree = "<group>"; };
		4F4C1A0D1D910BDE004F9083 /* TypeExtensions.swift */ = {isa = PBXFileReference; fileEncoding = 4; lastKnownFileType = sourcecode.swift; path = TypeExtensions.swift; sourceTree = "<group>"; };
		4F53812A1BA62541001F24A9 /* README */ = {isa = PBXFileReference; lastKnownFileType = text; path = README; sourceTree = "<group>"; };
		4F63C4271B7CF06E000D74EE /* main.swift */ = {isa = PBXFileReference; lastKnownFileType = sourcecode.swift; path = main.swift; sourceTree = "<group>"; };
		4F63C42F1B7CF133000D74EE /* Specifier.swift */ = {isa = PBXFileReference; fileEncoding = 4; lastKnownFileType = sourcecode.swift; path = Specifier.swift; sourceTree = "<group>"; };
		4F63C4331B7CF1C4000D74EE /* Foundation.framework */ = {isa = PBXFileReference; lastKnownFileType = wrapper.framework; name = Foundation.framework; path = System/Library/Frameworks/Foundation.framework; sourceTree = SDKROOT; };
		4F63C4351B7CF1C8000D74EE /* AppKit.framework */ = {isa = PBXFileReference; lastKnownFileType = wrapper.framework; name = AppKit.framework; path = System/Library/Frameworks/AppKit.framework; sourceTree = SDKROOT; };
		4F63C4371B7CF1E0000D74EE /* Carbon.framework */ = {isa = PBXFileReference; lastKnownFileType = wrapper.framework; name = Carbon.framework; path = System/Library/Frameworks/Carbon.framework; sourceTree = SDKROOT; };
		4F63C4401B86A335000D74EE /* AppData.swift */ = {isa = PBXFileReference; fileEncoding = 4; lastKnownFileType = sourcecode.swift; path = AppData.swift; sourceTree = "<group>"; };
		4F63C4421B87AC88000D74EE /* Symbol.swift */ = {isa = PBXFileReference; fileEncoding = 4; lastKnownFileType = sourcecode.swift; path = Symbol.swift; sourceTree = "<group>"; };
		4F63C4441B8A4DFC000D74EE /* Errors.swift */ = {isa = PBXFileReference; fileEncoding = 4; lastKnownFileType = sourcecode.swift; path = Errors.swift; sourceTree = "<group>"; };
		4F63C4461B8A669C000D74EE /* Support.swift */ = {isa = PBXFileReference; fileEncoding = 4; lastKnownFileType = sourcecode.swift; path = Support.swift; sourceTree = "<group>"; };
		4F9AFB361D5B58EB00A71890 /* test */ = {isa = PBXFileReference; explicitFileType = "compiled.mach-o.executable"; includeInIndex = 0; path = test; sourceTree = BUILT_PRODUCTS_DIR; };
		4F9AFB431D5B6C2600A71890 /* AEConstants.swift */ = {isa = PBXFileReference; fileEncoding = 4; lastKnownFileType = sourcecode.swift; path = AEConstants.swift; sourceTree = "<group>"; };
		4FDD30FD1B932C29002BA20F /* SpecifierFormatter.swift */ = {isa = PBXFileReference; fileEncoding = 4; lastKnownFileType = sourcecode.swift; path = SpecifierFormatter.swift; sourceTree = "<group>"; };
		4FEFCF1C1B93A31E0013FFC8 /* TODO.txt */ = {isa = PBXFileReference; fileEncoding = 4; lastKnownFileType = text; path = TODO.txt; sourceTree = "<group>"; };
		4FFF5D241D899F0D008ED4F5 /* SwiftAutomation.framework */ = {isa = PBXFileReference; explicitFileType = wrapper.framework; includeInIndex = 0; path = SwiftAutomation.framework; sourceTree = BUILT_PRODUCTS_DIR; };
		4FFF5D261D899F0D008ED4F5 /* SwiftAutomation.h */ = {isa = PBXFileReference; lastKnownFileType = sourcecode.c.h; path = SwiftAutomation.h; sourceTree = "<group>"; };
		4FFF5D271D899F0D008ED4F5 /* Info.plist */ = {isa = PBXFileReference; lastKnownFileType = text.plist.xml; path = Info.plist; sourceTree = "<group>"; };
/* End PBXFileReference section */

/* Begin PBXFrameworksBuildPhase section */
		4F0E39621BAA98A900FF2A96 /* Frameworks */ = {
			isa = PBXFrameworksBuildPhase;
			buildActionMask = 2147483647;
			files = (
				4F0E39841BAB743800FF2A96 /* Foundation.framework in Frameworks */,
			);
			runOnlyForDeploymentPostprocessing = 0;
		};
		4F9AFB331D5B58EB00A71890 /* Frameworks */ = {
			isa = PBXFrameworksBuildPhase;
			buildActionMask = 2147483647;
			files = (
			);
			runOnlyForDeploymentPostprocessing = 0;
		};
		4FFF5D201D899F0D008ED4F5 /* Frameworks */ = {
			isa = PBXFrameworksBuildPhase;
			buildActionMask = 2147483647;
			files = (
				3CC224872391BDE900448D25 /* SDEFinitely in Frameworks */,
			);
			runOnlyForDeploymentPostprocessing = 0;
		};
/* End PBXFrameworksBuildPhase section */

/* Begin PBXGroup section */
		3C4897B72400D054008EE9D1 /* Config */ = {
			isa = PBXGroup;
			children = (
				3C4897B82400D054008EE9D1 /* Installation.xcconfig */,
				3C4897B92400D054008EE9D1 /* Installation-Debug.xcconfig */,
			);
			name = Config;
			path = ../Config;
			sourceTree = "<group>";
		};
		4F0E39471BA86B6800FF2A96 /* terminology support */ = {
			isa = PBXGroup;
			children = (
				4F0E394E1BA8D2F600FF2A96 /* AETEParser.swift */,
				4F0E39951BADD58500FF2A96 /* AppleEventFormatter.swift */,
			);
			name = "terminology support";
			sourceTree = "<group>";
		};
		4F0E396C1BAA98D700FF2A96 /* bridge */ = {
			isa = PBXGroup;
			children = (
				4F63C4401B86A335000D74EE /* AppData.swift */,
				4F63C4421B87AC88000D74EE /* Symbol.swift */,
				4F63C42F1B7CF133000D74EE /* Specifier.swift */,
				4F1D12401BA3042600875F74 /* SpecifierExtensions.swift */,
				4FDD30FD1B932C29002BA20F /* SpecifierFormatter.swift */,
				4F4C1A0D1D910BDE004F9083 /* TypeExtensions.swift */,
				4F63C4461B8A669C000D74EE /* Support.swift */,
				4F63C4441B8A4DFC000D74EE /* Errors.swift */,
				4F9AFB431D5B6C2600A71890 /* AEConstants.swift */,
			);
			name = bridge;
			sourceTree = "<group>";
		};
		4F2645A31BA37C2B00256402 /* Frameworks */ = {
			isa = PBXGroup;
			children = (
				4F0E394A1BA8719400FF2A96 /* OSAKit.framework */,
				4F63C4371B7CF1E0000D74EE /* Carbon.framework */,
				4F63C4351B7CF1C8000D74EE /* AppKit.framework */,
				4F63C4331B7CF1C4000D74EE /* Foundation.framework */,
			);
			name = Frameworks;
			sourceTree = "<group>";
		};
		4F2645A61BA3F58F00256402 /* bin */ = {
			isa = PBXGroup;
			children = (
				4F0E39001BA76CB600FF2A96 /* mkdoc */,
			);
			name = bin;
			sourceTree = "<group>";
		};
		4F63C41B1B7CF06E000D74EE = {
			isa = PBXGroup;
			children = (
				4F53812A1BA62541001F24A9 /* README */,
				4FEFCF1C1B93A31E0013FFC8 /* TODO.txt */,
				3C4897B72400D054008EE9D1 /* Config */,
				4F2645A61BA3F58F00256402 /* bin */,
				4F63C4261B7CF06E000D74EE /* SwiftAutomation */,
				4F2645A31BA37C2B00256402 /* Frameworks */,
				4F63C4251B7CF06E000D74EE /* Products */,
			);
			sourceTree = "<group>";
		};
		4F63C4251B7CF06E000D74EE /* Products */ = {
			isa = PBXGroup;
			children = (
				4FFF5D241D899F0D008ED4F5 /* SwiftAutomation.framework */,
				4F0E39651BAA98A900FF2A96 /* aeglue */,
				4F9AFB361D5B58EB00A71890 /* test */,
			);
			name = Products;
			sourceTree = "<group>";
		};
		4F63C4261B7CF06E000D74EE /* SwiftAutomation */ = {
			isa = PBXGroup;
			children = (
				4FFF5D261D899F0D008ED4F5 /* SwiftAutomation.h */,
				4FFF5D271D899F0D008ED4F5 /* Info.plist */,
				4F63C4271B7CF06E000D74EE /* main.swift */,
				4F2645AB1BA4F27700256402 /* AEApplicationGlue.swift */,
				4F0E396C1BAA98D700FF2A96 /* bridge */,
				4F0E39471BA86B6800FF2A96 /* terminology support */,
			);
			path = SwiftAutomation;
			sourceTree = "<group>";
		};
/* End PBXGroup section */

/* Begin PBXHeadersBuildPhase section */
		4FFF5D211D899F0D008ED4F5 /* Headers */ = {
			isa = PBXHeadersBuildPhase;
			buildActionMask = 2147483647;
			files = (
				4FFF5D281D899F0D008ED4F5 /* SwiftAutomation.h in Headers */,
			);
			runOnlyForDeploymentPostprocessing = 0;
		};
/* End PBXHeadersBuildPhase section */

/* Begin PBXNativeTarget section */
		4F0E39641BAA98A900FF2A96 /* aeglue */ = {
			isa = PBXNativeTarget;
			buildConfigurationList = 4F0E39691BAA98A900FF2A96 /* Build configuration list for PBXNativeTarget "aeglue" */;
			buildPhases = (
				4F0E39611BAA98A900FF2A96 /* Sources */,
				4F0E39621BAA98A900FF2A96 /* Frameworks */,
				4F0E39631BAA98A900FF2A96 /* CopyFiles */,
			);
			buildRules = (
			);
			dependencies = (
			);
			name = aeglue;
			productName = aeglue;
			productReference = 4F0E39651BAA98A900FF2A96 /* aeglue */;
			productType = "com.apple.product-type.tool";
		};
		4F9AFB351D5B58EB00A71890 /* test */ = {
			isa = PBXNativeTarget;
			buildConfigurationList = 4F9AFB3A1D5B58EB00A71890 /* Build configuration list for PBXNativeTarget "test" */;
			buildPhases = (
				4F9AFB321D5B58EB00A71890 /* Sources */,
				4F9AFB331D5B58EB00A71890 /* Frameworks */,
				4F9AFB341D5B58EB00A71890 /* CopyFiles */,
			);
			buildRules = (
			);
			dependencies = (
				4F4C1A251D943D52004F9083 /* PBXTargetDependency */,
			);
			name = test;
			productName = test;
			productReference = 4F9AFB361D5B58EB00A71890 /* test */;
			productType = "com.apple.product-type.tool";
		};
		4FFF5D231D899F0D008ED4F5 /* SwiftAutomation */ = {
			isa = PBXNativeTarget;
			buildConfigurationList = 4FFF5D2D1D899F0D008ED4F5 /* Build configuration list for PBXNativeTarget "SwiftAutomation" */;
			buildPhases = (
				4FFF5D1F1D899F0D008ED4F5 /* Sources */,
				4FFF5D201D899F0D008ED4F5 /* Frameworks */,
				4FFF5D211D899F0D008ED4F5 /* Headers */,
				4F63093C1DFC19940089ADDB /* Copy Files */,
			);
			buildRules = (
			);
			dependencies = (
			);
			name = SwiftAutomation;
			packageProductDependencies = (
				3CC224862391BDE900448D25 /* SDEFinitely */,
			);
			productName = SwiftAutomation;
			productReference = 4FFF5D241D899F0D008ED4F5 /* SwiftAutomation.framework */;
			productType = "com.apple.product-type.framework";
		};
/* End PBXNativeTarget section */

/* Begin PBXProject section */
		4F63C41C1B7CF06E000D74EE /* Project object */ = {
			isa = PBXProject;
			attributes = {
				LastSwiftUpdateCheck = 0800;
				LastUpgradeCheck = 1200;
				TargetAttributes = {
					4F0E39641BAA98A900FF2A96 = {
						CreatedOnToolsVersion = 7.0;
						LastSwiftMigration = 1020;
						ProvisioningStyle = Automatic;
					};
					4F9AFB351D5B58EB00A71890 = {
						CreatedOnToolsVersion = 8.0;
						LastSwiftMigration = 0940;
						ProvisioningStyle = Automatic;
					};
					4FFF5D231D899F0D008ED4F5 = {
						CreatedOnToolsVersion = 8.0;
						LastSwiftMigration = 1120;
						ProvisioningStyle = Automatic;
					};
				};
			};
			buildConfigurationList = 4F63C41F1B7CF06E000D74EE /* Build configuration list for PBXProject "SwiftAE" */;
			compatibilityVersion = "Xcode 3.2";
			developmentRegion = en;
			hasScannedForEncodings = 0;
			knownRegions = (
				en,
				Base,
			);
			mainGroup = 4F63C41B1B7CF06E000D74EE;
			packageReferences = (
				3CC224852391BDE900448D25 /* XCRemoteSwiftPackageReference "SDEFinitely" */,
			);
			productRefGroup = 4F63C4251B7CF06E000D74EE /* Products */;
			projectDirPath = "";
			projectRoot = "";
			targets = (
				4FFF5D231D899F0D008ED4F5 /* SwiftAutomation */,
				4F0E39641BAA98A900FF2A96 /* aeglue */,
				4F9AFB351D5B58EB00A71890 /* test */,
			);
		};
/* End PBXProject section */

/* Begin PBXSourcesBuildPhase section */
		4F0E39611BAA98A900FF2A96 /* Sources */ = {
			isa = PBXSourcesBuildPhase;
			buildActionMask = 2147483647;
			files = (
				4FB7D8751D5EA60F00F0DB36 /* AppData.swift in Sources */,
				4FB7D8761D5EA60F00F0DB36 /* Specifier.swift in Sources */,
				4FB7D8771D5EA60F00F0DB36 /* SpecifierExtensions.swift in Sources */,
				4FB7D8781D5EA60F00F0DB36 /* SpecifierFormatter.swift in Sources */,
				4F4C1A0F1D910E41004F9083 /* TypeExtensions.swift in Sources */,
				4FB7D8791D5EA60F00F0DB36 /* Symbol.swift in Sources */,
				4FB7D87A1D5EA60F00F0DB36 /* Errors.swift in Sources */,
				4FB7D87B1D5EA60F00F0DB36 /* Support.swift in Sources */,
				4FB7D87C1D5EA60F00F0DB36 /* AEConstants.swift in Sources */,
				4FB7D8801D5EA60F00F0DB36 /* AETEParser.swift in Sources */,
				4FB7D8831D5EA60F00F0DB36 /* AppleEventFormatter.swift in Sources */,
				4FB7D8851D5EA60F00F0DB36 /* AEApplicationGlue.swift in Sources */,
			);
			runOnlyForDeploymentPostprocessing = 0;
		};
		4F9AFB321D5B58EB00A71890 /* Sources */ = {
			isa = PBXSourcesBuildPhase;
			buildActionMask = 2147483647;
			files = (
				4FCDD00720DBCF8600F7CC6F /* AEApplicationGlue.swift in Sources */,
				4FCDD00820DBCF8600F7CC6F /* AppData.swift in Sources */,
				4FCDD00920DBCF8600F7CC6F /* Symbol.swift in Sources */,
				4FCDD00A20DBCF8600F7CC6F /* Specifier.swift in Sources */,
				4FCDD00B20DBCF8600F7CC6F /* SpecifierExtensions.swift in Sources */,
				4FCDD00C20DBCF8600F7CC6F /* SpecifierFormatter.swift in Sources */,
				4FCDD00D20DBCF8600F7CC6F /* TypeExtensions.swift in Sources */,
				4FCDD00E20DBCF8600F7CC6F /* Support.swift in Sources */,
				4FCDD00F20DBCF8600F7CC6F /* Errors.swift in Sources */,
				4FCDD01020DBCF8600F7CC6F /* AEConstants.swift in Sources */,
				4FCDD01420DBCF8600F7CC6F /* AETEParser.swift in Sources */,
				4FCDD01920DBCF8600F7CC6F /* AppleEventFormatter.swift in Sources */,
			);
			runOnlyForDeploymentPostprocessing = 0;
		};
		4FFF5D1F1D899F0D008ED4F5 /* Sources */ = {
			isa = PBXSourcesBuildPhase;
			buildActionMask = 2147483647;
			files = (
				4FFF5D321D899F29008ED4F5 /* AppData.swift in Sources */,
				4FFF5D361D899F29008ED4F5 /* Symbol.swift in Sources */,
				4FFF5D331D899F29008ED4F5 /* Specifier.swift in Sources */,
				4FFF5D341D899F29008ED4F5 /* SpecifierExtensions.swift in Sources */,
				4FFF5D351D899F29008ED4F5 /* SpecifierFormatter.swift in Sources */,
				4F4C1A0E1D910BDE004F9083 /* TypeExtensions.swift in Sources */,
				4FFF5D381D899F29008ED4F5 /* Support.swift in Sources */,
				4FFF5D371D899F29008ED4F5 /* Errors.swift in Sources */,
				4FFF5D391D899F29008ED4F5 /* AEConstants.swift in Sources */,
				4FFF5D3D1D899F29008ED4F5 /* AETEParser.swift in Sources */,
				4FFF5D401D899F29008ED4F5 /* AppleEventFormatter.swift in Sources */,
				4FFF5D421D899F29008ED4F5 /* AEApplicationGlue.swift in Sources */,
			);
			runOnlyForDeploymentPostprocessing = 0;
		};
/* End PBXSourcesBuildPhase section */

/* Begin PBXTargetDependency section */
		4F4C1A251D943D52004F9083 /* PBXTargetDependency */ = {
			isa = PBXTargetDependency;
			target = 4FFF5D231D899F0D008ED4F5 /* SwiftAutomation */;
			targetProxy = 4F4C1A241D943D52004F9083 /* PBXContainerItemProxy */;
		};
/* End PBXTargetDependency section */

/* Begin XCBuildConfiguration section */
		3C48979D2400B8E2008EE9D1 /* Profiling */ = {
			isa = XCBuildConfiguration;
			buildSettings = {
				ALWAYS_SEARCH_USER_PATHS = NO;
				CLANG_ANALYZER_LOCALIZABILITY_NONLOCALIZED = YES;
				CLANG_CXX_LANGUAGE_STANDARD = "gnu++0x";
				CLANG_CXX_LIBRARY = "libc++";
				CLANG_ENABLE_MODULES = YES;
				CLANG_ENABLE_OBJC_ARC = YES;
				CLANG_WARN_BLOCK_CAPTURE_AUTORELEASING = YES;
				CLANG_WARN_BOOL_CONVERSION = YES;
				CLANG_WARN_COMMA = YES;
				CLANG_WARN_CONSTANT_CONVERSION = YES;
				CLANG_WARN_DEPRECATED_OBJC_IMPLEMENTATIONS = YES;
				CLANG_WARN_DIRECT_OBJC_ISA_USAGE = YES_ERROR;
				CLANG_WARN_EMPTY_BODY = YES;
				CLANG_WARN_ENUM_CONVERSION = YES;
				CLANG_WARN_INFINITE_RECURSION = YES;
				CLANG_WARN_INT_CONVERSION = YES;
				CLANG_WARN_NON_LITERAL_NULL_CONVERSION = YES;
				CLANG_WARN_OBJC_IMPLICIT_RETAIN_SELF = YES;
				CLANG_WARN_OBJC_LITERAL_CONVERSION = YES;
				CLANG_WARN_OBJC_ROOT_CLASS = YES_ERROR;
				CLANG_WARN_QUOTED_INCLUDE_IN_FRAMEWORK_HEADER = YES;
				CLANG_WARN_RANGE_LOOP_ANALYSIS = YES;
				CLANG_WARN_STRICT_PROTOTYPES = YES;
				CLANG_WARN_SUSPICIOUS_MOVE = YES;
				CLANG_WARN_UNREACHABLE_CODE = YES;
				CLANG_WARN__DUPLICATE_METHOD_MATCH = YES;
				COPY_PHASE_STRIP = NO;
				DEBUG_INFORMATION_FORMAT = "dwarf-with-dsym";
				EFFECTIVE_DEBUG_OR_RELEASE_BUILD_CONFIGURATION = Release;
				ENABLE_NS_ASSERTIONS = NO;
				ENABLE_STRICT_OBJC_MSGSEND = YES;
				GCC_C_LANGUAGE_STANDARD = gnu99;
				GCC_NO_COMMON_BLOCKS = YES;
				GCC_WARN_64_TO_32_BIT_CONVERSION = YES;
				GCC_WARN_ABOUT_RETURN_TYPE = YES_ERROR;
				GCC_WARN_UNDECLARED_SELECTOR = YES;
				GCC_WARN_UNINITIALIZED_AUTOS = YES_AGGRESSIVE;
				GCC_WARN_UNUSED_FUNCTION = YES;
				GCC_WARN_UNUSED_VARIABLE = YES;
				MACOSX_DEPLOYMENT_TARGET = 10.14;
				MTL_ENABLE_DEBUG_INFO = NO;
				SDKROOT = macosx;
				SWIFT_COMPILATION_MODE = wholemodule;
				SWIFT_INCLUDE_PATHS = "$(BUILD_DIR)/$(EFFECTIVE_DEBUG_OR_RELEASE_BUILD_CONFIGURATION)$(EFFECTIVE_PLATFORM_NAME)/**";
				SWIFT_INSTALL_OBJC_HEADER = NO;
				SWIFT_OPTIMIZATION_LEVEL = "-O";
			};
			name = Profiling;
		};
		3C48979E2400B8E2008EE9D1 /* Profiling */ = {
			isa = XCBuildConfiguration;
			buildSettings = {
				CLANG_ANALYZER_NONNULL = YES;
				CLANG_WARN_DOCUMENTATION_COMMENTS = YES;
				CLANG_WARN_SUSPICIOUS_MOVES = YES;
				CODE_SIGN_IDENTITY = "-";
				CODE_SIGN_STYLE = Automatic;
				COMBINE_HIDPI_IMAGES = YES;
				CURRENT_PROJECT_VERSION = 1;
				DEFINES_MODULE = YES;
				DEPLOYMENT_LOCATION = YES;
				DEVELOPMENT_TEAM = "";
				DYLIB_COMPATIBILITY_VERSION = 1;
				DYLIB_CURRENT_VERSION = 1;
				DYLIB_INSTALL_NAME_BASE = "@rpath";
				FRAMEWORK_VERSION = A;
				INFOPLIST_FILE = SwiftAutomation/Info.plist;
				LD_RUNPATH_SEARCH_PATHS = (
					"$(inherited)",
					"@executable_path/../Frameworks",
					"@loader_path/Frameworks",
				);
				MARKETING_VERSION = 0.2.0;
				PRODUCT_BUNDLE_IDENTIFIER = com.justcheesy.SwiftAutomation;
				PRODUCT_NAME = "$(TARGET_NAME)";
				PROVISIONING_PROFILE_SPECIFIER = "";
				SKIP_INSTALL = YES;
				SWIFT_COMPILATION_MODE = wholemodule;
				SWIFT_OPTIMIZATION_LEVEL = "-O";
				SWIFT_VERSION = 5.0;
				VERSIONING_SYSTEM = "apple-generic";
				VERSION_INFO_PREFIX = "";
			};
			name = Profiling;
		};
		3C48979F2400B8E2008EE9D1 /* Profiling */ = {
			isa = XCBuildConfiguration;
			buildSettings = {
				CODE_SIGN_IDENTITY = "-";
				CODE_SIGN_STYLE = Automatic;
				DEVELOPMENT_TEAM = "";
				PRODUCT_NAME = "$(TARGET_NAME)";
				PROVISIONING_PROFILE_SPECIFIER = "";
				SWIFT_COMPILATION_MODE = wholemodule;
				SWIFT_OPTIMIZATION_LEVEL = "-O";
				SWIFT_VERSION = 4.0;
			};
			name = Profiling;
		};
		3C4897A02400B8E2008EE9D1 /* Profiling */ = {
			isa = XCBuildConfiguration;
			buildSettings = {
				CLANG_ANALYZER_NONNULL = YES;
				CLANG_WARN_DOCUMENTATION_COMMENTS = YES;
				CLANG_WARN_SUSPICIOUS_MOVES = YES;
				CODE_SIGN_IDENTITY = "-";
				DEVELOPMENT_TEAM = "";
				PRODUCT_NAME = "$(TARGET_NAME)";
				SWIFT_VERSION = 4.0;
			};
			name = Profiling;
		};
		4F0E396A1BAA98A900FF2A96 /* Debug */ = {
			isa = XCBuildConfiguration;
			buildSettings = {
				CODE_SIGN_IDENTITY = "-";
				CODE_SIGN_STYLE = Automatic;
				DEVELOPMENT_TEAM = "";
				PRODUCT_NAME = "$(TARGET_NAME)";
				PROVISIONING_PROFILE_SPECIFIER = "";
				SWIFT_VERSION = 4.0;
			};
			name = Debug;
		};
		4F0E396B1BAA98A900FF2A96 /* Release */ = {
			isa = XCBuildConfiguration;
			buildSettings = {
				CODE_SIGN_IDENTITY = "-";
				CODE_SIGN_STYLE = Automatic;
				DEVELOPMENT_TEAM = "";
				PRODUCT_NAME = "$(TARGET_NAME)";
				PROVISIONING_PROFILE_SPECIFIER = "";
				SWIFT_COMPILATION_MODE = wholemodule;
				SWIFT_OPTIMIZATION_LEVEL = "-O";
				SWIFT_VERSION = 4.0;
			};
			name = Release;
		};
		4F63C4291B7CF06E000D74EE /* Debug */ = {
			isa = XCBuildConfiguration;
			buildSettings = {
				ALWAYS_SEARCH_USER_PATHS = NO;
				CLANG_ANALYZER_LOCALIZABILITY_NONLOCALIZED = YES;
				CLANG_CXX_LANGUAGE_STANDARD = "gnu++0x";
				CLANG_CXX_LIBRARY = "libc++";
				CLANG_ENABLE_MODULES = YES;
				CLANG_ENABLE_OBJC_ARC = YES;
				CLANG_WARN_BLOCK_CAPTURE_AUTORELEASING = YES;
				CLANG_WARN_BOOL_CONVERSION = YES;
				CLANG_WARN_COMMA = YES;
				CLANG_WARN_CONSTANT_CONVERSION = YES;
				CLANG_WARN_DEPRECATED_OBJC_IMPLEMENTATIONS = YES;
				CLANG_WARN_DIRECT_OBJC_ISA_USAGE = YES_ERROR;
				CLANG_WARN_EMPTY_BODY = YES;
				CLANG_WARN_ENUM_CONVERSION = YES;
				CLANG_WARN_INFINITE_RECURSION = YES;
				CLANG_WARN_INT_CONVERSION = YES;
				CLANG_WARN_NON_LITERAL_NULL_CONVERSION = YES;
				CLANG_WARN_OBJC_IMPLICIT_RETAIN_SELF = YES;
				CLANG_WARN_OBJC_LITERAL_CONVERSION = YES;
				CLANG_WARN_OBJC_ROOT_CLASS = YES_ERROR;
				CLANG_WARN_QUOTED_INCLUDE_IN_FRAMEWORK_HEADER = YES;
				CLANG_WARN_RANGE_LOOP_ANALYSIS = YES;
				CLANG_WARN_STRICT_PROTOTYPES = YES;
				CLANG_WARN_SUSPICIOUS_MOVE = YES;
				CLANG_WARN_UNREACHABLE_CODE = YES;
				CLANG_WARN__DUPLICATE_METHOD_MATCH = YES;
				COPY_PHASE_STRIP = NO;
				DEBUG_INFORMATION_FORMAT = dwarf;
				EFFECTIVE_DEBUG_OR_RELEASE_BUILD_CONFIGURATION = Debug;
				ENABLE_STRICT_OBJC_MSGSEND = YES;
				ENABLE_TESTABILITY = YES;
				GCC_C_LANGUAGE_STANDARD = gnu99;
				GCC_DYNAMIC_NO_PIC = NO;
				GCC_NO_COMMON_BLOCKS = YES;
				GCC_OPTIMIZATION_LEVEL = 0;
				GCC_PREPROCESSOR_DEFINITIONS = (
					"DEBUG=1",
					"$(inherited)",
				);
				GCC_WARN_64_TO_32_BIT_CONVERSION = YES;
				GCC_WARN_ABOUT_RETURN_TYPE = YES_ERROR;
				GCC_WARN_UNDECLARED_SELECTOR = YES;
				GCC_WARN_UNINITIALIZED_AUTOS = YES_AGGRESSIVE;
				GCC_WARN_UNUSED_FUNCTION = YES;
				GCC_WARN_UNUSED_VARIABLE = YES;
				MACOSX_DEPLOYMENT_TARGET = 10.14;
				MTL_ENABLE_DEBUG_INFO = YES;
				ONLY_ACTIVE_ARCH = YES;
				SDKROOT = macosx;
				SWIFT_INCLUDE_PATHS = "$(BUILD_DIR)/$(EFFECTIVE_DEBUG_OR_RELEASE_BUILD_CONFIGURATION)$(EFFECTIVE_PLATFORM_NAME)/**";
				SWIFT_INSTALL_OBJC_HEADER = NO;
				SWIFT_OPTIMIZATION_LEVEL = "-Onone";
			};
			name = Debug;
		};
		4F63C42A1B7CF06E000D74EE /* Release */ = {
			isa = XCBuildConfiguration;
			buildSettings = {
				ALWAYS_SEARCH_USER_PATHS = NO;
				CLANG_ANALYZER_LOCALIZABILITY_NONLOCALIZED = YES;
				CLANG_CXX_LANGUAGE_STANDARD = "gnu++0x";
				CLANG_CXX_LIBRARY = "libc++";
				CLANG_ENABLE_MODULES = YES;
				CLANG_ENABLE_OBJC_ARC = YES;
				CLANG_WARN_BLOCK_CAPTURE_AUTORELEASING = YES;
				CLANG_WARN_BOOL_CONVERSION = YES;
				CLANG_WARN_COMMA = YES;
				CLANG_WARN_CONSTANT_CONVERSION = YES;
				CLANG_WARN_DEPRECATED_OBJC_IMPLEMENTATIONS = YES;
				CLANG_WARN_DIRECT_OBJC_ISA_USAGE = YES_ERROR;
				CLANG_WARN_EMPTY_BODY = YES;
				CLANG_WARN_ENUM_CONVERSION = YES;
				CLANG_WARN_INFINITE_RECURSION = YES;
				CLANG_WARN_INT_CONVERSION = YES;
				CLANG_WARN_NON_LITERAL_NULL_CONVERSION = YES;
				CLANG_WARN_OBJC_IMPLICIT_RETAIN_SELF = YES;
				CLANG_WARN_OBJC_LITERAL_CONVERSION = YES;
				CLANG_WARN_OBJC_ROOT_CLASS = YES_ERROR;
				CLANG_WARN_QUOTED_INCLUDE_IN_FRAMEWORK_HEADER = YES;
				CLANG_WARN_RANGE_LOOP_ANALYSIS = YES;
				CLANG_WARN_STRICT_PROTOTYPES = YES;
				CLANG_WARN_SUSPICIOUS_MOVE = YES;
				CLANG_WARN_UNREACHABLE_CODE = YES;
				CLANG_WARN__DUPLICATE_METHOD_MATCH = YES;
				COPY_PHASE_STRIP = NO;
				DEBUG_INFORMATION_FORMAT = "dwarf-with-dsym";
				EFFECTIVE_DEBUG_OR_RELEASE_BUILD_CONFIGURATION = Release;
				ENABLE_NS_ASSERTIONS = NO;
				ENABLE_STRICT_OBJC_MSGSEND = YES;
				GCC_C_LANGUAGE_STANDARD = gnu99;
				GCC_NO_COMMON_BLOCKS = YES;
				GCC_WARN_64_TO_32_BIT_CONVERSION = YES;
				GCC_WARN_ABOUT_RETURN_TYPE = YES_ERROR;
				GCC_WARN_UNDECLARED_SELECTOR = YES;
				GCC_WARN_UNINITIALIZED_AUTOS = YES_AGGRESSIVE;
				GCC_WARN_UNUSED_FUNCTION = YES;
				GCC_WARN_UNUSED_VARIABLE = YES;
				MACOSX_DEPLOYMENT_TARGET = 10.14;
				MTL_ENABLE_DEBUG_INFO = NO;
				SDKROOT = macosx;
				SWIFT_COMPILATION_MODE = wholemodule;
				SWIFT_INCLUDE_PATHS = "$(BUILD_DIR)/$(EFFECTIVE_DEBUG_OR_RELEASE_BUILD_CONFIGURATION)$(EFFECTIVE_PLATFORM_NAME)/**";
				SWIFT_INSTALL_OBJC_HEADER = NO;
				SWIFT_OPTIMIZATION_LEVEL = "-O";
			};
			name = Release;
		};
		4F9AFB3B1D5B58EB00A71890 /* Debug */ = {
			isa = XCBuildConfiguration;
			buildSettings = {
				CLANG_ANALYZER_NONNULL = YES;
				CLANG_WARN_DOCUMENTATION_COMMENTS = YES;
				CLANG_WARN_SUSPICIOUS_MOVES = YES;
				CODE_SIGN_IDENTITY = "-";
				DEVELOPMENT_TEAM = "";
				PRODUCT_NAME = "$(TARGET_NAME)";
				SWIFT_VERSION = 4.0;
			};
			name = Debug;
		};
		4F9AFB3C1D5B58EB00A71890 /* Release */ = {
			isa = XCBuildConfiguration;
			buildSettings = {
				CLANG_ANALYZER_NONNULL = YES;
				CLANG_WARN_DOCUMENTATION_COMMENTS = YES;
				CLANG_WARN_SUSPICIOUS_MOVES = YES;
				CODE_SIGN_IDENTITY = "-";
				DEVELOPMENT_TEAM = "";
				PRODUCT_NAME = "$(TARGET_NAME)";
				SWIFT_VERSION = 4.0;
			};
			name = Release;
		};
		4FFF5D2E1D899F0D008ED4F5 /* Debug */ = {
			isa = XCBuildConfiguration;
			buildSettings = {
				CLANG_ANALYZER_NONNULL = YES;
				CLANG_WARN_DOCUMENTATION_COMMENTS = YES;
				CLANG_WARN_SUSPICIOUS_MOVES = YES;
				CODE_SIGN_IDENTITY = "-";
				CODE_SIGN_STYLE = Automatic;
				COMBINE_HIDPI_IMAGES = YES;
				CURRENT_PROJECT_VERSION = 1;
				DEFINES_MODULE = YES;
				DEVELOPMENT_TEAM = "";
				DYLIB_COMPATIBILITY_VERSION = 1;
				DYLIB_CURRENT_VERSION = 1;
				DYLIB_INSTALL_NAME_BASE = "@rpath";
				FRAMEWORK_VERSION = A;
				INFOPLIST_FILE = SwiftAutomation/Info.plist;
				LD_RUNPATH_SEARCH_PATHS = (
					"$(inherited)",
					"@executable_path/../Frameworks",
					"@loader_path/Frameworks",
				);
				MARKETING_VERSION = 0.2.0;
				PRODUCT_BUNDLE_IDENTIFIER = com.justcheesy.SwiftAutomation;
				PRODUCT_NAME = "$(TARGET_NAME)";
				PROVISIONING_PROFILE_SPECIFIER = "";
				SKIP_INSTALL = YES;
				SWIFT_ACTIVE_COMPILATION_CONDITIONS = DEBUG;
				SWIFT_VERSION = 5.0;
				VERSIONING_SYSTEM = "apple-generic";
				VERSION_INFO_PREFIX = "";
			};
			name = Debug;
		};
		4FFF5D2F1D899F0D008ED4F5 /* Release */ = {
			isa = XCBuildConfiguration;
			buildSettings = {
				CLANG_ANALYZER_NONNULL = YES;
				CLANG_WARN_DOCUMENTATION_COMMENTS = YES;
				CLANG_WARN_SUSPICIOUS_MOVES = YES;
				CODE_SIGN_IDENTITY = "-";
				CODE_SIGN_STYLE = Automatic;
				COMBINE_HIDPI_IMAGES = YES;
				CURRENT_PROJECT_VERSION = 1;
				DEFINES_MODULE = YES;
				DEPLOYMENT_LOCATION = YES;
				DEVELOPMENT_TEAM = "";
				DYLIB_COMPATIBILITY_VERSION = 1;
				DYLIB_CURRENT_VERSION = 1;
				DYLIB_INSTALL_NAME_BASE = "@rpath";
				FRAMEWORK_VERSION = A;
				INFOPLIST_FILE = SwiftAutomation/Info.plist;
				LD_RUNPATH_SEARCH_PATHS = (
					"$(inherited)",
					"@executable_path/../Frameworks",
					"@loader_path/Frameworks",
				);
				MARKETING_VERSION = 0.2.0;
				PRODUCT_BUNDLE_IDENTIFIER = com.justcheesy.SwiftAutomation;
				PRODUCT_NAME = "$(TARGET_NAME)";
				PROVISIONING_PROFILE_SPECIFIER = "";
				SKIP_INSTALL = YES;
				SWIFT_COMPILATION_MODE = wholemodule;
				SWIFT_OPTIMIZATION_LEVEL = "-O";
				SWIFT_VERSION = 5.0;
				VERSIONING_SYSTEM = "apple-generic";
				VERSION_INFO_PREFIX = "";
			};
			name = Release;
		};
/* End XCBuildConfiguration section */

/* Begin XCConfigurationList section */
		4F0E39691BAA98A900FF2A96 /* Build configuration list for PBXNativeTarget "aeglue" */ = {
			isa = XCConfigurationList;
			buildConfigurations = (
				4F0E396A1BAA98A900FF2A96 /* Debug */,
				4F0E396B1BAA98A900FF2A96 /* Release */,
				3C48979F2400B8E2008EE9D1 /* Profiling */,
			);
			defaultConfigurationIsVisible = 0;
			defaultConfigurationName = Release;
		};
		4F63C41F1B7CF06E000D74EE /* Build configuration list for PBXProject "SwiftAE" */ = {
			isa = XCConfigurationList;
			buildConfigurations = (
				4F63C4291B7CF06E000D74EE /* Debug */,
				4F63C42A1B7CF06E000D74EE /* Release */,
				3C48979D2400B8E2008EE9D1 /* Profiling */,
			);
			defaultConfigurationIsVisible = 0;
			defaultConfigurationName = Release;
		};
		4F9AFB3A1D5B58EB00A71890 /* Build configuration list for PBXNativeTarget "test" */ = {
			isa = XCConfigurationList;
			buildConfigurations = (
				4F9AFB3B1D5B58EB00A71890 /* Debug */,
				4F9AFB3C1D5B58EB00A71890 /* Release */,
				3C4897A02400B8E2008EE9D1 /* Profiling */,
			);
			defaultConfigurationIsVisible = 0;
			defaultConfigurationName = Release;
		};
		4FFF5D2D1D899F0D008ED4F5 /* Build configuration list for PBXNativeTarget "SwiftAutomation" */ = {
			isa = XCConfigurationList;
			buildConfigurations = (
				4FFF5D2E1D899F0D008ED4F5 /* Debug */,
				4FFF5D2F1D899F0D008ED4F5 /* Release */,
				3C48979E2400B8E2008EE9D1 /* Profiling */,
			);
			defaultConfigurationIsVisible = 0;
			defaultConfigurationName = Release;
		};
/* End XCConfigurationList section */

/* Begin XCRemoteSwiftPackageReference section */
		3CC224852391BDE900448D25 /* XCRemoteSwiftPackageReference "SDEFinitely" */ = {
			isa = XCRemoteSwiftPackageReference;
			repositoryURL = "https://github.com/ThatsJustCheesy/SDEFinitely.git";
			requirement = {
				branch = master;
				kind = branch;
			};
		};
/* End XCRemoteSwiftPackageReference section */

/* Begin XCSwiftPackageProductDependency section */
		3CC224862391BDE900448D25 /* SDEFinitely */ = {
			isa = XCSwiftPackageProductDependency;
			package = 3CC224852391BDE900448D25 /* XCRemoteSwiftPackageReference "SDEFinitely" */;
			productName = SDEFinitely;
		};
/* End XCSwiftPackageProductDependency section */
	};
	rootObject = 4F63C41C1B7CF06E000D74EE /* Project object */;
}
