// !$*UTF8*$!
{
	archiveVersion = 1;
	classes = {
	};
	objectVersion = 52;
	objects = {

/* Begin PBXBuildFile section */
		3C0430022314BECD00758339 /* ModelPropagation.swift in Sources */ = {isa = PBXBuildFile; fileRef = 3C0430012314BECD00758339 /* ModelPropagation.swift */; };
		3C0430082314BFC200758339 /* AppDelegate+Swizzling.m in Sources */ = {isa = PBXBuildFile; fileRef = 3C0430072314BFC200758339 /* AppDelegate+Swizzling.m */; };
		3C04300A2314CF7900758339 /* PropagatingTabViewController.swift in Sources */ = {isa = PBXBuildFile; fileRef = 3C0430092314CF7900758339 /* PropagatingTabViewController.swift */; };
		3C04308423199A2800758339 /* Preferences.storyboard in Resources */ = {isa = PBXBuildFile; fileRef = 3C04308323199A2800758339 /* Preferences.storyboard */; };
		3C0566AE23135673004CDB1A /* AppDelegate.swift in Sources */ = {isa = PBXBuildFile; fileRef = 3C0566AD23135673004CDB1A /* AppDelegate.swift */; };
		3C0566B023135673004CDB1A /* DocumentVC.swift in Sources */ = {isa = PBXBuildFile; fileRef = 3C0566AF23135673004CDB1A /* DocumentVC.swift */; };
		3C0566B223135673004CDB1A /* Document.swift in Sources */ = {isa = PBXBuildFile; fileRef = 3C0566B123135673004CDB1A /* Document.swift */; };
		3C0566B423135675004CDB1A /* Assets.xcassets in Resources */ = {isa = PBXBuildFile; fileRef = 3C0566B323135675004CDB1A /* Assets.xcassets */; };
		3C056717231359C6004CDB1A /* Errors.swift in Sources */ = {isa = PBXBuildFile; fileRef = 3C056716231359C6004CDB1A /* Errors.swift */; };
		3C12EFA12354E7640057E0CC /* Defaults in Frameworks */ = {isa = PBXBuildFile; productRef = 3C12EFA02354E7640057E0CC /* Defaults */; };
		3C2046F2268EAEC100C52E2B /* StandardLibraryTests.swift in Sources */ = {isa = PBXBuildFile; fileRef = 3C2046F1268EAEC100C52E2B /* StandardLibraryTests.swift */; };
		3C204701268EB30F00C52E2B /* Tests in Resources */ = {isa = PBXBuildFile; fileRef = 3C204700268EB30F00C52E2B /* Tests */; };
		3C204703268EB31E00C52E2B /* Libraries in Resources */ = {isa = PBXBuildFile; fileRef = 3C204702268EB31E00C52E2B /* Libraries */; };
		3C249D482319C1D700F5826E /* PreferencesViewController.swift in Sources */ = {isa = PBXBuildFile; fileRef = 3C249D472319C1D700F5826E /* PreferencesViewController.swift */; };
		3C26BA8D268184D800452D9E /* Menu.swift in Sources */ = {isa = PBXBuildFile; fileRef = 3C26BA8C268184D800452D9E /* Menu.swift */; };
		3C2A9CDE26793CF60084716C /* Bushel.framework in Embed Shared Frameworks */ = {isa = PBXBuildFile; fileRef = 3C0566EA23135690004CDB1A /* Bushel.framework */; settings = {ATTRIBUTES = (CodeSignOnCopy, RemoveHeadersOnCopy, ); }; };
		3C2A9CDF26793CF60084716C /* BushelRT.framework in Frameworks */ = {isa = PBXBuildFile; fileRef = 3C0566EE23135690004CDB1A /* BushelRT.framework */; };
		3C2A9CE026793CF60084716C /* BushelRT.framework in Embed Shared Frameworks */ = {isa = PBXBuildFile; fileRef = 3C0566EE23135690004CDB1A /* BushelRT.framework */; settings = {ATTRIBUTES = (CodeSignOnCopy, RemoveHeadersOnCopy, ); }; };
		3C2A9CE726793D6F0084716C /* Bushel.framework in Frameworks */ = {isa = PBXBuildFile; fileRef = 3C0566EA23135690004CDB1A /* Bushel.framework */; };
		3C2A9CE826793E690084716C /* BushelGUIHost.app in Resources */ = {isa = PBXBuildFile; fileRef = 3CFA68C623EE300E00A3E87E /* BushelGUIHost.app */; };
		3C2A9CEA267940360084716C /* bushelscript in Resources */ = {isa = PBXBuildFile; fileRef = 3C9FD7B923E53E5500279945 /* bushelscript */; };
		3C2A9CEC267953450084716C /* bushelscript_en.bundle in Copy Language Modules */ = {isa = PBXBuildFile; fileRef = 3C0566FC23135690004CDB1A /* bushelscript_en.bundle */; settings = {ATTRIBUTES = (CodeSignOnCopy, RemoveHeadersOnCopy, ); }; };
		3C2A9CF02679665E0084716C /* InterpreterPrefsVC.swift in Sources */ = {isa = PBXBuildFile; fileRef = 3C2A9CEF2679665E0084716C /* InterpreterPrefsVC.swift */; };
		3C2A9D1F2679DE3A0084716C /* EditorTextView.swift in Sources */ = {isa = PBXBuildFile; fileRef = 3C2A9D1E2679DE3A0084716C /* EditorTextView.swift */; };
		3C2BC9AB23E258E400CB8C20 /* InlineErrorVC.swift in Sources */ = {isa = PBXBuildFile; fileRef = 3C2BC9A923E258E400CB8C20 /* InlineErrorVC.swift */; };
		3C2BC9AC23E258E400CB8C20 /* InlineErrorVC.xib in Resources */ = {isa = PBXBuildFile; fileRef = 3C2BC9AA23E258E400CB8C20 /* InlineErrorVC.xib */; };
		3C2BC9EC23E27E6200CB8C20 /* Main.storyboard in Resources */ = {isa = PBXBuildFile; fileRef = 3C0566B523135675004CDB1A /* Main.storyboard */; };
		3C2E1345231B709000E0EB8E /* NoHashbang.bushel in Resources */ = {isa = PBXBuildFile; fileRef = 3C2E1344231B709000E0EB8E /* NoHashbang.bushel */; };
		3C3355F123490F2500AEAAE9 /* NSTabViewController+SelectionConvenience.swift in Sources */ = {isa = PBXBuildFile; fileRef = 3C3355F023490F2500AEAAE9 /* NSTabViewController+SelectionConvenience.swift */; };
		3C3C1811231A20B100553072 /* DocumentWC.swift in Sources */ = {isa = PBXBuildFile; fileRef = 3C3C1810231A20B100553072 /* DocumentWC.swift */; };
		3C3C1813231AA65300553072 /* LinkOpener.swift in Sources */ = {isa = PBXBuildFile; fileRef = 3C3C1812231AA65300553072 /* LinkOpener.swift */; };
		3C3C1815231AA70B00553072 /* Logging.swift in Sources */ = {isa = PBXBuildFile; fileRef = 3C3C1814231AA70B00553072 /* Logging.swift */; };
		3C3C1828231AE12700553072 /* HashbangTests.swift in Sources */ = {isa = PBXBuildFile; fileRef = 3C3C1827231AE12700553072 /* HashbangTests.swift */; };
		3C3C182A231B585200553072 /* CustomHashbang.bushel in Resources */ = {isa = PBXBuildFile; fileRef = 3C3C1829231B585200553072 /* CustomHashbang.bushel */; };
		3C66A80C23CA6BC7005BA372 /* OSAKit.framework in Frameworks */ = {isa = PBXBuildFile; fileRef = 3C66A80B23CA6BC7005BA372 /* OSAKit.framework */; };
		3C76927123E0E635008FE565 /* UnarchiveFontVT.swift in Sources */ = {isa = PBXBuildFile; fileRef = 3C76927023E0E635008FE565 /* UnarchiveFontVT.swift */; };
		3C76927923E0FC76008FE565 /* GeneralPrefsVC.swift in Sources */ = {isa = PBXBuildFile; fileRef = 3C76927823E0FC76008FE565 /* GeneralPrefsVC.swift */; };
		3C76927B23E1D8DA008FE565 /* InlineErrorView.swift in Sources */ = {isa = PBXBuildFile; fileRef = 3C76927A23E1D8DA008FE565 /* InlineErrorView.swift */; };
		3C7A6CBF23CBCD51007F5D84 /* OSADictionaryWindowCustomization.swift in Sources */ = {isa = PBXBuildFile; fileRef = 3C7A6CBE23CBCD51007F5D84 /* OSADictionaryWindowCustomization.swift */; };
		3C7A6CC123CBD5E5007F5D84 /* DictionaryDocument.swift in Sources */ = {isa = PBXBuildFile; fileRef = 3C7A6CC023CBD5E5007F5D84 /* DictionaryDocument.swift */; };
		3CD1D0612319A07100DD01A9 /* Defaults.swift in Sources */ = {isa = PBXBuildFile; fileRef = 3CD1D0602319A07100DD01A9 /* Defaults.swift */; };
		3CEC9DBD267EED0D00E53CC0 /* Sparkle.framework in Frameworks */ = {isa = PBXBuildFile; fileRef = 3CEC9DB7267EED0D00E53CC0 /* Sparkle.framework */; };
		3CEC9DBE267EED0D00E53CC0 /* Sparkle.framework in Embed Frameworks */ = {isa = PBXBuildFile; fileRef = 3CEC9DB7267EED0D00E53CC0 /* Sparkle.framework */; settings = {ATTRIBUTES = (CodeSignOnCopy, RemoveHeadersOnCopy, ); }; };
		3CFEC5122677EFEF001EEF12 /* SidebarVC.swift in Sources */ = {isa = PBXBuildFile; fileRef = 3CFEC5112677EFEF001EEF12 /* SidebarVC.swift */; };
		3CFEC51B2677F33B001EEF12 /* Notification.swift in Sources */ = {isa = PBXBuildFile; fileRef = 3CFEC51A2677F33B001EEF12 /* Notification.swift */; };
		3CFEC51D2677FA7B001EEF12 /* Observation.swift in Sources */ = {isa = PBXBuildFile; fileRef = 3CFEC51C2677FA7B001EEF12 /* Observation.swift */; };
		3CFEC51F26781714001EEF12 /* MainSplitVC.swift in Sources */ = {isa = PBXBuildFile; fileRef = 3CFEC51E26781714001EEF12 /* MainSplitVC.swift */; };
		3CFEC52126781BD1001EEF12 /* ObjectInspector2VC.swift in Sources */ = {isa = PBXBuildFile; fileRef = 3CFEC52026781BD1001EEF12 /* ObjectInspector2VC.swift */; };
		3CFEC52326781C06001EEF12 /* ObjectInspector2.storyboard in Resources */ = {isa = PBXBuildFile; fileRef = 3CFEC52226781C06001EEF12 /* ObjectInspector2.storyboard */; };
		3CFEC52526781CEC001EEF12 /* ResultInspectorVC.swift in Sources */ = {isa = PBXBuildFile; fileRef = 3CFEC52426781CEC001EEF12 /* ResultInspectorVC.swift */; };
		3CFEC5272678237A001EEF12 /* ExpressionInspectorVC.swift in Sources */ = {isa = PBXBuildFile; fileRef = 3CFEC5262678237A001EEF12 /* ExpressionInspectorVC.swift */; };
/* End PBXBuildFile section */

/* Begin PBXContainerItemProxy section */
		3C0566BF23135675004CDB1A /* PBXContainerItemProxy */ = {
			isa = PBXContainerItemProxy;
			containerPortal = 3C0566A223135673004CDB1A /* Project object */;
			proxyType = 1;
			remoteGlobalIDString = 3C0566A923135673004CDB1A;
			remoteInfo = "BushelScript Editor";
		};
		3C0566E923135690004CDB1A /* PBXContainerItemProxy */ = {
			isa = PBXContainerItemProxy;
			containerPortal = 3C0566DB23135690004CDB1A /* Bushel.xcodeproj */;
			proxyType = 2;
			remoteGlobalIDString = 3C35A5BB22C81DE7002D4582;
			remoteInfo = Bushel;
		};
		3C0566EB23135690004CDB1A /* PBXContainerItemProxy */ = {
			isa = PBXContainerItemProxy;
			containerPortal = 3C0566DB23135690004CDB1A /* Bushel.xcodeproj */;
			proxyType = 2;
			remoteGlobalIDString = 3C35A5C422C81DE7002D4582;
			remoteInfo = BushelTests;
		};
		3C0566ED23135690004CDB1A /* PBXContainerItemProxy */ = {
			isa = PBXContainerItemProxy;
			containerPortal = 3C0566DB23135690004CDB1A /* Bushel.xcodeproj */;
			proxyType = 2;
			remoteGlobalIDString = 3CCD8AAF22CC45040049C74F;
			remoteInfo = BushelRT;
		};
		3C0566EF23135690004CDB1A /* PBXContainerItemProxy */ = {
			isa = PBXContainerItemProxy;
			containerPortal = 3C0566DB23135690004CDB1A /* Bushel.xcodeproj */;
			proxyType = 2;
			remoteGlobalIDString = 3CCD8AB722CC45040049C74F;
			remoteInfo = BushelRTTests;
		};
		3C0566FB23135690004CDB1A /* PBXContainerItemProxy */ = {
			isa = PBXContainerItemProxy;
			containerPortal = 3C0566DB23135690004CDB1A /* Bushel.xcodeproj */;
			proxyType = 2;
			remoteGlobalIDString = 3C6B75982305B5980006C354;
			remoteInfo = BushelScriptEnglish;
		};
		3C0566FD23135690004CDB1A /* PBXContainerItemProxy */ = {
			isa = PBXContainerItemProxy;
			containerPortal = 3C0566DB23135690004CDB1A /* Bushel.xcodeproj */;
			proxyType = 2;
			remoteGlobalIDString = 3C6B75A02305B5990006C354;
			remoteInfo = BushelScriptEnglishTests;
		};
		3C2046F8268EAEDF00C52E2B /* PBXContainerItemProxy */ = {
			isa = PBXContainerItemProxy;
			containerPortal = 3C0566A223135673004CDB1A /* Project object */;
			proxyType = 1;
			remoteGlobalIDString = 3C0566A923135673004CDB1A;
			remoteInfo = "BushelScript Editor";
		};
		3C554CB223F7AFE50029E71A /* PBXContainerItemProxy */ = {
			isa = PBXContainerItemProxy;
			containerPortal = 3C0566DB23135690004CDB1A /* Bushel.xcodeproj */;
			proxyType = 1;
			remoteGlobalIDString = 3CB328E423EDAD4C003BF646;
			remoteInfo = BushelGUIHost;
		};
		3C906EF0231C7D380099B139 /* PBXContainerItemProxy */ = {
			isa = PBXContainerItemProxy;
			containerPortal = 3C0566DB23135690004CDB1A /* Bushel.xcodeproj */;
			proxyType = 1;
			remoteGlobalIDString = 3C6B75972305B5980006C354;
			remoteInfo = BushelScriptEnglish;
		};
		3C9FD7B823E53E5500279945 /* PBXContainerItemProxy */ = {
			isa = PBXContainerItemProxy;
			containerPortal = 3C9FD7B423E53E5500279945 /* bushelscript.xcodeproj */;
			proxyType = 2;
			remoteGlobalIDString = 3C47423822F9F85E006EEF85;
			remoteInfo = bushelscript;
		};
		3C9FD7BD23E5455200279945 /* PBXContainerItemProxy */ = {
			isa = PBXContainerItemProxy;
			containerPortal = 3C9FD7B423E53E5500279945 /* bushelscript.xcodeproj */;
			proxyType = 1;
			remoteGlobalIDString = 3C47423722F9F85E006EEF85;
			remoteInfo = bushelscript;
		};
		3C9FD7BF23E5455700279945 /* PBXContainerItemProxy */ = {
			isa = PBXContainerItemProxy;
			containerPortal = 3C0566DB23135690004CDB1A /* Bushel.xcodeproj */;
			proxyType = 1;
			remoteGlobalIDString = 3CCD8AAE22CC45040049C74F;
			remoteInfo = BushelRT;
		};
		3CFA68C323EE300E00A3E87E /* PBXContainerItemProxy */ = {
			isa = PBXContainerItemProxy;
			containerPortal = 3C0566DB23135690004CDB1A /* Bushel.xcodeproj */;
			proxyType = 2;
			remoteGlobalIDString = 3C94570223E8FBC200D59C2C;
			remoteInfo = BushelLanguageTestingTools;
		};
		3CFA68C523EE300E00A3E87E /* PBXContainerItemProxy */ = {
			isa = PBXContainerItemProxy;
			containerPortal = 3C0566DB23135690004CDB1A /* Bushel.xcodeproj */;
			proxyType = 2;
			remoteGlobalIDString = 3CB328E523EDAD4C003BF646;
			remoteInfo = BushelGUIHost;
		};
/* End PBXContainerItemProxy section */

/* Begin PBXCopyFilesBuildPhase section */
		3C2A9CE126793CF60084716C /* Embed Frameworks */ = {
			isa = PBXCopyFilesBuildPhase;
			buildActionMask = 2147483647;
			dstPath = "";
			dstSubfolderSpec = 10;
			files = (
				3CEC9DBE267EED0D00E53CC0 /* Sparkle.framework in Embed Frameworks */,
			);
			name = "Embed Frameworks";
			runOnlyForDeploymentPostprocessing = 0;
		};
		3C2A9CE926793E780084716C /* Copy Language Modules */ = {
			isa = PBXCopyFilesBuildPhase;
			buildActionMask = 2147483647;
			dstPath = Languages;
			dstSubfolderSpec = 7;
			files = (
				3C2A9CEC267953450084716C /* bushelscript_en.bundle in Copy Language Modules */,
			);
			name = "Copy Language Modules";
			runOnlyForDeploymentPostprocessing = 0;
		};
		3C2A9CF12679890C0084716C /* Embed Shared Frameworks */ = {
			isa = PBXCopyFilesBuildPhase;
			buildActionMask = 2147483647;
			dstPath = "";
			dstSubfolderSpec = 11;
			files = (
				3C2A9CDE26793CF60084716C /* Bushel.framework in Embed Shared Frameworks */,
				3C2A9CE026793CF60084716C /* BushelRT.framework in Embed Shared Frameworks */,
			);
			name = "Embed Shared Frameworks";
			runOnlyForDeploymentPostprocessing = 0;
		};
/* End PBXCopyFilesBuildPhase section */

/* Begin PBXFileReference section */
		3C0430012314BECD00758339 /* ModelPropagation.swift */ = {isa = PBXFileReference; lastKnownFileType = sourcecode.swift; path = ModelPropagation.swift; sourceTree = "<group>"; };
		3C0430052314BFC100758339 /* BushelScript Editor-Bridging-Header.h */ = {isa = PBXFileReference; lastKnownFileType = sourcecode.c.h; path = "BushelScript Editor-Bridging-Header.h"; sourceTree = "<group>"; };
		3C0430072314BFC200758339 /* AppDelegate+Swizzling.m */ = {isa = PBXFileReference; lastKnownFileType = sourcecode.c.objc; path = "AppDelegate+Swizzling.m"; sourceTree = "<group>"; };
		3C0430092314CF7900758339 /* PropagatingTabViewController.swift */ = {isa = PBXFileReference; lastKnownFileType = sourcecode.swift; path = PropagatingTabViewController.swift; sourceTree = "<group>"; };
		3C04308323199A2800758339 /* Preferences.storyboard */ = {isa = PBXFileReference; lastKnownFileType = file.storyboard; path = Preferences.storyboard; sourceTree = "<group>"; xcLanguageSpecificationIdentifier = xcode.lang.xml; };
		3C0566AA23135673004CDB1A /* BushelScript Editor.app */ = {isa = PBXFileReference; explicitFileType = wrapper.application; includeInIndex = 0; path = "BushelScript Editor.app"; sourceTree = BUILT_PRODUCTS_DIR; };
		3C0566AD23135673004CDB1A /* AppDelegate.swift */ = {isa = PBXFileReference; lastKnownFileType = sourcecode.swift; path = AppDelegate.swift; sourceTree = "<group>"; };
		3C0566AF23135673004CDB1A /* DocumentVC.swift */ = {isa = PBXFileReference; lastKnownFileType = sourcecode.swift; path = DocumentVC.swift; sourceTree = "<group>"; };
		3C0566B123135673004CDB1A /* Document.swift */ = {isa = PBXFileReference; lastKnownFileType = sourcecode.swift; path = Document.swift; sourceTree = "<group>"; };
		3C0566B323135675004CDB1A /* Assets.xcassets */ = {isa = PBXFileReference; lastKnownFileType = folder.assetcatalog; path = Assets.xcassets; sourceTree = "<group>"; };
		3C0566B623135675004CDB1A /* Base */ = {isa = PBXFileReference; lastKnownFileType = file.storyboard; name = Base; path = Base.lproj/Main.storyboard; sourceTree = "<group>"; };
		3C0566B823135675004CDB1A /* Info.plist */ = {isa = PBXFileReference; lastKnownFileType = text.plist.xml; path = Info.plist; sourceTree = "<group>"; };
		3C0566BE23135675004CDB1A /* BushelScript EditorTests.xctest */ = {isa = PBXFileReference; explicitFileType = wrapper.cfbundle; includeInIndex = 0; path = "BushelScript EditorTests.xctest"; sourceTree = BUILT_PRODUCTS_DIR; };
		3C0566C423135675004CDB1A /* Info.plist */ = {isa = PBXFileReference; lastKnownFileType = text.plist.xml; path = Info.plist; sourceTree = "<group>"; };
		3C0566DB23135690004CDB1A /* Bushel.xcodeproj */ = {isa = PBXFileReference; lastKnownFileType = "wrapper.pb-project"; name = Bushel.xcodeproj; path = ../Bushel.xcodeproj; sourceTree = "<group>"; };
		3C056716231359C6004CDB1A /* Errors.swift */ = {isa = PBXFileReference; lastKnownFileType = sourcecode.swift; path = Errors.swift; sourceTree = "<group>"; };
		3C2046EF268EAEC100C52E2B /* Standard Library Tests.xctest */ = {isa = PBXFileReference; explicitFileType = wrapper.cfbundle; includeInIndex = 0; path = "Standard Library Tests.xctest"; sourceTree = BUILT_PRODUCTS_DIR; };
		3C2046F1268EAEC100C52E2B /* StandardLibraryTests.swift */ = {isa = PBXFileReference; lastKnownFileType = sourcecode.swift; path = StandardLibraryTests.swift; sourceTree = "<group>"; };
		3C2046F3268EAEC100C52E2B /* Info.plist */ = {isa = PBXFileReference; lastKnownFileType = text.plist.xml; path = Info.plist; sourceTree = "<group>"; };
		3C204700268EB30F00C52E2B /* Tests */ = {isa = PBXFileReference; lastKnownFileType = folder; name = Tests; path = "../Standard Library/Tests"; sourceTree = "<group>"; };
		3C204702268EB31E00C52E2B /* Libraries */ = {isa = PBXFileReference; lastKnownFileType = folder; name = Libraries; path = "../Standard Library/Libraries"; sourceTree = "<group>"; };
		3C249D472319C1D700F5826E /* PreferencesViewController.swift */ = {isa = PBXFileReference; lastKnownFileType = sourcecode.swift; path = PreferencesViewController.swift; sourceTree = "<group>"; };
		3C26BA8C268184D800452D9E /* Menu.swift */ = {isa = PBXFileReference; lastKnownFileType = sourcecode.swift; path = Menu.swift; sourceTree = "<group>"; };
		3C2A9CEF2679665E0084716C /* InterpreterPrefsVC.swift */ = {isa = PBXFileReference; fileEncoding = 4; lastKnownFileType = sourcecode.swift; path = InterpreterPrefsVC.swift; sourceTree = "<group>"; };
		3C2A9D1E2679DE3A0084716C /* EditorTextView.swift */ = {isa = PBXFileReference; lastKnownFileType = sourcecode.swift; path = EditorTextView.swift; sourceTree = "<group>"; };
		3C2BC9A923E258E400CB8C20 /* InlineErrorVC.swift */ = {isa = PBXFileReference; lastKnownFileType = sourcecode.swift; path = InlineErrorVC.swift; sourceTree = "<group>"; };
		3C2BC9AA23E258E400CB8C20 /* InlineErrorVC.xib */ = {isa = PBXFileReference; lastKnownFileType = file.xib; path = InlineErrorVC.xib; sourceTree = "<group>"; };
		3C2E1344231B709000E0EB8E /* NoHashbang.bushel */ = {isa = PBXFileReference; fileEncoding = 4; lastKnownFileType = text; path = NoHashbang.bushel; sourceTree = "<group>"; };
		3C3355F023490F2500AEAAE9 /* NSTabViewController+SelectionConvenience.swift */ = {isa = PBXFileReference; lastKnownFileType = sourcecode.swift; path = "NSTabViewController+SelectionConvenience.swift"; sourceTree = "<group>"; };
		3C3C1810231A20B100553072 /* DocumentWC.swift */ = {isa = PBXFileReference; lastKnownFileType = sourcecode.swift; path = DocumentWC.swift; sourceTree = "<group>"; };
		3C3C1812231AA65300553072 /* LinkOpener.swift */ = {isa = PBXFileReference; lastKnownFileType = sourcecode.swift; path = LinkOpener.swift; sourceTree = "<group>"; };
		3C3C1814231AA70B00553072 /* Logging.swift */ = {isa = PBXFileReference; lastKnownFileType = sourcecode.swift; path = Logging.swift; sourceTree = "<group>"; };
		3C3C1827231AE12700553072 /* HashbangTests.swift */ = {isa = PBXFileReference; lastKnownFileType = sourcecode.swift; path = HashbangTests.swift; sourceTree = "<group>"; };
		3C3C1829231B585200553072 /* CustomHashbang.bushel */ = {isa = PBXFileReference; lastKnownFileType = text; path = CustomHashbang.bushel; sourceTree = "<group>"; };
		3C66A80B23CA6BC7005BA372 /* OSAKit.framework */ = {isa = PBXFileReference; lastKnownFileType = wrapper.framework; name = OSAKit.framework; path = System/Library/Frameworks/OSAKit.framework; sourceTree = SDKROOT; };
		3C66A80D23CA6F83005BA372 /* OSADictionaryController.h */ = {isa = PBXFileReference; lastKnownFileType = sourcecode.c.h; path = OSADictionaryController.h; sourceTree = "<group>"; };
		3C76927023E0E635008FE565 /* UnarchiveFontVT.swift */ = {isa = PBXFileReference; lastKnownFileType = sourcecode.swift; path = UnarchiveFontVT.swift; sourceTree = "<group>"; };
		3C76927823E0FC76008FE565 /* GeneralPrefsVC.swift */ = {isa = PBXFileReference; lastKnownFileType = sourcecode.swift; path = GeneralPrefsVC.swift; sourceTree = "<group>"; };
		3C76927A23E1D8DA008FE565 /* InlineErrorView.swift */ = {isa = PBXFileReference; lastKnownFileType = sourcecode.swift; path = InlineErrorView.swift; sourceTree = "<group>"; };
		3C7A6C9E23CBC2D6007F5D84 /* OSADictionary.h */ = {isa = PBXFileReference; lastKnownFileType = sourcecode.c.h; path = OSADictionary.h; sourceTree = "<group>"; };
		3C7A6CBD23CBCB25007F5D84 /* OSADictionaryWindowController.h */ = {isa = PBXFileReference; fileEncoding = 4; lastKnownFileType = sourcecode.c.h; path = OSADictionaryWindowController.h; sourceTree = "<group>"; };
		3C7A6CBE23CBCD51007F5D84 /* OSADictionaryWindowCustomization.swift */ = {isa = PBXFileReference; lastKnownFileType = sourcecode.swift; path = OSADictionaryWindowCustomization.swift; sourceTree = "<group>"; };
		3C7A6CC023CBD5E5007F5D84 /* DictionaryDocument.swift */ = {isa = PBXFileReference; fileEncoding = 4; lastKnownFileType = sourcecode.swift; path = DictionaryDocument.swift; sourceTree = "<group>"; };
		3C9FD7B423E53E5500279945 /* bushelscript.xcodeproj */ = {isa = PBXFileReference; lastKnownFileType = "wrapper.pb-project"; name = bushelscript.xcodeproj; path = ../bushelscript/bushelscript.xcodeproj; sourceTree = "<group>"; };
		3CD1D0602319A07100DD01A9 /* Defaults.swift */ = {isa = PBXFileReference; lastKnownFileType = sourcecode.swift; path = Defaults.swift; sourceTree = "<group>"; };
		3CEC9DB7267EED0D00E53CC0 /* Sparkle.framework */ = {isa = PBXFileReference; lastKnownFileType = wrapper.framework; name = Sparkle.framework; path = vendor/Sparkle.framework; sourceTree = "<group>"; };
		3CEF50422352948E008603E3 /* BushelScript Editor.entitlements */ = {isa = PBXFileReference; lastKnownFileType = text.plist.entitlements; path = "BushelScript Editor.entitlements"; sourceTree = "<group>"; };
		3CFEC5112677EFEF001EEF12 /* SidebarVC.swift */ = {isa = PBXFileReference; lastKnownFileType = sourcecode.swift; path = SidebarVC.swift; sourceTree = "<group>"; };
		3CFEC51A2677F33B001EEF12 /* Notification.swift */ = {isa = PBXFileReference; lastKnownFileType = sourcecode.swift; path = Notification.swift; sourceTree = "<group>"; };
		3CFEC51C2677FA7B001EEF12 /* Observation.swift */ = {isa = PBXFileReference; lastKnownFileType = sourcecode.swift; path = Observation.swift; sourceTree = "<group>"; };
		3CFEC51E26781714001EEF12 /* MainSplitVC.swift */ = {isa = PBXFileReference; fileEncoding = 4; lastKnownFileType = sourcecode.swift; path = MainSplitVC.swift; sourceTree = "<group>"; };
		3CFEC52026781BD1001EEF12 /* ObjectInspector2VC.swift */ = {isa = PBXFileReference; fileEncoding = 4; lastKnownFileType = sourcecode.swift; path = ObjectInspector2VC.swift; sourceTree = "<group>"; };
		3CFEC52226781C06001EEF12 /* ObjectInspector2.storyboard */ = {isa = PBXFileReference; fileEncoding = 4; lastKnownFileType = file.storyboard; path = ObjectInspector2.storyboard; sourceTree = "<group>"; };
		3CFEC52426781CEC001EEF12 /* ResultInspectorVC.swift */ = {isa = PBXFileReference; fileEncoding = 4; lastKnownFileType = sourcecode.swift; path = ResultInspectorVC.swift; sourceTree = "<group>"; };
		3CFEC5262678237A001EEF12 /* ExpressionInspectorVC.swift */ = {isa = PBXFileReference; fileEncoding = 4; lastKnownFileType = sourcecode.swift; path = ExpressionInspectorVC.swift; sourceTree = "<group>"; };
/* End PBXFileReference section */

/* Begin PBXFrameworksBuildPhase section */
		3C0566A723135673004CDB1A /* Frameworks */ = {
			isa = PBXFrameworksBuildPhase;
			buildActionMask = 2147483647;
			files = (
				3C12EFA12354E7640057E0CC /* Defaults in Frameworks */,
				3C2A9CE726793D6F0084716C /* Bushel.framework in Frameworks */,
				3CEC9DBD267EED0D00E53CC0 /* Sparkle.framework in Frameworks */,
				3C2A9CDF26793CF60084716C /* BushelRT.framework in Frameworks */,
				3C66A80C23CA6BC7005BA372 /* OSAKit.framework in Frameworks */,
			);
			runOnlyForDeploymentPostprocessing = 0;
		};
		3C0566BB23135675004CDB1A /* Frameworks */ = {
			isa = PBXFrameworksBuildPhase;
			buildActionMask = 2147483647;
			files = (
			);
			runOnlyForDeploymentPostprocessing = 0;
		};
		3C2046EC268EAEC100C52E2B /* Frameworks */ = {
			isa = PBXFrameworksBuildPhase;
			buildActionMask = 2147483647;
			files = (
			);
			runOnlyForDeploymentPostprocessing = 0;
		};
/* End PBXFrameworksBuildPhase section */

/* Begin PBXGroup section */
		3C04308223199A1800758339 /* Preferences */ = {
			isa = PBXGroup;
			children = (
				3C249D472319C1D700F5826E /* PreferencesViewController.swift */,
				3C76927823E0FC76008FE565 /* GeneralPrefsVC.swift */,
				3C2A9CEF2679665E0084716C /* InterpreterPrefsVC.swift */,
				3C04308323199A2800758339 /* Preferences.storyboard */,
			);
			path = Preferences;
			sourceTree = "<group>";
		};
		3C0566A123135673004CDB1A = {
			isa = PBXGroup;
			children = (
				3C2046FF268EB2A100C52E2B /* Standard Library */,
				3C9FD7B423E53E5500279945 /* bushelscript.xcodeproj */,
				3C0566DB23135690004CDB1A /* Bushel.xcodeproj */,
				3C0566AC23135673004CDB1A /* BushelScript Editor */,
				3C0566C123135675004CDB1A /* BushelScript EditorTests */,
				3C10565E23E0AD7C00877A5C /* Headers */,
				3C2046F0268EAEC100C52E2B /* Standard Library Tests */,
				3C0566AB23135673004CDB1A /* Products */,
				3C05670C231356E7004CDB1A /* Frameworks */,
			);
			sourceTree = "<group>";
		};
		3C0566AB23135673004CDB1A /* Products */ = {
			isa = PBXGroup;
			children = (
				3C0566AA23135673004CDB1A /* BushelScript Editor.app */,
				3C0566BE23135675004CDB1A /* BushelScript EditorTests.xctest */,
				3C2046EF268EAEC100C52E2B /* Standard Library Tests.xctest */,
			);
			name = Products;
			sourceTree = "<group>";
		};
		3C0566AC23135673004CDB1A /* BushelScript Editor */ = {
			isa = PBXGroup;
			children = (
				3C0566B523135675004CDB1A /* Main.storyboard */,
				3C2A9D1E2679DE3A0084716C /* EditorTextView.swift */,
				3CFEC5112677EFEF001EEF12 /* SidebarVC.swift */,
				3CFEC51E26781714001EEF12 /* MainSplitVC.swift */,
				3CFEC52026781BD1001EEF12 /* ObjectInspector2VC.swift */,
				3CFEC52226781C06001EEF12 /* ObjectInspector2.storyboard */,
				3CFEC52426781CEC001EEF12 /* ResultInspectorVC.swift */,
				3CFEC5262678237A001EEF12 /* ExpressionInspectorVC.swift */,
				3CFEC51A2677F33B001EEF12 /* Notification.swift */,
				3C2BC9EF23E27FAE00CB8C20 /* Documents */,
				3C2BC9B323E2754600CB8C20 /* Inline Errors */,
				3C04308223199A1800758339 /* Preferences */,
				3C2BC9EE23E27F4F00CB8C20 /* Utilities */,
				3C3C1826231ADED200553072 /* App Bookkeeping */,
				3C2BC9B623E2766100CB8C20 /* Assets */,
				3C2BC9B523E2764400CB8C20 /* Info */,
			);
			path = "BushelScript Editor";
			sourceTree = "<group>";
		};
		3C0566C123135675004CDB1A /* BushelScript EditorTests */ = {
			isa = PBXGroup;
			children = (
				3C2E1346231B70AC00E0EB8E /* HashbangTests */,
				3C0566C423135675004CDB1A /* Info.plist */,
			);
			path = "BushelScript EditorTests";
			sourceTree = "<group>";
		};
		3C0566DC23135690004CDB1A /* Products */ = {
			isa = PBXGroup;
			children = (
				3C0566EA23135690004CDB1A /* Bushel.framework */,
				3C0566EC23135690004CDB1A /* BushelTests.xctest */,
				3CFA68C423EE300E00A3E87E /* BushelLanguageTestingTools.framework */,
				3C0566FC23135690004CDB1A /* bushelscript_en.bundle */,
				3C0566FE23135690004CDB1A /* bushelscript_en Tests.xctest */,
				3C0566EE23135690004CDB1A /* BushelRT.framework */,
				3C0566F023135690004CDB1A /* BushelRTTests.xctest */,
				3CFA68C623EE300E00A3E87E /* BushelGUIHost.app */,
			);
			name = Products;
			sourceTree = "<group>";
		};
		3C05670C231356E7004CDB1A /* Frameworks */ = {
			isa = PBXGroup;
			children = (
				3CEC9DB7267EED0D00E53CC0 /* Sparkle.framework */,
				3C66A80B23CA6BC7005BA372 /* OSAKit.framework */,
			);
			name = Frameworks;
			sourceTree = "<group>";
		};
		3C10565E23E0AD7C00877A5C /* Headers */ = {
			isa = PBXGroup;
			children = (
				3C0430052314BFC100758339 /* BushelScript Editor-Bridging-Header.h */,
				3C7A6CBD23CBCB25007F5D84 /* OSADictionaryWindowController.h */,
				3C66A80D23CA6F83005BA372 /* OSADictionaryController.h */,
				3C7A6C9E23CBC2D6007F5D84 /* OSADictionary.h */,
			);
			name = Headers;
			sourceTree = "<group>";
		};
		3C2046F0268EAEC100C52E2B /* Standard Library Tests */ = {
			isa = PBXGroup;
			children = (
				3C2046F1268EAEC100C52E2B /* StandardLibraryTests.swift */,
				3C2046F3268EAEC100C52E2B /* Info.plist */,
			);
			path = "Standard Library Tests";
			sourceTree = "<group>";
		};
		3C2046FF268EB2A100C52E2B /* Standard Library */ = {
			isa = PBXGroup;
			children = (
				3C204702268EB31E00C52E2B /* Libraries */,
				3C204700268EB30F00C52E2B /* Tests */,
			);
			name = "Standard Library";
			sourceTree = "<group>";
		};
		3C2BC9B323E2754600CB8C20 /* Inline Errors */ = {
			isa = PBXGroup;
			children = (
				3C2BC9A923E258E400CB8C20 /* InlineErrorVC.swift */,
				3C2BC9AA23E258E400CB8C20 /* InlineErrorVC.xib */,
				3C76927A23E1D8DA008FE565 /* InlineErrorView.swift */,
			);
			path = "Inline Errors";
			sourceTree = "<group>";
		};
		3C2BC9B423E275DF00CB8C20 /* Data Propagation */ = {
			isa = PBXGroup;
			children = (
				3C3355F023490F2500AEAAE9 /* NSTabViewController+SelectionConvenience.swift */,
				3C0430092314CF7900758339 /* PropagatingTabViewController.swift */,
				3C0430012314BECD00758339 /* ModelPropagation.swift */,
			);
			path = "Data Propagation";
			sourceTree = "<group>";
		};
		3C2BC9B523E2764400CB8C20 /* Info */ = {
			isa = PBXGroup;
			children = (
				3C0566B823135675004CDB1A /* Info.plist */,
				3CEF50422352948E008603E3 /* BushelScript Editor.entitlements */,
			);
			path = Info;
			sourceTree = "<group>";
		};
		3C2BC9B623E2766100CB8C20 /* Assets */ = {
			isa = PBXGroup;
			children = (
				3C0566B323135675004CDB1A /* Assets.xcassets */,
			);
			path = Assets;
			sourceTree = "<group>";
		};
		3C2BC9ED23E27F0500CB8C20 /* Value Transformers */ = {
			isa = PBXGroup;
			children = (
				3C76927023E0E635008FE565 /* UnarchiveFontVT.swift */,
			);
			path = "Value Transformers";
			sourceTree = "<group>";
		};
		3C2BC9EE23E27F4F00CB8C20 /* Utilities */ = {
			isa = PBXGroup;
			children = (
				3C2BC9ED23E27F0500CB8C20 /* Value Transformers */,
				3C3C1812231AA65300553072 /* LinkOpener.swift */,
				3CFEC51C2677FA7B001EEF12 /* Observation.swift */,
				3C26BA8C268184D800452D9E /* Menu.swift */,
			);
			path = Utilities;
			sourceTree = "<group>";
		};
		3C2BC9EF23E27FAE00CB8C20 /* Documents */ = {
			isa = PBXGroup;
			children = (
				3C3C1810231A20B100553072 /* DocumentWC.swift */,
				3C0566AF23135673004CDB1A /* DocumentVC.swift */,
				3C0566B123135673004CDB1A /* Document.swift */,
				3C2BC9F023E27FCE00CB8C20 /* Dictionaries */,
			);
			path = Documents;
			sourceTree = "<group>";
		};
		3C2BC9F023E27FCE00CB8C20 /* Dictionaries */ = {
			isa = PBXGroup;
			children = (
				3C7A6CC023CBD5E5007F5D84 /* DictionaryDocument.swift */,
				3C7A6CBE23CBCD51007F5D84 /* OSADictionaryWindowCustomization.swift */,
			);
			path = Dictionaries;
			sourceTree = "<group>";
		};
		3C2E1346231B70AC00E0EB8E /* HashbangTests */ = {
			isa = PBXGroup;
			children = (
				3C3C1827231AE12700553072 /* HashbangTests.swift */,
				3C2E1344231B709000E0EB8E /* NoHashbang.bushel */,
				3C3C1829231B585200553072 /* CustomHashbang.bushel */,
			);
			path = HashbangTests;
			sourceTree = "<group>";
		};
		3C3C1826231ADED200553072 /* App Bookkeeping */ = {
			isa = PBXGroup;
			children = (
				3C2BC9B423E275DF00CB8C20 /* Data Propagation */,
				3C0430072314BFC200758339 /* AppDelegate+Swizzling.m */,
				3C0566AD23135673004CDB1A /* AppDelegate.swift */,
				3CD1D0602319A07100DD01A9 /* Defaults.swift */,
				3C056716231359C6004CDB1A /* Errors.swift */,
				3C3C1814231AA70B00553072 /* Logging.swift */,
			);
			path = "App Bookkeeping";
			sourceTree = "<group>";
		};
		3C9FD7B523E53E5500279945 /* Products */ = {
			isa = PBXGroup;
			children = (
				3C9FD7B923E53E5500279945 /* bushelscript */,
			);
			name = Products;
			sourceTree = "<group>";
		};
/* End PBXGroup section */

/* Begin PBXNativeTarget section */
		3C0566A923135673004CDB1A /* BushelScript Editor */ = {
			isa = PBXNativeTarget;
			buildConfigurationList = 3C0566D223135675004CDB1A /* Build configuration list for PBXNativeTarget "BushelScript Editor" */;
			buildPhases = (
				3C0566A623135673004CDB1A /* Sources */,
				3C0566A723135673004CDB1A /* Frameworks */,
				3C0566A823135673004CDB1A /* Resources */,
				3C2A9CF12679890C0084716C /* Embed Shared Frameworks */,
				3C2A9CE126793CF60084716C /* Embed Frameworks */,
				3C2A9CE926793E780084716C /* Copy Language Modules */,
				3C6D20A023BA7A5500E7E321 /* Copy SPM Dependency Licenses */,
			);
			buildRules = (
			);
			dependencies = (
				3C554CB323F7AFE50029E71A /* PBXTargetDependency */,
				3C906EF1231C7D380099B139 /* PBXTargetDependency */,
				3C9FD7C023E5455700279945 /* PBXTargetDependency */,
				3C9FD7BE23E5455200279945 /* PBXTargetDependency */,
			);
			name = "BushelScript Editor";
			packageProductDependencies = (
				3C12EFA02354E7640057E0CC /* Defaults */,
			);
			productName = "BushelScript Editor";
			productReference = 3C0566AA23135673004CDB1A /* BushelScript Editor.app */;
			productType = "com.apple.product-type.application";
		};
		3C0566BD23135675004CDB1A /* BushelScript EditorTests */ = {
			isa = PBXNativeTarget;
			buildConfigurationList = 3C0566D523135675004CDB1A /* Build configuration list for PBXNativeTarget "BushelScript EditorTests" */;
			buildPhases = (
				3C0566BA23135675004CDB1A /* Sources */,
				3C0566BB23135675004CDB1A /* Frameworks */,
				3C0566BC23135675004CDB1A /* Resources */,
			);
			buildRules = (
			);
			dependencies = (
				3C0566C023135675004CDB1A /* PBXTargetDependency */,
			);
			name = "BushelScript EditorTests";
			productName = "BushelScript EditorTests";
			productReference = 3C0566BE23135675004CDB1A /* BushelScript EditorTests.xctest */;
			productType = "com.apple.product-type.bundle.unit-test";
		};
		3C2046EE268EAEC100C52E2B /* Standard Library Tests */ = {
			isa = PBXNativeTarget;
			buildConfigurationList = 3C2046F4268EAEC100C52E2B /* Build configuration list for PBXNativeTarget "Standard Library Tests" */;
			buildPhases = (
				3C2046EB268EAEC100C52E2B /* Sources */,
				3C2046EC268EAEC100C52E2B /* Frameworks */,
				3C2046ED268EAEC100C52E2B /* Resources */,
			);
			buildRules = (
			);
			dependencies = (
				3C2046F9268EAEDF00C52E2B /* PBXTargetDependency */,
			);
			name = "Standard Library Tests";
			productName = "Standard Library Tests";
			productReference = 3C2046EF268EAEC100C52E2B /* Standard Library Tests.xctest */;
			productType = "com.apple.product-type.bundle.unit-test";
		};
/* End PBXNativeTarget section */

/* Begin PBXProject section */
		3C0566A223135673004CDB1A /* Project object */ = {
			isa = PBXProject;
			attributes = {
				LastSwiftUpdateCheck = 1250;
				LastUpgradeCheck = 1200;
				ORGANIZATIONNAME = "Ian Gregory";
				TargetAttributes = {
					3C0566A923135673004CDB1A = {
						CreatedOnToolsVersion = 10.2.1;
						LastSwiftMigration = 1020;
					};
					3C0566BD23135675004CDB1A = {
						CreatedOnToolsVersion = 10.2.1;
						TestTargetID = 3C0566A923135673004CDB1A;
					};
					3C2046EE268EAEC100C52E2B = {
						CreatedOnToolsVersion = 12.5;
						TestTargetID = 3C0566A923135673004CDB1A;
					};
				};
			};
			buildConfigurationList = 3C0566A523135673004CDB1A /* Build configuration list for PBXProject "BushelScript Editor" */;
			compatibilityVersion = "Xcode 9.3";
			developmentRegion = en;
			hasScannedForEncodings = 0;
			knownRegions = (
				en,
				Base,
			);
			mainGroup = 3C0566A123135673004CDB1A;
			packageReferences = (
				3C12EF9F2354E7640057E0CC /* XCRemoteSwiftPackageReference "Defaults" */,
			);
			productRefGroup = 3C0566AB23135673004CDB1A /* Products */;
			projectDirPath = "";
			projectReferences = (
				{
					ProductGroup = 3C0566DC23135690004CDB1A /* Products */;
					ProjectRef = 3C0566DB23135690004CDB1A /* Bushel.xcodeproj */;
				},
				{
					ProductGroup = 3C9FD7B523E53E5500279945 /* Products */;
					ProjectRef = 3C9FD7B423E53E5500279945 /* bushelscript.xcodeproj */;
				},
			);
			projectRoot = "";
			targets = (
				3C0566A923135673004CDB1A /* BushelScript Editor */,
				3C0566BD23135675004CDB1A /* BushelScript EditorTests */,
				3C2046EE268EAEC100C52E2B /* Standard Library Tests */,
			);
		};
/* End PBXProject section */

/* Begin PBXReferenceProxy section */
		3C0566EA23135690004CDB1A /* Bushel.framework */ = {
			isa = PBXReferenceProxy;
			fileType = wrapper.framework;
			path = Bushel.framework;
			remoteRef = 3C0566E923135690004CDB1A /* PBXContainerItemProxy */;
			sourceTree = BUILT_PRODUCTS_DIR;
		};
		3C0566EC23135690004CDB1A /* BushelTests.xctest */ = {
			isa = PBXReferenceProxy;
			fileType = wrapper.cfbundle;
			path = BushelTests.xctest;
			remoteRef = 3C0566EB23135690004CDB1A /* PBXContainerItemProxy */;
			sourceTree = BUILT_PRODUCTS_DIR;
		};
		3C0566EE23135690004CDB1A /* BushelRT.framework */ = {
			isa = PBXReferenceProxy;
			fileType = wrapper.framework;
			path = BushelRT.framework;
			remoteRef = 3C0566ED23135690004CDB1A /* PBXContainerItemProxy */;
			sourceTree = BUILT_PRODUCTS_DIR;
		};
		3C0566F023135690004CDB1A /* BushelRTTests.xctest */ = {
			isa = PBXReferenceProxy;
			fileType = wrapper.cfbundle;
			path = BushelRTTests.xctest;
			remoteRef = 3C0566EF23135690004CDB1A /* PBXContainerItemProxy */;
			sourceTree = BUILT_PRODUCTS_DIR;
		};
		3C0566FC23135690004CDB1A /* bushelscript_en.bundle */ = {
			isa = PBXReferenceProxy;
			fileType = wrapper.cfbundle;
			path = bushelscript_en.bundle;
			remoteRef = 3C0566FB23135690004CDB1A /* PBXContainerItemProxy */;
			sourceTree = BUILT_PRODUCTS_DIR;
		};
		3C0566FE23135690004CDB1A /* bushelscript_en Tests.xctest */ = {
			isa = PBXReferenceProxy;
			fileType = wrapper.cfbundle;
			path = "bushelscript_en Tests.xctest";
			remoteRef = 3C0566FD23135690004CDB1A /* PBXContainerItemProxy */;
			sourceTree = BUILT_PRODUCTS_DIR;
		};
		3C9FD7B923E53E5500279945 /* bushelscript */ = {
			isa = PBXReferenceProxy;
			fileType = "compiled.mach-o.executable";
			path = bushelscript;
			remoteRef = 3C9FD7B823E53E5500279945 /* PBXContainerItemProxy */;
			sourceTree = BUILT_PRODUCTS_DIR;
		};
		3CFA68C423EE300E00A3E87E /* BushelLanguageTestingTools.framework */ = {
			isa = PBXReferenceProxy;
			fileType = wrapper.framework;
			path = BushelLanguageTestingTools.framework;
			remoteRef = 3CFA68C323EE300E00A3E87E /* PBXContainerItemProxy */;
			sourceTree = BUILT_PRODUCTS_DIR;
		};
		3CFA68C623EE300E00A3E87E /* BushelGUIHost.app */ = {
			isa = PBXReferenceProxy;
			fileType = wrapper.application;
			path = BushelGUIHost.app;
			remoteRef = 3CFA68C523EE300E00A3E87E /* PBXContainerItemProxy */;
			sourceTree = BUILT_PRODUCTS_DIR;
		};
/* End PBXReferenceProxy section */

/* Begin PBXResourcesBuildPhase section */
		3C0566A823135673004CDB1A /* Resources */ = {
			isa = PBXResourcesBuildPhase;
			buildActionMask = 2147483647;
			files = (
				3C2A9CEA267940360084716C /* bushelscript in Resources */,
				3C2A9CE826793E690084716C /* BushelGUIHost.app in Resources */,
				3C204703268EB31E00C52E2B /* Libraries in Resources */,
				3C0566B423135675004CDB1A /* Assets.xcassets in Resources */,
				3C2BC9EC23E27E6200CB8C20 /* Main.storyboard in Resources */,
				3C04308423199A2800758339 /* Preferences.storyboard in Resources */,
				3CFEC52326781C06001EEF12 /* ObjectInspector2.storyboard in Resources */,
				3C2BC9AC23E258E400CB8C20 /* InlineErrorVC.xib in Resources */,
			);
			runOnlyForDeploymentPostprocessing = 0;
		};
		3C0566BC23135675004CDB1A /* Resources */ = {
			isa = PBXResourcesBuildPhase;
			buildActionMask = 2147483647;
			files = (
				3C3C182A231B585200553072 /* CustomHashbang.bushel in Resources */,
				3C2E1345231B709000E0EB8E /* NoHashbang.bushel in Resources */,
			);
			runOnlyForDeploymentPostprocessing = 0;
		};
		3C2046ED268EAEC100C52E2B /* Resources */ = {
			isa = PBXResourcesBuildPhase;
			buildActionMask = 2147483647;
			files = (
				3C204701268EB30F00C52E2B /* Tests in Resources */,
			);
			runOnlyForDeploymentPostprocessing = 0;
		};
/* End PBXResourcesBuildPhase section */

/* Begin PBXShellScriptBuildPhase section */
		3C6D20A023BA7A5500E7E321 /* Copy SPM Dependency Licenses */ = {
			isa = PBXShellScriptBuildPhase;
			buildActionMask = 8;
			files = (
			);
			inputFileListPaths = (
			);
			inputPaths = (
				"$(SRCROOT)/SPMLicenses.txt",
			);
			name = "Copy SPM Dependency Licenses";
			outputFileListPaths = (
			);
			outputPaths = (
			);
			runOnlyForDeploymentPostprocessing = 1;
			shellPath = /bin/sh;
			shellScript = "\"$SRCROOT/../BuildScripts/copy-spm-licenses-into-product.rb\"\n";
			showEnvVarsInLog = 0;
		};
/* End PBXShellScriptBuildPhase section */

/* Begin PBXSourcesBuildPhase section */
		3C0566A623135673004CDB1A /* Sources */ = {
			isa = PBXSourcesBuildPhase;
			buildActionMask = 2147483647;
			files = (
				3CFEC52526781CEC001EEF12 /* ResultInspectorVC.swift in Sources */,
				3C2A9D1F2679DE3A0084716C /* EditorTextView.swift in Sources */,
				3CFEC5122677EFEF001EEF12 /* SidebarVC.swift in Sources */,
				3C7A6CBF23CBCD51007F5D84 /* OSADictionaryWindowCustomization.swift in Sources */,
				3C056717231359C6004CDB1A /* Errors.swift in Sources */,
				3CFEC52126781BD1001EEF12 /* ObjectInspector2VC.swift in Sources */,
				3C0566B023135673004CDB1A /* DocumentVC.swift in Sources */,
				3C2BC9AB23E258E400CB8C20 /* InlineErrorVC.swift in Sources */,
				3C0430082314BFC200758339 /* AppDelegate+Swizzling.m in Sources */,
				3CFEC51D2677FA7B001EEF12 /* Observation.swift in Sources */,
				3C3C1813231AA65300553072 /* LinkOpener.swift in Sources */,
				3C0566AE23135673004CDB1A /* AppDelegate.swift in Sources */,
				3C3355F123490F2500AEAAE9 /* NSTabViewController+SelectionConvenience.swift in Sources */,
				3C0566B223135673004CDB1A /* Document.swift in Sources */,
				3C0430022314BECD00758339 /* ModelPropagation.swift in Sources */,
				3C7A6CC123CBD5E5007F5D84 /* DictionaryDocument.swift in Sources */,
				3CFEC5272678237A001EEF12 /* ExpressionInspectorVC.swift in Sources */,
				3C249D482319C1D700F5826E /* PreferencesViewController.swift in Sources */,
				3C26BA8D268184D800452D9E /* Menu.swift in Sources */,
				3C04300A2314CF7900758339 /* PropagatingTabViewController.swift in Sources */,
				3C3C1811231A20B100553072 /* DocumentWC.swift in Sources */,
				3CFEC51F26781714001EEF12 /* MainSplitVC.swift in Sources */,
				3C76927B23E1D8DA008FE565 /* InlineErrorView.swift in Sources */,
				3CD1D0612319A07100DD01A9 /* Defaults.swift in Sources */,
				3CFEC51B2677F33B001EEF12 /* Notification.swift in Sources */,
				3C76927923E0FC76008FE565 /* GeneralPrefsVC.swift in Sources */,
				3C76927123E0E635008FE565 /* UnarchiveFontVT.swift in Sources */,
				3C2A9CF02679665E0084716C /* InterpreterPrefsVC.swift in Sources */,
				3C3C1815231AA70B00553072 /* Logging.swift in Sources */,
			);
			runOnlyForDeploymentPostprocessing = 0;
		};
		3C0566BA23135675004CDB1A /* Sources */ = {
			isa = PBXSourcesBuildPhase;
			buildActionMask = 2147483647;
			files = (
				3C3C1828231AE12700553072 /* HashbangTests.swift in Sources */,
			);
			runOnlyForDeploymentPostprocessing = 0;
		};
		3C2046EB268EAEC100C52E2B /* Sources */ = {
			isa = PBXSourcesBuildPhase;
			buildActionMask = 2147483647;
			files = (
				3C2046F2268EAEC100C52E2B /* StandardLibraryTests.swift in Sources */,
			);
			runOnlyForDeploymentPostprocessing = 0;
		};
/* End PBXSourcesBuildPhase section */

/* Begin PBXTargetDependency section */
		3C0566C023135675004CDB1A /* PBXTargetDependency */ = {
			isa = PBXTargetDependency;
			target = 3C0566A923135673004CDB1A /* BushelScript Editor */;
			targetProxy = 3C0566BF23135675004CDB1A /* PBXContainerItemProxy */;
		};
		3C2046F9268EAEDF00C52E2B /* PBXTargetDependency */ = {
			isa = PBXTargetDependency;
			target = 3C0566A923135673004CDB1A /* BushelScript Editor */;
			targetProxy = 3C2046F8268EAEDF00C52E2B /* PBXContainerItemProxy */;
		};
		3C554CB323F7AFE50029E71A /* PBXTargetDependency */ = {
			isa = PBXTargetDependency;
			name = BushelGUIHost;
			targetProxy = 3C554CB223F7AFE50029E71A /* PBXContainerItemProxy */;
		};
		3C906EF1231C7D380099B139 /* PBXTargetDependency */ = {
			isa = PBXTargetDependency;
			name = BushelScriptEnglish;
			targetProxy = 3C906EF0231C7D380099B139 /* PBXContainerItemProxy */;
		};
		3C9FD7BE23E5455200279945 /* PBXTargetDependency */ = {
			isa = PBXTargetDependency;
			name = bushelscript;
			targetProxy = 3C9FD7BD23E5455200279945 /* PBXContainerItemProxy */;
		};
		3C9FD7C023E5455700279945 /* PBXTargetDependency */ = {
			isa = PBXTargetDependency;
			name = BushelRT;
			targetProxy = 3C9FD7BF23E5455700279945 /* PBXContainerItemProxy */;
		};
/* End PBXTargetDependency section */

/* Begin PBXVariantGroup section */
		3C0566B523135675004CDB1A /* Main.storyboard */ = {
			isa = PBXVariantGroup;
			children = (
				3C0566B623135675004CDB1A /* Base */,
			);
			name = Main.storyboard;
			sourceTree = "<group>";
		};
/* End PBXVariantGroup section */

/* Begin XCBuildConfiguration section */
		3C0566D023135675004CDB1A /* Debug */ = {
			isa = XCBuildConfiguration;
			buildSettings = {
				ALWAYS_SEARCH_USER_PATHS = NO;
				CLANG_ANALYZER_NONNULL = YES;
				CLANG_ANALYZER_NUMBER_OBJECT_CONVERSION = YES_AGGRESSIVE;
				CLANG_CXX_LANGUAGE_STANDARD = "gnu++14";
				CLANG_CXX_LIBRARY = "libc++";
				CLANG_ENABLE_MODULES = YES;
				CLANG_ENABLE_OBJC_ARC = YES;
				CLANG_ENABLE_OBJC_WEAK = YES;
				CLANG_WARN_BLOCK_CAPTURE_AUTORELEASING = YES;
				CLANG_WARN_BOOL_CONVERSION = YES;
				CLANG_WARN_COMMA = YES;
				CLANG_WARN_CONSTANT_CONVERSION = YES;
				CLANG_WARN_DEPRECATED_OBJC_IMPLEMENTATIONS = YES;
				CLANG_WARN_DIRECT_OBJC_ISA_USAGE = YES_ERROR;
				CLANG_WARN_DOCUMENTATION_COMMENTS = YES;
				CLANG_WARN_EMPTY_BODY = YES;
				CLANG_WARN_ENUM_CONVERSION = YES;
				CLANG_WARN_INFINITE_RECURSION = YES;
				CLANG_WARN_INT_CONVERSION = YES;
				CLANG_WARN_NON_LITERAL_NULL_CONVERSION = YES;
				CLANG_WARN_OBJC_IMPLICIT_RETAIN_SELF = YES;
				CLANG_WARN_OBJC_LITERAL_CONVERSION = YES;
				CLANG_WARN_OBJC_ROOT_CLASS = YES_ERROR;
				CLANG_WARN_QUOTED_INCLUDE_IN_FRAMEWORK_HEADER = YES;
				CLANG_WARN_RANGE_LOOP_ANALYSIS = YES;
				CLANG_WARN_STRICT_PROTOTYPES = YES;
				CLANG_WARN_SUSPICIOUS_MOVE = YES;
				CLANG_WARN_UNGUARDED_AVAILABILITY = YES_AGGRESSIVE;
				CLANG_WARN_UNREACHABLE_CODE = YES;
				CLANG_WARN__DUPLICATE_METHOD_MATCH = YES;
				CODE_SIGN_IDENTITY = "-";
				COPY_PHASE_STRIP = NO;
				DEBUG_INFORMATION_FORMAT = dwarf;
				ENABLE_STRICT_OBJC_MSGSEND = YES;
				ENABLE_TESTABILITY = YES;
				GCC_C_LANGUAGE_STANDARD = gnu11;
				GCC_DYNAMIC_NO_PIC = NO;
				GCC_NO_COMMON_BLOCKS = YES;
				GCC_OPTIMIZATION_LEVEL = 0;
				GCC_PREPROCESSOR_DEFINITIONS = (
					"DEBUG=1",
					"$(inherited)",
				);
				GCC_WARN_64_TO_32_BIT_CONVERSION = YES;
				GCC_WARN_ABOUT_RETURN_TYPE = YES_ERROR;
				GCC_WARN_UNDECLARED_SELECTOR = YES;
				GCC_WARN_UNINITIALIZED_AUTOS = YES_AGGRESSIVE;
				GCC_WARN_UNUSED_FUNCTION = YES;
				GCC_WARN_UNUSED_VARIABLE = YES;
				MACOSX_DEPLOYMENT_TARGET = 10.15;
				MTL_ENABLE_DEBUG_INFO = INCLUDE_SOURCE;
				MTL_FAST_MATH = YES;
				ONLY_ACTIVE_ARCH = YES;
				SDKROOT = macosx;
				SWIFT_ACTIVE_COMPILATION_CONDITIONS = DEBUG;
				SWIFT_OPTIMIZATION_LEVEL = "-Onone";
				SWIFT_PACKAGE_DEPS_DIR = "${OBJROOT}/../../SourcePackages/checkouts";
			};
			name = Debug;
		};
		3C0566D123135675004CDB1A /* Release */ = {
			isa = XCBuildConfiguration;
			buildSettings = {
				ALWAYS_SEARCH_USER_PATHS = NO;
				CLANG_ANALYZER_NONNULL = YES;
				CLANG_ANALYZER_NUMBER_OBJECT_CONVERSION = YES_AGGRESSIVE;
				CLANG_CXX_LANGUAGE_STANDARD = "gnu++14";
				CLANG_CXX_LIBRARY = "libc++";
				CLANG_ENABLE_MODULES = YES;
				CLANG_ENABLE_OBJC_ARC = YES;
				CLANG_ENABLE_OBJC_WEAK = YES;
				CLANG_WARN_BLOCK_CAPTURE_AUTORELEASING = YES;
				CLANG_WARN_BOOL_CONVERSION = YES;
				CLANG_WARN_COMMA = YES;
				CLANG_WARN_CONSTANT_CONVERSION = YES;
				CLANG_WARN_DEPRECATED_OBJC_IMPLEMENTATIONS = YES;
				CLANG_WARN_DIRECT_OBJC_ISA_USAGE = YES_ERROR;
				CLANG_WARN_DOCUMENTATION_COMMENTS = YES;
				CLANG_WARN_EMPTY_BODY = YES;
				CLANG_WARN_ENUM_CONVERSION = YES;
				CLANG_WARN_INFINITE_RECURSION = YES;
				CLANG_WARN_INT_CONVERSION = YES;
				CLANG_WARN_NON_LITERAL_NULL_CONVERSION = YES;
				CLANG_WARN_OBJC_IMPLICIT_RETAIN_SELF = YES;
				CLANG_WARN_OBJC_LITERAL_CONVERSION = YES;
				CLANG_WARN_OBJC_ROOT_CLASS = YES_ERROR;
				CLANG_WARN_QUOTED_INCLUDE_IN_FRAMEWORK_HEADER = YES;
				CLANG_WARN_RANGE_LOOP_ANALYSIS = YES;
				CLANG_WARN_STRICT_PROTOTYPES = YES;
				CLANG_WARN_SUSPICIOUS_MOVE = YES;
				CLANG_WARN_UNGUARDED_AVAILABILITY = YES_AGGRESSIVE;
				CLANG_WARN_UNREACHABLE_CODE = YES;
				CLANG_WARN__DUPLICATE_METHOD_MATCH = YES;
				CODE_SIGN_IDENTITY = "-";
				COPY_PHASE_STRIP = NO;
				DEBUG_INFORMATION_FORMAT = "dwarf-with-dsym";
				ENABLE_NS_ASSERTIONS = NO;
				ENABLE_STRICT_OBJC_MSGSEND = YES;
				GCC_C_LANGUAGE_STANDARD = gnu11;
				GCC_NO_COMMON_BLOCKS = YES;
				GCC_WARN_64_TO_32_BIT_CONVERSION = YES;
				GCC_WARN_ABOUT_RETURN_TYPE = YES_ERROR;
				GCC_WARN_UNDECLARED_SELECTOR = YES;
				GCC_WARN_UNINITIALIZED_AUTOS = YES_AGGRESSIVE;
				GCC_WARN_UNUSED_FUNCTION = YES;
				GCC_WARN_UNUSED_VARIABLE = YES;
				MACOSX_DEPLOYMENT_TARGET = 10.15;
				MTL_ENABLE_DEBUG_INFO = NO;
				MTL_FAST_MATH = YES;
				SDKROOT = macosx;
				SWIFT_COMPILATION_MODE = wholemodule;
				SWIFT_OPTIMIZATION_LEVEL = "-O";
				SWIFT_PACKAGE_DEPS_DIR = "${OBJROOT}/../../../../../SourcePackages/checkouts";
			};
			name = Release;
		};
		3C0566D323135675004CDB1A /* Debug */ = {
			isa = XCBuildConfiguration;
			buildSettings = {
				ASSETCATALOG_COMPILER_APPICON_NAME = AppIcon;
				CLANG_ENABLE_MODULES = YES;
				CODE_SIGN_ENTITLEMENTS = "BushelScript Editor/Info/BushelScript Editor.entitlements";
				CODE_SIGN_IDENTITY = "-";
				CODE_SIGN_STYLE = Automatic;
				COMBINE_HIDPI_IMAGES = YES;
				CURRENT_PROJECT_VERSION = 5;
				ENABLE_HARDENED_RUNTIME = YES;
				FRAMEWORK_SEARCH_PATHS = (
					"$(inherited)",
					"$(SRCROOT)/vendor",
				);
				INFOPLIST_FILE = "BushelScript Editor/Info/Info.plist";
				LD_RUNPATH_SEARCH_PATHS = (
					"$(inherited)",
					"@executable_path/../Frameworks",
					"@executable_path/../SharedFrameworks",
				);
				MARKETING_VERSION = 0.4.1;
				PRODUCT_BUNDLE_IDENTIFIER = "com.justcheesy.BushelScript-Editor";
				PRODUCT_NAME = "$(TARGET_NAME)";
				SWIFT_OBJC_BRIDGING_HEADER = "BushelScript Editor-Bridging-Header.h";
				SWIFT_OPTIMIZATION_LEVEL = "-Onone";
				SWIFT_VERSION = 5.0;
			};
			name = Debug;
		};
		3C0566D423135675004CDB1A /* Release */ = {
			isa = XCBuildConfiguration;
			buildSettings = {
				ASSETCATALOG_COMPILER_APPICON_NAME = AppIcon;
				CLANG_ENABLE_MODULES = YES;
				CODE_SIGN_ENTITLEMENTS = "BushelScript Editor/Info/BushelScript Editor.entitlements";
				CODE_SIGN_IDENTITY = "-";
				CODE_SIGN_STYLE = Automatic;
				COMBINE_HIDPI_IMAGES = YES;
				CURRENT_PROJECT_VERSION = 5;
				ENABLE_HARDENED_RUNTIME = YES;
				FRAMEWORK_SEARCH_PATHS = (
					"$(inherited)",
					"$(SRCROOT)/vendor",
				);
				INFOPLIST_FILE = "BushelScript Editor/Info/Info.plist";
				LD_RUNPATH_SEARCH_PATHS = (
					"$(inherited)",
					"@executable_path/../Frameworks",
					"@executable_path/../SharedFrameworks",
				);
				MARKETING_VERSION = 0.4.1;
				PRODUCT_BUNDLE_IDENTIFIER = "com.justcheesy.BushelScript-Editor";
				PRODUCT_NAME = "$(TARGET_NAME)";
				SWIFT_OBJC_BRIDGING_HEADER = "BushelScript Editor-Bridging-Header.h";
				SWIFT_VERSION = 5.0;
			};
			name = Release;
		};
		3C0566D623135675004CDB1A /* Debug */ = {
			isa = XCBuildConfiguration;
			buildSettings = {
				ALWAYS_EMBED_SWIFT_STANDARD_LIBRARIES = YES;
				BUNDLE_LOADER = "$(TEST_HOST)";
				CODE_SIGN_STYLE = Automatic;
				COMBINE_HIDPI_IMAGES = YES;
				INFOPLIST_FILE = "BushelScript EditorTests/Info.plist";
				LD_RUNPATH_SEARCH_PATHS = (
					"$(inherited)",
					"@executable_path/../Frameworks",
					"@loader_path/../Frameworks",
				);
				PRODUCT_BUNDLE_IDENTIFIER = "com.justcheesy.BushelScript-EditorTests";
				PRODUCT_NAME = "$(TARGET_NAME)";
				SWIFT_VERSION = 5.0;
				TEST_HOST = "$(BUILT_PRODUCTS_DIR)/BushelScript Editor.app/Contents/MacOS/BushelScript Editor";
			};
			name = Debug;
		};
		3C0566D723135675004CDB1A /* Release */ = {
			isa = XCBuildConfiguration;
			buildSettings = {
				ALWAYS_EMBED_SWIFT_STANDARD_LIBRARIES = YES;
				BUNDLE_LOADER = "$(TEST_HOST)";
				CODE_SIGN_STYLE = Automatic;
				COMBINE_HIDPI_IMAGES = YES;
				INFOPLIST_FILE = "BushelScript EditorTests/Info.plist";
				LD_RUNPATH_SEARCH_PATHS = (
					"$(inherited)",
					"@executable_path/../Frameworks",
					"@loader_path/../Frameworks",
				);
				PRODUCT_BUNDLE_IDENTIFIER = "com.justcheesy.BushelScript-EditorTests";
				PRODUCT_NAME = "$(TARGET_NAME)";
				SWIFT_VERSION = 5.0;
				TEST_HOST = "$(BUILT_PRODUCTS_DIR)/BushelScript Editor.app/Contents/MacOS/BushelScript Editor";
			};
			name = Release;
		};
		3C2046F5268EAEC100C52E2B /* Debug */ = {
			isa = XCBuildConfiguration;
			buildSettings = {
				BUNDLE_LOADER = "$(TEST_HOST)";
				CODE_SIGN_STYLE = Automatic;
				COMBINE_HIDPI_IMAGES = YES;
				INFOPLIST_FILE = "Standard Library Tests/Info.plist";
				LD_RUNPATH_SEARCH_PATHS = (
					"$(inherited)",
					"@executable_path/../Frameworks",
					"@loader_path/../Frameworks",
				);
				MACOSX_DEPLOYMENT_TARGET = 11.3;
				PRODUCT_BUNDLE_IDENTIFIER = "ca.igregory.Standard-Library-Tests";
				PRODUCT_NAME = "$(TARGET_NAME)";
				SWIFT_VERSION = 5.0;
				TEST_HOST = "$(BUILT_PRODUCTS_DIR)/BushelScript Editor.app/Contents/MacOS/BushelScript Editor";
			};
			name = Debug;
		};
		3C2046F6268EAEC100C52E2B /* Release */ = {
			isa = XCBuildConfiguration;
			buildSettings = {
				BUNDLE_LOADER = "$(TEST_HOST)";
				CODE_SIGN_STYLE = Automatic;
				COMBINE_HIDPI_IMAGES = YES;
				INFOPLIST_FILE = "Standard Library Tests/Info.plist";
				LD_RUNPATH_SEARCH_PATHS = (
					"$(inherited)",
					"@executable_path/../Frameworks",
					"@loader_path/../Frameworks",
				);
				MACOSX_DEPLOYMENT_TARGET = 11.3;
				PRODUCT_BUNDLE_IDENTIFIER = "ca.igregory.Standard-Library-Tests";
				PRODUCT_NAME = "$(TARGET_NAME)";
				SWIFT_VERSION = 5.0;
				TEST_HOST = "$(BUILT_PRODUCTS_DIR)/BushelScript Editor.app/Contents/MacOS/BushelScript Editor";
			};
			name = Release;
		};
		3C2046F7268EAEC100C52E2B /* Profiling */ = {
			isa = XCBuildConfiguration;
			buildSettings = {
				BUNDLE_LOADER = "$(TEST_HOST)";
				CODE_SIGN_STYLE = Automatic;
				COMBINE_HIDPI_IMAGES = YES;
				INFOPLIST_FILE = "Standard Library Tests/Info.plist";
				LD_RUNPATH_SEARCH_PATHS = (
					"$(inherited)",
					"@executable_path/../Frameworks",
					"@loader_path/../Frameworks",
				);
				MACOSX_DEPLOYMENT_TARGET = 11.3;
				PRODUCT_BUNDLE_IDENTIFIER = "ca.igregory.Standard-Library-Tests";
				PRODUCT_NAME = "$(TARGET_NAME)";
				SWIFT_VERSION = 5.0;
				TEST_HOST = "$(BUILT_PRODUCTS_DIR)/BushelScript Editor.app/Contents/MacOS/BushelScript Editor";
			};
			name = Profiling;
		};
		3C4897AF2400B9AE008EE9D1 /* Profiling */ = {
			isa = XCBuildConfiguration;
			buildSettings = {
				ALWAYS_SEARCH_USER_PATHS = NO;
				CLANG_ANALYZER_NONNULL = YES;
				CLANG_ANALYZER_NUMBER_OBJECT_CONVERSION = YES_AGGRESSIVE;
				CLANG_CXX_LANGUAGE_STANDARD = "gnu++14";
				CLANG_CXX_LIBRARY = "libc++";
				CLANG_ENABLE_MODULES = YES;
				CLANG_ENABLE_OBJC_ARC = YES;
				CLANG_ENABLE_OBJC_WEAK = YES;
				CLANG_WARN_BLOCK_CAPTURE_AUTORELEASING = YES;
				CLANG_WARN_BOOL_CONVERSION = YES;
				CLANG_WARN_COMMA = YES;
				CLANG_WARN_CONSTANT_CONVERSION = YES;
				CLANG_WARN_DEPRECATED_OBJC_IMPLEMENTATIONS = YES;
				CLANG_WARN_DIRECT_OBJC_ISA_USAGE = YES_ERROR;
				CLANG_WARN_DOCUMENTATION_COMMENTS = YES;
				CLANG_WARN_EMPTY_BODY = YES;
				CLANG_WARN_ENUM_CONVERSION = YES;
				CLANG_WARN_INFINITE_RECURSION = YES;
				CLANG_WARN_INT_CONVERSION = YES;
				CLANG_WARN_NON_LITERAL_NULL_CONVERSION = YES;
				CLANG_WARN_OBJC_IMPLICIT_RETAIN_SELF = YES;
				CLANG_WARN_OBJC_LITERAL_CONVERSION = YES;
				CLANG_WARN_OBJC_ROOT_CLASS = YES_ERROR;
				CLANG_WARN_QUOTED_INCLUDE_IN_FRAMEWORK_HEADER = YES;
				CLANG_WARN_RANGE_LOOP_ANALYSIS = YES;
				CLANG_WARN_STRICT_PROTOTYPES = YES;
				CLANG_WARN_SUSPICIOUS_MOVE = YES;
				CLANG_WARN_UNGUARDED_AVAILABILITY = YES_AGGRESSIVE;
				CLANG_WARN_UNREACHABLE_CODE = YES;
				CLANG_WARN__DUPLICATE_METHOD_MATCH = YES;
				CODE_SIGN_IDENTITY = "-";
				COPY_PHASE_STRIP = NO;
				DEBUG_INFORMATION_FORMAT = "dwarf-with-dsym";
				ENABLE_NS_ASSERTIONS = NO;
				ENABLE_STRICT_OBJC_MSGSEND = YES;
				GCC_C_LANGUAGE_STANDARD = gnu11;
				GCC_NO_COMMON_BLOCKS = YES;
				GCC_WARN_64_TO_32_BIT_CONVERSION = YES;
				GCC_WARN_ABOUT_RETURN_TYPE = YES_ERROR;
				GCC_WARN_UNDECLARED_SELECTOR = YES;
				GCC_WARN_UNINITIALIZED_AUTOS = YES_AGGRESSIVE;
				GCC_WARN_UNUSED_FUNCTION = YES;
				GCC_WARN_UNUSED_VARIABLE = YES;
				MACOSX_DEPLOYMENT_TARGET = 10.15;
				MTL_ENABLE_DEBUG_INFO = NO;
				MTL_FAST_MATH = YES;
				SDKROOT = macosx;
				SWIFT_COMPILATION_MODE = wholemodule;
				SWIFT_OPTIMIZATION_LEVEL = "-O";
				SWIFT_PACKAGE_DEPS_DIR = "${OBJROOT}/../../../../../SourcePackages/checkouts";
			};
			name = Profiling;
		};
		3C4897B02400B9AE008EE9D1 /* Profiling */ = {
			isa = XCBuildConfiguration;
			buildSettings = {
				ASSETCATALOG_COMPILER_APPICON_NAME = AppIcon;
				CLANG_ENABLE_MODULES = YES;
				CODE_SIGN_ENTITLEMENTS = "BushelScript Editor/Info/BushelScript Editor.entitlements";
				CODE_SIGN_IDENTITY = "-";
				CODE_SIGN_STYLE = Automatic;
				COMBINE_HIDPI_IMAGES = YES;
				CURRENT_PROJECT_VERSION = 5;
				ENABLE_HARDENED_RUNTIME = YES;
				FRAMEWORK_SEARCH_PATHS = (
					"$(inherited)",
					"$(SRCROOT)/vendor",
				);
				INFOPLIST_FILE = "BushelScript Editor/Info/Info.plist";
				LD_RUNPATH_SEARCH_PATHS = (
					"$(inherited)",
					"@executable_path/../Frameworks",
					"@executable_path/../SharedFrameworks",
				);
				MARKETING_VERSION = 0.4.1;
				PRODUCT_BUNDLE_IDENTIFIER = "com.justcheesy.BushelScript-Editor";
				PRODUCT_NAME = "$(TARGET_NAME)";
				SWIFT_OBJC_BRIDGING_HEADER = "BushelScript Editor-Bridging-Header.h";
				SWIFT_VERSION = 5.0;
			};
			name = Profiling;
		};
		3C4897B12400B9AE008EE9D1 /* Profiling */ = {
			isa = XCBuildConfiguration;
			buildSettings = {
				ALWAYS_EMBED_SWIFT_STANDARD_LIBRARIES = YES;
				BUNDLE_LOADER = "$(TEST_HOST)";
				CODE_SIGN_STYLE = Automatic;
				COMBINE_HIDPI_IMAGES = YES;
				INFOPLIST_FILE = "BushelScript EditorTests/Info.plist";
				LD_RUNPATH_SEARCH_PATHS = (
					"$(inherited)",
					"@executable_path/../Frameworks",
					"@loader_path/../Frameworks",
				);
				PRODUCT_BUNDLE_IDENTIFIER = "com.justcheesy.BushelScript-EditorTests";
				PRODUCT_NAME = "$(TARGET_NAME)";
				SWIFT_VERSION = 5.0;
				TEST_HOST = "$(BUILT_PRODUCTS_DIR)/BushelScript Editor.app/Contents/MacOS/BushelScript Editor";
			};
			name = Profiling;
		};
/* End XCBuildConfiguration section */

/* Begin XCConfigurationList section */
		3C0566A523135673004CDB1A /* Build configuration list for PBXProject "BushelScript Editor" */ = {
			isa = XCConfigurationList;
			buildConfigurations = (
				3C0566D023135675004CDB1A /* Debug */,
				3C0566D123135675004CDB1A /* Release */,
				3C4897AF2400B9AE008EE9D1 /* Profiling */,
			);
			defaultConfigurationIsVisible = 0;
			defaultConfigurationName = Release;
		};
		3C0566D223135675004CDB1A /* Build configuration list for PBXNativeTarget "BushelScript Editor" */ = {
			isa = XCConfigurationList;
			buildConfigurations = (
				3C0566D323135675004CDB1A /* Debug */,
				3C0566D423135675004CDB1A /* Release */,
				3C4897B02400B9AE008EE9D1 /* Profiling */,
			);
			defaultConfigurationIsVisible = 0;
			defaultConfigurationName = Release;
		};
		3C0566D523135675004CDB1A /* Build configuration list for PBXNativeTarget "BushelScript EditorTests" */ = {
			isa = XCConfigurationList;
			buildConfigurations = (
				3C0566D623135675004CDB1A /* Debug */,
				3C0566D723135675004CDB1A /* Release */,
				3C4897B12400B9AE008EE9D1 /* Profiling */,
			);
			defaultConfigurationIsVisible = 0;
			defaultConfigurationName = Release;
		};
		3C2046F4268EAEC100C52E2B /* Build configuration list for PBXNativeTarget "Standard Library Tests" */ = {
			isa = XCConfigurationList;
			buildConfigurations = (
				3C2046F5268EAEC100C52E2B /* Debug */,
				3C2046F6268EAEC100C52E2B /* Release */,
				3C2046F7268EAEC100C52E2B /* Profiling */,
			);
			defaultConfigurationIsVisible = 0;
			defaultConfigurationName = Release;
		};
/* End XCConfigurationList section */

/* Begin XCRemoteSwiftPackageReference section */
		3C12EF9F2354E7640057E0CC /* XCRemoteSwiftPackageReference "Defaults" */ = {
			isa = XCRemoteSwiftPackageReference;
			repositoryURL = "https://github.com/sindresorhus/Defaults.git";
			requirement = {
				kind = upToNextMajorVersion;
				minimumVersion = 3.0.0;
			};
		};
/* End XCRemoteSwiftPackageReference section */

/* Begin XCSwiftPackageProductDependency section */
		3C12EFA02354E7640057E0CC /* Defaults */ = {
			isa = XCSwiftPackageProductDependency;
			package = 3C12EF9F2354E7640057E0CC /* XCRemoteSwiftPackageReference "Defaults" */;
			productName = Defaults;
		};
/* End XCSwiftPackageProductDependency section */
	};
	rootObject = 3C0566A223135673004CDB1A /* Project object */;
}
