// !$*UTF8*$!
{
	archiveVersion = 1;
	classes = {
	};
	objectVersion = 50;
	objects = {

/* Begin PBXBuildFile section */
		3C04301C2315ABB900758339 /* main.m in Sources */ = {isa = PBXBuildFile; fileRef = 3C04301B2315ABB900758339 /* main.m */; };
		3C0430292315AEE000758339 /* BushelLanguageService.swift in Sources */ = {isa = PBXBuildFile; fileRef = 3C0430282315AEE000758339 /* BushelLanguageService.swift */; };
		3C04305E2315C12200758339 /* BushelLanguageServiceConnectionCreation.h in Headers */ = {isa = PBXBuildFile; fileRef = 3C04305C2315C12200758339 /* BushelLanguageServiceConnectionCreation.h */; settings = {ATTRIBUTES = (Public, ); }; };
		3C0430622315C12E00758339 /* NSXPCConnection+BushelLanguageService.m in Sources */ = {isa = PBXBuildFile; fileRef = 3C0430252315AD7D00758339 /* NSXPCConnection+BushelLanguageService.m */; };
		3C0430632315C1E800758339 /* NSXPCConnection+BushelLanguageService.h in Headers */ = {isa = PBXBuildFile; fileRef = 3C0430242315AD7D00758339 /* NSXPCConnection+BushelLanguageService.h */; settings = {ATTRIBUTES = (Public, ); }; };
		3C0430652315CB2A00758339 /* BushelLanguageServiceProtocol.h in Headers */ = {isa = PBXBuildFile; fileRef = 3C0430172315ABB900758339 /* BushelLanguageServiceProtocol.h */; settings = {ATTRIBUTES = (Public, ); }; };
		3C75066923A1A455006E7591 /* SwiftAutomation.framework in Frameworks */ = {isa = PBXBuildFile; fileRef = 3C75066823A1A455006E7591 /* SwiftAutomation.framework */; };
		3C9703CA23551FD30099AA05 /* Bushel.framework in Frameworks */ = {isa = PBXBuildFile; fileRef = 3C0430392315AFA900758339 /* Bushel.framework */; };
		3C9703D623551FD60099AA05 /* BushelRT.framework in Frameworks */ = {isa = PBXBuildFile; fileRef = 3C0430452315AFA900758339 /* BushelRT.framework */; };
		3CB253A124008724005DD807 /* BushelLanguageService.xpc in Embed XPC Services */ = {isa = PBXBuildFile; fileRef = 3C0430142315ABB900758339 /* BushelLanguageService.xpc */; settings = {ATTRIBUTES = (RemoveHeadersOnCopy, ); }; };
/* End PBXBuildFile section */

/* Begin PBXContainerItemProxy section */
		3C0430382315AFA900758339 /* PBXContainerItemProxy */ = {
			isa = PBXContainerItemProxy;
			containerPortal = 3C04302A2315AFA900758339 /* Bushel.xcodeproj */;
			proxyType = 2;
			remoteGlobalIDString = 3C35A5BB22C81DE7002D4582;
			remoteInfo = Bushel;
		};
		3C04303A2315AFA900758339 /* PBXContainerItemProxy */ = {
			isa = PBXContainerItemProxy;
			containerPortal = 3C04302A2315AFA900758339 /* Bushel.xcodeproj */;
			proxyType = 2;
			remoteGlobalIDString = 3C35A5C422C81DE7002D4582;
			remoteInfo = BushelTests;
		};
		3C0430402315AFA900758339 /* PBXContainerItemProxy */ = {
			isa = PBXContainerItemProxy;
			containerPortal = 3C04302A2315AFA900758339 /* Bushel.xcodeproj */;
			proxyType = 2;
			remoteGlobalIDString = 3C6B75982305B5980006C354;
			remoteInfo = BushelScriptEnglish;
		};
		3C0430422315AFA900758339 /* PBXContainerItemProxy */ = {
			isa = PBXContainerItemProxy;
			containerPortal = 3C04302A2315AFA900758339 /* Bushel.xcodeproj */;
			proxyType = 2;
			remoteGlobalIDString = 3C6B75A02305B5990006C354;
			remoteInfo = BushelScriptEnglishTests;
		};
		3C0430442315AFA900758339 /* PBXContainerItemProxy */ = {
			isa = PBXContainerItemProxy;
			containerPortal = 3C04302A2315AFA900758339 /* Bushel.xcodeproj */;
			proxyType = 2;
			remoteGlobalIDString = 3CCD8AAF22CC45040049C74F;
			remoteInfo = BushelRT;
		};
		3C0430462315AFA900758339 /* PBXContainerItemProxy */ = {
			isa = PBXContainerItemProxy;
			containerPortal = 3C04302A2315AFA900758339 /* Bushel.xcodeproj */;
			proxyType = 2;
			remoteGlobalIDString = 3CCD8AB722CC45040049C74F;
			remoteInfo = BushelRTTests;
		};
		3CB2539D240086FD005DD807 /* PBXContainerItemProxy */ = {
			isa = PBXContainerItemProxy;
			containerPortal = 3C04302A2315AFA900758339 /* Bushel.xcodeproj */;
			proxyType = 2;
			remoteGlobalIDString = 3C94570223E8FBC200D59C2C;
			remoteInfo = BushelLanguageTestingTools;
		};
		3CB2539F240086FD005DD807 /* PBXContainerItemProxy */ = {
			isa = PBXContainerItemProxy;
			containerPortal = 3C04302A2315AFA900758339 /* Bushel.xcodeproj */;
			proxyType = 2;
			remoteGlobalIDString = 3CB328E523EDAD4C003BF646;
			remoteInfo = BushelGUIHost;
		};
/* End PBXContainerItemProxy section */

/* Begin PBXCopyFilesBuildPhase section */
		3CB25395240086FD005DD807 /* Embed XPC Services */ = {
			isa = PBXCopyFilesBuildPhase;
			buildActionMask = 2147483647;
			dstPath = "$(CONTENTS_FOLDER_PATH)/XPCServices";
			dstSubfolderSpec = 16;
			files = (
				3CB253A124008724005DD807 /* BushelLanguageService.xpc in Embed XPC Services */,
			);
			name = "Embed XPC Services";
			runOnlyForDeploymentPostprocessing = 0;
		};
/* End PBXCopyFilesBuildPhase section */

/* Begin PBXFileReference section */
		3C0430142315ABB900758339 /* BushelLanguageService.xpc */ = {isa = PBXFileReference; explicitFileType = "wrapper.xpc-service"; includeInIndex = 0; path = BushelLanguageService.xpc; sourceTree = BUILT_PRODUCTS_DIR; };
		3C0430172315ABB900758339 /* BushelLanguageServiceProtocol.h */ = {isa = PBXFileReference; lastKnownFileType = sourcecode.c.h; path = BushelLanguageServiceProtocol.h; sourceTree = "<group>"; };
		3C04301B2315ABB900758339 /* main.m */ = {isa = PBXFileReference; lastKnownFileType = sourcecode.c.objc; path = main.m; sourceTree = "<group>"; };
		3C04301D2315ABB900758339 /* Info.plist */ = {isa = PBXFileReference; lastKnownFileType = text.plist.xml; path = Info.plist; sourceTree = "<group>"; };
		3C0430242315AD7D00758339 /* NSXPCConnection+BushelLanguageService.h */ = {isa = PBXFileReference; lastKnownFileType = sourcecode.c.h; path = "NSXPCConnection+BushelLanguageService.h"; sourceTree = "<group>"; };
		3C0430252315AD7D00758339 /* NSXPCConnection+BushelLanguageService.m */ = {isa = PBXFileReference; lastKnownFileType = sourcecode.c.objc; path = "NSXPCConnection+BushelLanguageService.m"; sourceTree = "<group>"; };
		3C0430272315AEE000758339 /* BushelLanguageService-Bridging-Header.h */ = {isa = PBXFileReference; lastKnownFileType = sourcecode.c.h; path = "BushelLanguageService-Bridging-Header.h"; sourceTree = "<group>"; };
		3C0430282315AEE000758339 /* BushelLanguageService.swift */ = {isa = PBXFileReference; lastKnownFileType = sourcecode.swift; path = BushelLanguageService.swift; sourceTree = "<group>"; };
		3C04302A2315AFA900758339 /* Bushel.xcodeproj */ = {isa = PBXFileReference; lastKnownFileType = "wrapper.pb-project"; name = Bushel.xcodeproj; path = ../Bushel.xcodeproj; sourceTree = "<group>"; };
		3C04305A2315C12200758339 /* BushelLanguageServiceConnectionCreation.framework */ = {isa = PBXFileReference; explicitFileType = wrapper.framework; includeInIndex = 0; path = BushelLanguageServiceConnectionCreation.framework; sourceTree = BUILT_PRODUCTS_DIR; };
		3C04305C2315C12200758339 /* BushelLanguageServiceConnectionCreation.h */ = {isa = PBXFileReference; lastKnownFileType = sourcecode.c.h; path = BushelLanguageServiceConnectionCreation.h; sourceTree = "<group>"; };
		3C04305D2315C12200758339 /* Info.plist */ = {isa = PBXFileReference; lastKnownFileType = text.plist.xml; path = Info.plist; sourceTree = "<group>"; };
		3C4897892400881B008EE9D1 /* Installation-Debug.xcconfig */ = {isa = PBXFileReference; lastKnownFileType = text.xcconfig; path = "Installation-Debug.xcconfig"; sourceTree = "<group>"; };
		3C48978A2400881B008EE9D1 /* Installation.xcconfig */ = {isa = PBXFileReference; lastKnownFileType = text.xcconfig; path = Installation.xcconfig; sourceTree = "<group>"; };
		3C75066823A1A455006E7591 /* SwiftAutomation.framework */ = {isa = PBXFileReference; explicitFileType = wrapper.framework; path = SwiftAutomation.framework; sourceTree = BUILT_PRODUCTS_DIR; };
		3CEF50432352951C008603E3 /* BushelLanguageService.entitlements */ = {isa = PBXFileReference; lastKnownFileType = text.plist.entitlements; path = BushelLanguageService.entitlements; sourceTree = "<group>"; };
/* End PBXFileReference section */

/* Begin PBXFrameworksBuildPhase section */
		3C0430112315ABB900758339 /* Frameworks */ = {
			isa = PBXFrameworksBuildPhase;
			buildActionMask = 2147483647;
			files = (
				3C9703D623551FD60099AA05 /* BushelRT.framework in Frameworks */,
				3C9703CA23551FD30099AA05 /* Bushel.framework in Frameworks */,
				3C75066923A1A455006E7591 /* SwiftAutomation.framework in Frameworks */,
			);
			runOnlyForDeploymentPostprocessing = 0;
		};
		3C0430572315C12200758339 /* Frameworks */ = {
			isa = PBXFrameworksBuildPhase;
			buildActionMask = 2147483647;
			files = (
			);
			runOnlyForDeploymentPostprocessing = 0;
		};
/* End PBXFrameworksBuildPhase section */

/* Begin PBXGroup section */
		3C04300B2315ABB900758339 = {
			isa = PBXGroup;
			children = (
				3C04302A2315AFA900758339 /* Bushel.xcodeproj */,
				3C48977E240087CC008EE9D1 /* Config */,
				3C0430172315ABB900758339 /* BushelLanguageServiceProtocol.h */,
				3C0430162315ABB900758339 /* BushelLanguageService */,
				3C04305B2315C12200758339 /* BushelLanguageServiceConnectionCreation */,
				3C0430152315ABB900758339 /* Products */,
				3C249D3F2319BF8000F5826E /* Frameworks */,
			);
			sourceTree = "<group>";
		};
		3C0430152315ABB900758339 /* Products */ = {
			isa = PBXGroup;
			children = (
				3C0430142315ABB900758339 /* BushelLanguageService.xpc */,
				3C04305A2315C12200758339 /* BushelLanguageServiceConnectionCreation.framework */,
			);
			name = Products;
			sourceTree = "<group>";
		};
		3C0430162315ABB900758339 /* BushelLanguageService */ = {
			isa = PBXGroup;
			children = (
				3CEF50432352951C008603E3 /* BushelLanguageService.entitlements */,
				3C0430282315AEE000758339 /* BushelLanguageService.swift */,
				3C04301B2315ABB900758339 /* main.m */,
				3C04301D2315ABB900758339 /* Info.plist */,
				3C0430272315AEE000758339 /* BushelLanguageService-Bridging-Header.h */,
			);
			path = BushelLanguageService;
			sourceTree = "<group>";
		};
		3C04302B2315AFA900758339 /* Products */ = {
			isa = PBXGroup;
			children = (
				3C0430392315AFA900758339 /* Bushel.framework */,
				3C04303B2315AFA900758339 /* BushelTests.xctest */,
				3CB2539E240086FD005DD807 /* BushelLanguageTestingTools.framework */,
				3C0430412315AFA900758339 /* bushelscript_en.bundle */,
				3C0430432315AFA900758339 /* bushelscript_en Tests.xctest */,
				3C0430452315AFA900758339 /* BushelRT.framework */,
				3C0430472315AFA900758339 /* BushelRTTests.xctest */,
				3CB253A0240086FD005DD807 /* BushelGUIHost.app */,
			);
			name = Products;
			sourceTree = "<group>";
		};
		3C04305B2315C12200758339 /* BushelLanguageServiceConnectionCreation */ = {
			isa = PBXGroup;
			children = (
				3C04305C2315C12200758339 /* BushelLanguageServiceConnectionCreation.h */,
				3C0430242315AD7D00758339 /* NSXPCConnection+BushelLanguageService.h */,
				3C0430252315AD7D00758339 /* NSXPCConnection+BushelLanguageService.m */,
				3C04305D2315C12200758339 /* Info.plist */,
			);
			path = BushelLanguageServiceConnectionCreation;
			sourceTree = "<group>";
		};
		3C249D3F2319BF8000F5826E /* Frameworks */ = {
			isa = PBXGroup;
			children = (
				3C75066823A1A455006E7591 /* SwiftAutomation.framework */,
			);
			name = Frameworks;
			sourceTree = "<group>";
		};
		3C48977E240087CC008EE9D1 /* Config */ = {
			isa = PBXGroup;
			children = (
				3C48978A2400881B008EE9D1 /* Installation.xcconfig */,
				3C4897892400881B008EE9D1 /* Installation-Debug.xcconfig */,
			);
			name = Config;
			path = ../Config;
			sourceTree = "<group>";
		};
/* End PBXGroup section */

/* Begin PBXHeadersBuildPhase section */
		3C0430552315C12200758339 /* Headers */ = {
			isa = PBXHeadersBuildPhase;
			buildActionMask = 2147483647;
			files = (
				3C0430632315C1E800758339 /* NSXPCConnection+BushelLanguageService.h in Headers */,
				3C04305E2315C12200758339 /* BushelLanguageServiceConnectionCreation.h in Headers */,
				3C0430652315CB2A00758339 /* BushelLanguageServiceProtocol.h in Headers */,
			);
			runOnlyForDeploymentPostprocessing = 0;
		};
/* End PBXHeadersBuildPhase section */

/* Begin PBXNativeTarget section */
		3C0430132315ABB900758339 /* BushelLanguageService */ = {
			isa = PBXNativeTarget;
			buildConfigurationList = 3C0430202315ABB900758339 /* Build configuration list for PBXNativeTarget "BushelLanguageService" */;
			buildPhases = (
				3C0430102315ABB900758339 /* Sources */,
				3C0430112315ABB900758339 /* Frameworks */,
				3C0430122315ABB900758339 /* Resources */,
			);
			buildRules = (
			);
			dependencies = (
			);
			name = BushelLanguageService;
			productName = BushelLanguageService;
			productReference = 3C0430142315ABB900758339 /* BushelLanguageService.xpc */;
			productType = "com.apple.product-type.xpc-service";
		};
		3C0430592315C12200758339 /* BushelLanguageServiceConnectionCreation */ = {
			isa = PBXNativeTarget;
			buildConfigurationList = 3C04305F2315C12200758339 /* Build configuration list for PBXNativeTarget "BushelLanguageServiceConnectionCreation" */;
			buildPhases = (
				3C0430552315C12200758339 /* Headers */,
				3C0430562315C12200758339 /* Sources */,
				3C0430572315C12200758339 /* Frameworks */,
				3C0430582315C12200758339 /* Resources */,
				3CB25395240086FD005DD807 /* Embed XPC Services */,
			);
			buildRules = (
			);
			dependencies = (
			);
			name = BushelLanguageServiceConnectionCreation;
			productName = BushelLanguageServiceConnectionCreation;
			productReference = 3C04305A2315C12200758339 /* BushelLanguageServiceConnectionCreation.framework */;
			productType = "com.apple.product-type.framework";
		};
/* End PBXNativeTarget section */

/* Begin PBXProject section */
		3C04300C2315ABB900758339 /* Project object */ = {
			isa = PBXProject;
			attributes = {
				LastUpgradeCheck = 1200;
				ORGANIZATIONNAME = "Ian Gregory";
				TargetAttributes = {
					3C0430132315ABB900758339 = {
						CreatedOnToolsVersion = 10.2.1;
						LastSwiftMigration = 1020;
					};
					3C0430592315C12200758339 = {
						CreatedOnToolsVersion = 10.2.1;
					};
				};
			};
			buildConfigurationList = 3C04300F2315ABB900758339 /* Build configuration list for PBXProject "BushelLanguageService" */;
			compatibilityVersion = "Xcode 9.3";
			developmentRegion = en;
			hasScannedForEncodings = 0;
			knownRegions = (
				en,
				Base,
			);
			mainGroup = 3C04300B2315ABB900758339;
			productRefGroup = 3C0430152315ABB900758339 /* Products */;
			projectDirPath = "";
			projectReferences = (
				{
					ProductGroup = 3C04302B2315AFA900758339 /* Products */;
					ProjectRef = 3C04302A2315AFA900758339 /* Bushel.xcodeproj */;
				},
			);
			projectRoot = "";
			targets = (
				3C0430132315ABB900758339 /* BushelLanguageService */,
				3C0430592315C12200758339 /* BushelLanguageServiceConnectionCreation */,
			);
		};
/* End PBXProject section */

/* Begin PBXReferenceProxy section */
		3C0430392315AFA900758339 /* Bushel.framework */ = {
			isa = PBXReferenceProxy;
			fileType = wrapper.framework;
			path = Bushel.framework;
			remoteRef = 3C0430382315AFA900758339 /* PBXContainerItemProxy */;
			sourceTree = BUILT_PRODUCTS_DIR;
		};
		3C04303B2315AFA900758339 /* BushelTests.xctest */ = {
			isa = PBXReferenceProxy;
			fileType = wrapper.cfbundle;
			path = BushelTests.xctest;
			remoteRef = 3C04303A2315AFA900758339 /* PBXContainerItemProxy */;
			sourceTree = BUILT_PRODUCTS_DIR;
		};
		3C0430412315AFA900758339 /* bushelscript_en.bundle */ = {
			isa = PBXReferenceProxy;
			fileType = wrapper.cfbundle;
			path = bushelscript_en.bundle;
			remoteRef = 3C0430402315AFA900758339 /* PBXContainerItemProxy */;
			sourceTree = BUILT_PRODUCTS_DIR;
		};
		3C0430432315AFA900758339 /* bushelscript_en Tests.xctest */ = {
			isa = PBXReferenceProxy;
			fileType = wrapper.cfbundle;
			path = "bushelscript_en Tests.xctest";
			remoteRef = 3C0430422315AFA900758339 /* PBXContainerItemProxy */;
			sourceTree = BUILT_PRODUCTS_DIR;
		};
		3C0430452315AFA900758339 /* BushelRT.framework */ = {
			isa = PBXReferenceProxy;
			fileType = wrapper.framework;
			path = BushelRT.framework;
			remoteRef = 3C0430442315AFA900758339 /* PBXContainerItemProxy */;
			sourceTree = BUILT_PRODUCTS_DIR;
		};
		3C0430472315AFA900758339 /* BushelRTTests.xctest */ = {
			isa = PBXReferenceProxy;
			fileType = wrapper.cfbundle;
			path = BushelRTTests.xctest;
			remoteRef = 3C0430462315AFA900758339 /* PBXContainerItemProxy */;
			sourceTree = BUILT_PRODUCTS_DIR;
		};
		3CB2539E240086FD005DD807 /* BushelLanguageTestingTools.framework */ = {
			isa = PBXReferenceProxy;
			fileType = wrapper.framework;
			path = BushelLanguageTestingTools.framework;
			remoteRef = 3CB2539D240086FD005DD807 /* PBXContainerItemProxy */;
			sourceTree = BUILT_PRODUCTS_DIR;
		};
		3CB253A0240086FD005DD807 /* BushelGUIHost.app */ = {
			isa = PBXReferenceProxy;
			fileType = wrapper.application;
			path = BushelGUIHost.app;
			remoteRef = 3CB2539F240086FD005DD807 /* PBXContainerItemProxy */;
			sourceTree = BUILT_PRODUCTS_DIR;
		};
/* End PBXReferenceProxy section */

/* Begin PBXResourcesBuildPhase section */
		3C0430122315ABB900758339 /* Resources */ = {
			isa = PBXResourcesBuildPhase;
			buildActionMask = 2147483647;
			files = (
			);
			runOnlyForDeploymentPostprocessing = 0;
		};
		3C0430582315C12200758339 /* Resources */ = {
			isa = PBXResourcesBuildPhase;
			buildActionMask = 2147483647;
			files = (
			);
			runOnlyForDeploymentPostprocessing = 0;
		};
/* End PBXResourcesBuildPhase section */

/* Begin PBXSourcesBuildPhase section */
		3C0430102315ABB900758339 /* Sources */ = {
			isa = PBXSourcesBuildPhase;
			buildActionMask = 2147483647;
			files = (
				3C04301C2315ABB900758339 /* main.m in Sources */,
				3C0430292315AEE000758339 /* BushelLanguageService.swift in Sources */,
			);
			runOnlyForDeploymentPostprocessing = 0;
		};
		3C0430562315C12200758339 /* Sources */ = {
			isa = PBXSourcesBuildPhase;
			buildActionMask = 2147483647;
			files = (
				3C0430622315C12E00758339 /* NSXPCConnection+BushelLanguageService.m in Sources */,
			);
			runOnlyForDeploymentPostprocessing = 0;
		};
/* End PBXSourcesBuildPhase section */

/* Begin XCBuildConfiguration section */
		3C04301E2315ABB900758339 /* Debug */ = {
			isa = XCBuildConfiguration;
			baseConfigurationReference = 3C4897892400881B008EE9D1 /* Installation-Debug.xcconfig */;
			buildSettings = {
				ALWAYS_SEARCH_USER_PATHS = NO;
				CLANG_ANALYZER_NONNULL = YES;
				CLANG_ANALYZER_NUMBER_OBJECT_CONVERSION = YES_AGGRESSIVE;
				CLANG_CXX_LANGUAGE_STANDARD = "gnu++14";
				CLANG_CXX_LIBRARY = "libc++";
				CLANG_ENABLE_MODULES = YES;
				CLANG_ENABLE_OBJC_ARC = YES;
				CLANG_ENABLE_OBJC_WEAK = YES;
				CLANG_WARN_BLOCK_CAPTURE_AUTORELEASING = YES;
				CLANG_WARN_BOOL_CONVERSION = YES;
				CLANG_WARN_COMMA = YES;
				CLANG_WARN_CONSTANT_CONVERSION = YES;
				CLANG_WARN_DEPRECATED_OBJC_IMPLEMENTATIONS = YES;
				CLANG_WARN_DIRECT_OBJC_ISA_USAGE = YES_ERROR;
				CLANG_WARN_DOCUMENTATION_COMMENTS = YES;
				CLANG_WARN_EMPTY_BODY = YES;
				CLANG_WARN_ENUM_CONVERSION = YES;
				CLANG_WARN_INFINITE_RECURSION = YES;
				CLANG_WARN_INT_CONVERSION = YES;
				CLANG_WARN_NON_LITERAL_NULL_CONVERSION = YES;
				CLANG_WARN_OBJC_IMPLICIT_RETAIN_SELF = YES;
				CLANG_WARN_OBJC_LITERAL_CONVERSION = YES;
				CLANG_WARN_OBJC_ROOT_CLASS = YES_ERROR;
				CLANG_WARN_QUOTED_INCLUDE_IN_FRAMEWORK_HEADER = YES;
				CLANG_WARN_RANGE_LOOP_ANALYSIS = YES;
				CLANG_WARN_STRICT_PROTOTYPES = YES;
				CLANG_WARN_SUSPICIOUS_MOVE = YES;
				CLANG_WARN_UNGUARDED_AVAILABILITY = YES_AGGRESSIVE;
				CLANG_WARN_UNREACHABLE_CODE = YES;
				CLANG_WARN__DUPLICATE_METHOD_MATCH = YES;
				CODE_SIGN_IDENTITY = "-";
				COPY_PHASE_STRIP = NO;
				DEBUG_INFORMATION_FORMAT = dwarf;
				ENABLE_STRICT_OBJC_MSGSEND = YES;
				ENABLE_TESTABILITY = YES;
				GCC_C_LANGUAGE_STANDARD = gnu11;
				GCC_DYNAMIC_NO_PIC = NO;
				GCC_NO_COMMON_BLOCKS = YES;
				GCC_OPTIMIZATION_LEVEL = 0;
				GCC_PREPROCESSOR_DEFINITIONS = (
					"DEBUG=1",
					"$(inherited)",
				);
				GCC_WARN_64_TO_32_BIT_CONVERSION = YES;
				GCC_WARN_ABOUT_RETURN_TYPE = YES_ERROR;
				GCC_WARN_UNDECLARED_SELECTOR = YES;
				GCC_WARN_UNINITIALIZED_AUTOS = YES_AGGRESSIVE;
				GCC_WARN_UNUSED_FUNCTION = YES;
				GCC_WARN_UNUSED_VARIABLE = YES;
				MACOSX_DEPLOYMENT_TARGET = 10.15;
				MTL_ENABLE_DEBUG_INFO = INCLUDE_SOURCE;
				MTL_FAST_MATH = YES;
				ONLY_ACTIVE_ARCH = YES;
				SDKROOT = macosx;
			};
			name = Debug;
		};
		3C04301F2315ABB900758339 /* Release */ = {
			isa = XCBuildConfiguration;
			baseConfigurationReference = 3C48978A2400881B008EE9D1 /* Installation.xcconfig */;
			buildSettings = {
				ALWAYS_SEARCH_USER_PATHS = NO;
				CLANG_ANALYZER_NONNULL = YES;
				CLANG_ANALYZER_NUMBER_OBJECT_CONVERSION = YES_AGGRESSIVE;
				CLANG_CXX_LANGUAGE_STANDARD = "gnu++14";
				CLANG_CXX_LIBRARY = "libc++";
				CLANG_ENABLE_MODULES = YES;
				CLANG_ENABLE_OBJC_ARC = YES;
				CLANG_ENABLE_OBJC_WEAK = YES;
				CLANG_WARN_BLOCK_CAPTURE_AUTORELEASING = YES;
				CLANG_WARN_BOOL_CONVERSION = YES;
				CLANG_WARN_COMMA = YES;
				CLANG_WARN_CONSTANT_CONVERSION = YES;
				CLANG_WARN_DEPRECATED_OBJC_IMPLEMENTATIONS = YES;
				CLANG_WARN_DIRECT_OBJC_ISA_USAGE = YES_ERROR;
				CLANG_WARN_DOCUMENTATION_COMMENTS = YES;
				CLANG_WARN_EMPTY_BODY = YES;
				CLANG_WARN_ENUM_CONVERSION = YES;
				CLANG_WARN_INFINITE_RECURSION = YES;
				CLANG_WARN_INT_CONVERSION = YES;
				CLANG_WARN_NON_LITERAL_NULL_CONVERSION = YES;
				CLANG_WARN_OBJC_IMPLICIT_RETAIN_SELF = YES;
				CLANG_WARN_OBJC_LITERAL_CONVERSION = YES;
				CLANG_WARN_OBJC_ROOT_CLASS = YES_ERROR;
				CLANG_WARN_QUOTED_INCLUDE_IN_FRAMEWORK_HEADER = YES;
				CLANG_WARN_RANGE_LOOP_ANALYSIS = YES;
				CLANG_WARN_STRICT_PROTOTYPES = YES;
				CLANG_WARN_SUSPICIOUS_MOVE = YES;
				CLANG_WARN_UNGUARDED_AVAILABILITY = YES_AGGRESSIVE;
				CLANG_WARN_UNREACHABLE_CODE = YES;
				CLANG_WARN__DUPLICATE_METHOD_MATCH = YES;
				CODE_SIGN_IDENTITY = "-";
				COPY_PHASE_STRIP = NO;
				DEBUG_INFORMATION_FORMAT = "dwarf-with-dsym";
				ENABLE_NS_ASSERTIONS = NO;
				ENABLE_STRICT_OBJC_MSGSEND = YES;
				GCC_C_LANGUAGE_STANDARD = gnu11;
				GCC_NO_COMMON_BLOCKS = YES;
				GCC_WARN_64_TO_32_BIT_CONVERSION = YES;
				GCC_WARN_ABOUT_RETURN_TYPE = YES_ERROR;
				GCC_WARN_UNDECLARED_SELECTOR = YES;
				GCC_WARN_UNINITIALIZED_AUTOS = YES_AGGRESSIVE;
				GCC_WARN_UNUSED_FUNCTION = YES;
				GCC_WARN_UNUSED_VARIABLE = YES;
				MACOSX_DEPLOYMENT_TARGET = 10.15;
				MTL_ENABLE_DEBUG_INFO = NO;
				MTL_FAST_MATH = YES;
				SDKROOT = macosx;
				SWIFT_COMPILATION_MODE = wholemodule;
			};
			name = Release;
		};
		3C0430212315ABB900758339 /* Debug */ = {
			isa = XCBuildConfiguration;
			buildSettings = {
				CLANG_ENABLE_MODULES = YES;
				CODE_SIGN_ENTITLEMENTS = BushelLanguageService/BushelLanguageService.entitlements;
				CODE_SIGN_IDENTITY = "-";
				CODE_SIGN_STYLE = Automatic;
				COMBINE_HIDPI_IMAGES = YES;
				CURRENT_PROJECT_VERSION = 3;
				ENABLE_HARDENED_RUNTIME = YES;
				INFOPLIST_FILE = BushelLanguageService/Info.plist;
				LD_RUNPATH_SEARCH_PATHS = (
					"$(inherited)",
					"@executable_path/../Frameworks",
					"@loader_path/../Frameworks",
				);
				MARKETING_VERSION = 0.3.0;
				PRODUCT_BUNDLE_IDENTIFIER = com.justcheesy.BushelLanguageService;
				PRODUCT_NAME = "$(TARGET_NAME)";
				SKIP_INSTALL = YES;
				SWIFT_OBJC_BRIDGING_HEADER = "BushelLanguageService/BushelLanguageService-Bridging-Header.h";
				SWIFT_OPTIMIZATION_LEVEL = "-Onone";
				SWIFT_VERSION = 5.0;
			};
			name = Debug;
		};
		3C0430222315ABB900758339 /* Release */ = {
			isa = XCBuildConfiguration;
			buildSettings = {
				CLANG_ENABLE_MODULES = YES;
				CODE_SIGN_ENTITLEMENTS = BushelLanguageService/BushelLanguageService.entitlements;
				CODE_SIGN_IDENTITY = "-";
				CODE_SIGN_STYLE = Automatic;
				COMBINE_HIDPI_IMAGES = YES;
				CURRENT_PROJECT_VERSION = 3;
				ENABLE_HARDENED_RUNTIME = YES;
				INFOPLIST_FILE = BushelLanguageService/Info.plist;
				LD_RUNPATH_SEARCH_PATHS = (
					"$(inherited)",
					"@executable_path/../Frameworks",
					"@loader_path/../Frameworks",
				);
				MARKETING_VERSION = 0.3.0;
				PRODUCT_BUNDLE_IDENTIFIER = com.justcheesy.BushelLanguageService;
				PRODUCT_NAME = "$(TARGET_NAME)";
				SKIP_INSTALL = YES;
				SWIFT_OBJC_BRIDGING_HEADER = "BushelLanguageService/BushelLanguageService-Bridging-Header.h";
				SWIFT_VERSION = 5.0;
			};
			name = Release;
		};
		3C0430602315C12200758339 /* Debug */ = {
			isa = XCBuildConfiguration;
			buildSettings = {
				CODE_SIGN_IDENTITY = "";
				CODE_SIGN_STYLE = Automatic;
				COMBINE_HIDPI_IMAGES = YES;
				CURRENT_PROJECT_VERSION = 3;
				DEFINES_MODULE = YES;
				DYLIB_COMPATIBILITY_VERSION = 1;
				DYLIB_CURRENT_VERSION = 1;
				FRAMEWORK_VERSION = A;
				INFOPLIST_FILE = BushelLanguageServiceConnectionCreation/Info.plist;
				INSTALL_PATH = "$(BUSHELSCRIPT_CORE_DIR)";
				LD_RUNPATH_SEARCH_PATHS = (
					"$(inherited)",
					"@executable_path/../Frameworks",
					"@loader_path/Frameworks",
				);
				MARKETING_VERSION = 0.3.0;
				PRODUCT_BUNDLE_IDENTIFIER = com.justcheesy.BushelLanguageServiceConnectionCreation;
				PRODUCT_NAME = "$(TARGET_NAME:c99extidentifier)";
				SKIP_INSTALL = YES;
				VERSIONING_SYSTEM = "apple-generic";
				VERSION_INFO_PREFIX = "";
			};
			name = Debug;
		};
		3C0430612315C12200758339 /* Release */ = {
			isa = XCBuildConfiguration;
			buildSettings = {
				CODE_SIGN_IDENTITY = "";
				CODE_SIGN_STYLE = Automatic;
				COMBINE_HIDPI_IMAGES = YES;
				CURRENT_PROJECT_VERSION = 3;
				DEFINES_MODULE = YES;
				DEPLOYMENT_LOCATION = YES;
				DYLIB_COMPATIBILITY_VERSION = 1;
				DYLIB_CURRENT_VERSION = 1;
				FRAMEWORK_VERSION = A;
				INFOPLIST_FILE = BushelLanguageServiceConnectionCreation/Info.plist;
				INSTALL_PATH = "$(BUSHELSCRIPT_CORE_DIR)";
				LD_RUNPATH_SEARCH_PATHS = (
					"$(inherited)",
					"@executable_path/../Frameworks",
					"@loader_path/Frameworks",
				);
				MARKETING_VERSION = 0.3.0;
				PRODUCT_BUNDLE_IDENTIFIER = com.justcheesy.BushelLanguageServiceConnectionCreation;
				PRODUCT_NAME = "$(TARGET_NAME:c99extidentifier)";
				SKIP_INSTALL = NO;
				VERSIONING_SYSTEM = "apple-generic";
				VERSION_INFO_PREFIX = "";
			};
			name = Release;
		};
		3C4897A12400B941008EE9D1 /* Profiling */ = {
			isa = XCBuildConfiguration;
			baseConfigurationReference = 3C4897892400881B008EE9D1 /* Installation-Debug.xcconfig */;
			buildSettings = {
				ALWAYS_SEARCH_USER_PATHS = NO;
				CLANG_ANALYZER_NONNULL = YES;
				CLANG_ANALYZER_NUMBER_OBJECT_CONVERSION = YES_AGGRESSIVE;
				CLANG_CXX_LANGUAGE_STANDARD = "gnu++14";
				CLANG_CXX_LIBRARY = "libc++";
				CLANG_ENABLE_MODULES = YES;
				CLANG_ENABLE_OBJC_ARC = YES;
				CLANG_ENABLE_OBJC_WEAK = YES;
				CLANG_WARN_BLOCK_CAPTURE_AUTORELEASING = YES;
				CLANG_WARN_BOOL_CONVERSION = YES;
				CLANG_WARN_COMMA = YES;
				CLANG_WARN_CONSTANT_CONVERSION = YES;
				CLANG_WARN_DEPRECATED_OBJC_IMPLEMENTATIONS = YES;
				CLANG_WARN_DIRECT_OBJC_ISA_USAGE = YES_ERROR;
				CLANG_WARN_DOCUMENTATION_COMMENTS = YES;
				CLANG_WARN_EMPTY_BODY = YES;
				CLANG_WARN_ENUM_CONVERSION = YES;
				CLANG_WARN_INFINITE_RECURSION = YES;
				CLANG_WARN_INT_CONVERSION = YES;
				CLANG_WARN_NON_LITERAL_NULL_CONVERSION = YES;
				CLANG_WARN_OBJC_IMPLICIT_RETAIN_SELF = YES;
				CLANG_WARN_OBJC_LITERAL_CONVERSION = YES;
				CLANG_WARN_OBJC_ROOT_CLASS = YES_ERROR;
				CLANG_WARN_QUOTED_INCLUDE_IN_FRAMEWORK_HEADER = YES;
				CLANG_WARN_RANGE_LOOP_ANALYSIS = YES;
				CLANG_WARN_STRICT_PROTOTYPES = YES;
				CLANG_WARN_SUSPICIOUS_MOVE = YES;
				CLANG_WARN_UNGUARDED_AVAILABILITY = YES_AGGRESSIVE;
				CLANG_WARN_UNREACHABLE_CODE = YES;
				CLANG_WARN__DUPLICATE_METHOD_MATCH = YES;
				CODE_SIGN_IDENTITY = "-";
				COPY_PHASE_STRIP = NO;
				DEBUG_INFORMATION_FORMAT = "dwarf-with-dsym";
				ENABLE_NS_ASSERTIONS = NO;
				ENABLE_STRICT_OBJC_MSGSEND = YES;
				GCC_C_LANGUAGE_STANDARD = gnu11;
				GCC_NO_COMMON_BLOCKS = YES;
				GCC_WARN_64_TO_32_BIT_CONVERSION = YES;
				GCC_WARN_ABOUT_RETURN_TYPE = YES_ERROR;
				GCC_WARN_UNDECLARED_SELECTOR = YES;
				GCC_WARN_UNINITIALIZED_AUTOS = YES_AGGRESSIVE;
				GCC_WARN_UNUSED_FUNCTION = YES;
				GCC_WARN_UNUSED_VARIABLE = YES;
				MACOSX_DEPLOYMENT_TARGET = 10.15;
				MTL_ENABLE_DEBUG_INFO = NO;
				MTL_FAST_MATH = YES;
				SDKROOT = macosx;
				SWIFT_COMPILATION_MODE = wholemodule;
			};
			name = Profiling;
		};
		3C4897A22400B941008EE9D1 /* Profiling */ = {
			isa = XCBuildConfiguration;
			buildSettings = {
				CLANG_ENABLE_MODULES = YES;
				CODE_SIGN_ENTITLEMENTS = BushelLanguageService/BushelLanguageService.entitlements;
				CODE_SIGN_IDENTITY = "-";
				CODE_SIGN_STYLE = Automatic;
				COMBINE_HIDPI_IMAGES = YES;
				CURRENT_PROJECT_VERSION = 3;
				ENABLE_HARDENED_RUNTIME = YES;
				INFOPLIST_FILE = BushelLanguageService/Info.plist;
				LD_RUNPATH_SEARCH_PATHS = (
					"$(inherited)",
					"@executable_path/../Frameworks",
					"@loader_path/../Frameworks",
				);
				MARKETING_VERSION = 0.3.0;
				PRODUCT_BUNDLE_IDENTIFIER = com.justcheesy.BushelLanguageService;
				PRODUCT_NAME = "$(TARGET_NAME)";
				SKIP_INSTALL = YES;
				SWIFT_OBJC_BRIDGING_HEADER = "BushelLanguageService/BushelLanguageService-Bridging-Header.h";
				SWIFT_VERSION = 5.0;
			};
			name = Profiling;
		};
		3C4897A32400B941008EE9D1 /* Profiling */ = {
			isa = XCBuildConfiguration;
			buildSettings = {
				CODE_SIGN_IDENTITY = "";
				CODE_SIGN_STYLE = Automatic;
				COMBINE_HIDPI_IMAGES = YES;
				CURRENT_PROJECT_VERSION = 3;
				DEFINES_MODULE = YES;
				DEPLOYMENT_LOCATION = YES;
				DYLIB_COMPATIBILITY_VERSION = 1;
				DYLIB_CURRENT_VERSION = 1;
				FRAMEWORK_VERSION = A;
				INFOPLIST_FILE = BushelLanguageServiceConnectionCreation/Info.plist;
				INSTALL_PATH = "$(BUSHELSCRIPT_CORE_DIR)";
				LD_RUNPATH_SEARCH_PATHS = (
					"$(inherited)",
					"@executable_path/../Frameworks",
					"@loader_path/Frameworks",
				);
				MARKETING_VERSION = 0.3.0;
				PRODUCT_BUNDLE_IDENTIFIER = com.justcheesy.BushelLanguageServiceConnectionCreation;
				PRODUCT_NAME = "$(TARGET_NAME:c99extidentifier)";
				SKIP_INSTALL = NO;
				VERSIONING_SYSTEM = "apple-generic";
				VERSION_INFO_PREFIX = "";
			};
			name = Profiling;
		};
/* End XCBuildConfiguration section */

/* Begin XCConfigurationList section */
		3C04300F2315ABB900758339 /* Build configuration list for PBXProject "BushelLanguageService" */ = {
			isa = XCConfigurationList;
			buildConfigurations = (
				3C04301E2315ABB900758339 /* Debug */,
				3C04301F2315ABB900758339 /* Release */,
				3C4897A12400B941008EE9D1 /* Profiling */,
			);
			defaultConfigurationIsVisible = 0;
			defaultConfigurationName = Release;
		};
		3C0430202315ABB900758339 /* Build configuration list for PBXNativeTarget "BushelLanguageService" */ = {
			isa = XCConfigurationList;
			buildConfigurations = (
				3C0430212315ABB900758339 /* Debug */,
				3C0430222315ABB900758339 /* Release */,
				3C4897A22400B941008EE9D1 /* Profiling */,
			);
			defaultConfigurationIsVisible = 0;
			defaultConfigurationName = Release;
		};
		3C04305F2315C12200758339 /* Build configuration list for PBXNativeTarget "BushelLanguageServiceConnectionCreation" */ = {
			isa = XCConfigurationList;
			buildConfigurations = (
				3C0430602315C12200758339 /* Debug */,
				3C0430612315C12200758339 /* Release */,
				3C4897A32400B941008EE9D1 /* Profiling */,
			);
			defaultConfigurationIsVisible = 0;
			defaultConfigurationName = Release;
		};
/* End XCConfigurationList section */
	};
	rootObject = 3C04300C2315ABB900758339 /* Project object */;
}
