{
  "object": {
    "pins": [
      {
        "package": "Chalk",
        "repositoryURL": "https://github.com/mxcl/Chalk.git",
        "state": {
          "branch": null,
          "revision": "9aa9f348b86db3cf6702a3e43c081ecec80cf3c7",
          "version": "0.4.0"
        }
      },
      {
        "package": "Defaults",
        "repositoryURL": "https://github.com/sindresorhus/Defaults.git",
        "state": {
          "branch": null,
          "revision": "55ffea9487fb9b559406d909ee31dcd955fe77aa",
          "version": "3.1.1"
        }
      },
      {
        "package": "FileCheck",
        "repositoryURL": "https://github.com/llvm-swift/FileCheck.git",
        "state": {
          "branch": null,
          "revision": "9ed91cc30a1a325d989fac117f3f3065a16b9f76",
          "version": "0.2.3"
        }
      },
      {
        "package": "InAnyCase",
        "repositoryURL": "https://github.com/ThatsJustCheesy/InAnyCase.git",
        "state": {
          "branch": "master",
          "revision": "c9f2151e6cfee4c1487dceb127702a5c83c6217a",
          "version": null
        }
      },
      {
        "package": "KVODelegate",
        "repositoryURL": "https://github.com/ThatsJustCheesy/KVODelegate.git",
        "state": {
          "branch": null,
          "revision": "f20b64d03463cbd35bcacea1d80848b19d15ea6a",
          "version": "2.1.4"
        }
      },
      {
        "package": "LLVM",
        "repositoryURL": "https://github.com/llvm-swift/LLVMSwift.git",
        "state": {
          "branch": null,
          "revision": "b876a1b13d7679a8d81fcd4288e5ab1ff631a011",
          "version": "0.6.0"
        }
      },
      {
        "package": "Regex",
        "repositoryURL": "https://github.com/sharplet/Regex.git",
        "state": {
          "branch": null,
          "revision": "a819aed0e9555268c29a62500fe6fb781ae7f57d",
          "version": "2.1.0"
        }
      },
      {
        "package": "SDEFinitely",
        "repositoryURL": "https://github.com/ThatsJustCheesy/SDEFinitely.git",
        "state": {
          "branch": "master",
          "revision": "08b517e76fbb78b4e417b80739c62bc91ff6262d",
          "version": null
        }
      },
      {
        "package": "swift-tools-support-core",
        "repositoryURL": "https://github.com/apple/swift-tools-support-core.git",
        "state": {
          "branch": null,
          "revision": "693aba4c4c9dcc4767cc853a0dd38bf90ad8c258",
          "version": "0.0.1"
        }
      }
    ]
  },
  "version": 1
}
