{
  "object": {
    "pins": [
      {
        "package": "AEthereal",
        "repositoryURL": "https://github.com/BushelScript/AEthereal.git",
        "state": {
          "branch": "main",
          "revision": "3720b7b35600e10c4a13230c134a5792253d487e",
          "version": null
        }
      },
      {
        "package": "Defaults",
        "repositoryURL": "https://github.com/sindresorhus/Defaults.git",
        "state": {
          "branch": null,
          "revision": "55ffea9487fb9b559406d909ee31dcd955fe77aa",
          "version": "3.1.1"
        }
      },
      {
        "package": "InAnyCase",
        "repositoryURL": "https://github.com/ThatsJustCheesy/InAnyCase.git",
        "state": {
          "branch": null,
          "revision": "c9f2151e6cfee4c1487dceb127702a5c83c6217a",
          "version": "1.0.1"
        }
      },
      {
        "package": "LineNoise",
        "repositoryURL": "https://github.com/andybest/linenoise-swift",
        "state": {
          "branch": null,
          "revision": "afc897c02b030af7333105c4fedcd843a8339238",
          "version": "0.0.3"
        }
      },
      {
        "package": "Nimble",
        "repositoryURL": "https://github.com/Quick/Nimble.git",
        "state": {
          "branch": null,
          "revision": "e9d769113660769a4d9dd3afb855562c0b7ae7b0",
          "version": "7.3.4"
        }
      },
      {
        "package": "Regex",
        "repositoryURL": "https://github.com/sharplet/Regex.git",
        "state": {
          "branch": null,
          "revision": "76c2b73d4281d77fc3118391877efd1bf972f515",
          "version": "2.1.1"
        }
      },
      {
        "package": "SDEFinitely",
        "repositoryURL": "https://github.com/ThatsJustCheesy/SDEFinitely.git",
        "state": {
          "branch": null,
          "revision": "824fdabbc2b23c2da0b50eb2edb158d0a8ebd643",
          "version": "1.2.0"
        }
      },
      {
        "package": "swift-argument-parser",
        "repositoryURL": "https://github.com/apple/swift-argument-parser",
        "state": {
          "branch": null,
          "revision": "986d191f94cec88f6350056da59c2e59e83d1229",
          "version": "0.4.3"
        }
      },
      {
        "package": "Yams",
        "repositoryURL": "https://github.com/jpsim/Yams.git",
        "state": {
          "branch": null,
          "revision": "9ff1cc9327586db4e0c8f46f064b6a82ec1566fa",
          "version": "4.0.6"
        }
      }
    ]
  },
  "version": 1
}
