{
  "object": {
    "pins": [
      {
        "package": "Defaults",
        "repositoryURL": "https://github.com/sindresorhus/Defaults.git",
        "state": {
          "branch": null,
          "revision": "55ffea9487fb9b559406d909ee31dcd955fe77aa",
          "version": "3.1.1"
        }
      },
      {
        "package": "InAnyCase",
        "repositoryURL": "https://github.com/ThatsJustCheesy/InAnyCase.git",
        "state": {
          "branch": "master",
          "revision": "c9f2151e6cfee4c1487dceb127702a5c83c6217a",
          "version": null
        }
      },
      {
        "package": "KVODelegate",
        "repositoryURL": "https://github.com/ThatsJustCheesy/KVODelegate.git",
        "state": {
          "branch": null,
          "revision": "f20b64d03463cbd35bcacea1d80848b19d15ea6a",
          "version": "2.1.4"
        }
      },
      {
        "package": "LLVM",
        "repositoryURL": "https://github.com/ThatsJustCheesy/LLVMSwift.git",
        "state": {
          "branch": "llvm-9",
          "revision": "6e8fdd0a31ce88f0bc82e5b755a3f22d5f2928e7",
          "version": null
        }
      },
      {
        "package": "Regex",
        "repositoryURL": "https://github.com/sharplet/Regex.git",
        "state": {
          "branch": null,
          "revision": "76c2b73d4281d77fc3118391877efd1bf972f515",
          "version": "2.1.1"
        }
      },
      {
        "package": "SDEFinitely",
        "repositoryURL": "https://github.com/ThatsJustCheesy/SDEFinitely.git",
        "state": {
          "branch": "master",
          "revision": "f4a405992900fd7e543e7016d3a6dbd4c1b0fd7f",
          "version": null
        }
      },
      {
        "package": "Yams",
        "repositoryURL": "https://github.com/jpsim/Yams.git",
        "state": {
          "branch": null,
          "revision": "c947a306d2e80ecb2c0859047b35c73b8e1ca27f",
          "version": "2.0.0"
        }
      }
    ]
  },
  "version": 1
}
